{
  "version": 4,
  "terraform_version": "1.6.6",
  "serial": 6,
  "lineage": "bdaacb0a-c2d1-f327-bf17-2ebb4b806eda",
  "outputs": {
    "autoscaling_group_arn": {
      "value": "arn:aws:autoscaling:ap-northeast-1:402389176595:autoScalingGroup:689a1dbb-0cfa-47d5-bd24-690d2b7fd397:autoScalingGroupName/uat-extramile-asg-20240416094356821500000006",
      "type": "string"
    },
    "autoscaling_group_availability_zones": {
      "value": [
        "ap-northeast-1a",
        "ap-northeast-1c"
      ],
      "type": [
        "set",
        "string"
      ]
    },
    "autoscaling_group_default_cooldown": {
      "value": 300,
      "type": "number"
    },
    "autoscaling_group_desired_capacity": {
      "value": 1,
      "type": "number"
    },
    "autoscaling_group_health_check_grace_period": {
      "value": 300,
      "type": "number"
    },
    "autoscaling_group_health_check_type": {
      "value": "EC2",
      "type": "string"
    },
    "autoscaling_group_id": {
      "value": "uat-extramile-asg-20240416094356821500000006",
      "type": "string"
    },
    "autoscaling_group_load_balancers": {
      "value": [],
      "type": [
        "set",
        "string"
      ]
    },
    "autoscaling_group_max_size": {
      "value": 3,
      "type": "number"
    },
    "autoscaling_group_min_size": {
      "value": 1,
      "type": "number"
    },
    "autoscaling_group_name": {
      "value": "uat-extramile-asg-20240416094356821500000006",
      "type": "string"
    },
    "autoscaling_group_target_group_arns": {
      "value": [],
      "type": [
        "set",
        "string"
      ]
    },
    "autoscaling_group_vpc_zone_identifier": {
      "value": [
        "subnet-0b1127acc314f1d1a",
        "subnet-0dbbbdcbc6dbc2a31"
      ],
      "type": [
        "set",
        "string"
      ]
    },
    "autoscaling_policy_arns": {
      "value": {},
      "type": [
        "object",
        {}
      ]
    },
    "autoscaling_schedule_arns": {
      "value": {},
      "type": [
        "object",
        {}
      ]
    },
    "iam_instance_profile_arn": {
      "value": "arn:aws:iam::402389176595:instance-profile/ec2/uat-extramile-asg-role-20240416094354250100000002",
      "type": "string"
    },
    "iam_instance_profile_id": {
      "value": "uat-extramile-asg-role-20240416094354250100000002",
      "type": "string"
    },
    "iam_instance_profile_unique": {
      "value": "AIPAV3MCDSEJ2WVQPIQMD",
      "type": "string"
    },
    "iam_role_arn": {
      "value": "arn:aws:iam::402389176595:role/ec2/uat-extramile-asg-role-20240416094352333200000001",
      "type": "string"
    },
    "iam_role_name": {
      "value": "uat-extramile-asg-role-20240416094352333200000001",
      "type": "string"
    },
    "iam_role_unique_id": {
      "value": "AROAV3MCDSEJQZ5MYY2O4",
      "type": "string"
    },
    "launch_template_arn": {
      "value": "arn:aws:ec2:ap-northeast-1:402389176595:launch-template/lt-0228b48464830bd9f",
      "type": "string"
    },
    "launch_template_default_version": {
      "value": 1,
      "type": "number"
    },
    "launch_template_id": {
      "value": "lt-0228b48464830bd9f",
      "type": "string"
    },
    "launch_template_latest_version": {
      "value": 1,
      "type": "number"
    },
    "launch_template_name": {
      "value": "uat-extramile-lt-20240416094356110700000004",
      "type": "string"
    }
  },
  "resources": [
    {
      "mode": "data",
      "type": "aws_iam_policy_document",
      "name": "assume_role_policy",
      "provider": "provider[\"registry.terraform.io/hashicorp/aws\"]",
      "instances": [
        {
          "index_key": 0,
          "schema_version": 0,
          "attributes": {
            "id": "1256122602",
            "json": "{\n  \"Version\": \"2012-10-17\",\n  \"Statement\": [\n    {\n      \"Sid\": \"EC2AssumeRole\",\n      \"Effect\": \"Allow\",\n      \"Action\": \"sts:AssumeRole\",\n      \"Principal\": {\n        \"Service\": \"ec2.amazonaws.com\"\n      }\n    }\n  ]\n}",
            "override_json": null,
            "override_policy_documents": null,
            "policy_id": null,
            "source_json": null,
            "source_policy_documents": null,
            "statement": [
              {
                "actions": [
                  "sts:AssumeRole"
                ],
                "condition": [],
                "effect": "Allow",
                "not_actions": [],
                "not_principals": [],
                "not_resources": [],
                "principals": [
                  {
                    "identifiers": [
                      "ec2.amazonaws.com"
                    ],
                    "type": "Service"
                  }
                ],
                "resources": [],
                "sid": "EC2AssumeRole"
              }
            ],
            "version": "2012-10-17"
          },
          "sensitive_attributes": []
        }
      ]
    },
    {
      "mode": "data",
      "type": "aws_partition",
      "name": "current",
      "provider": "provider[\"registry.terraform.io/hashicorp/aws\"]",
      "instances": [
        {
          "schema_version": 0,
          "attributes": {
            "dns_suffix": "amazonaws.com",
            "id": "aws",
            "partition": "aws",
            "reverse_dns_prefix": "com.amazonaws"
          },
          "sensitive_attributes": []
        }
      ]
    },
    {
      "mode": "managed",
      "type": "aws_autoscaling_group",
      "name": "this",
      "provider": "provider[\"registry.terraform.io/hashicorp/aws\"]",
      "instances": [
        {
          "index_key": 0,
          "schema_version": 1,
          "attributes": {
            "arn": "arn:aws:autoscaling:ap-northeast-1:402389176595:autoScalingGroup:689a1dbb-0cfa-47d5-bd24-690d2b7fd397:autoScalingGroupName/uat-extramile-asg-20240416094356821500000006",
            "availability_zones": [
              "ap-northeast-1a",
              "ap-northeast-1c"
            ],
            "capacity_rebalance": false,
            "context": "",
            "default_cooldown": 300,
            "default_instance_warmup": 0,
            "desired_capacity": 1,
            "desired_capacity_type": "",
            "enabled_metrics": null,
            "force_delete": false,
            "force_delete_warm_pool": false,
            "health_check_grace_period": 300,
            "health_check_type": "EC2",
            "id": "uat-extramile-asg-20240416094356821500000006",
            "ignore_failed_scaling_activities": false,
            "initial_lifecycle_hook": [
              {
                "default_result": "CONTINUE",
                "heartbeat_timeout": 180,
                "lifecycle_transition": "autoscaling:EC2_INSTANCE_TERMINATING",
                "name": "ExampleTerminationLifeCycleHook",
                "notification_metadata": "{\"goodbye\":\"world\"}",
                "notification_target_arn": "",
                "role_arn": ""
              },
              {
                "default_result": "CONTINUE",
                "heartbeat_timeout": 60,
                "lifecycle_transition": "autoscaling:EC2_INSTANCE_LAUNCHING",
                "name": "ExampleStartupLifeCycleHook",
                "notification_metadata": "{\"hello\":\"world\"}",
                "notification_target_arn": "",
                "role_arn": ""
              }
            ],
            "instance_maintenance_policy": [],
            "instance_refresh": [
              {
                "preferences": [
                  {
                    "auto_rollback": false,
                    "checkpoint_delay": "600",
                    "checkpoint_percentages": [
                      35,
                      70,
                      100
                    ],
                    "instance_warmup": "300",
                    "max_healthy_percentage": 100,
                    "min_healthy_percentage": 50,
                    "scale_in_protected_instances": "Ignore",
                    "skip_matching": false,
                    "standby_instances": "Ignore"
                  }
                ],
                "strategy": "Rolling",
                "triggers": [
                  "tag"
                ]
              }
            ],
            "launch_configuration": "",
            "launch_template": [
              {
                "id": "lt-0228b48464830bd9f",
                "name": "uat-extramile-lt-20240416094356110700000004",
                "version": "1"
              }
            ],
            "load_balancers": [],
            "max_instance_lifetime": 0,
            "max_size": 3,
            "metrics_granularity": "1Minute",
            "min_elb_capacity": null,
            "min_size": 1,
            "mixed_instances_policy": [],
            "name": "uat-extramile-asg-20240416094356821500000006",
            "name_prefix": "uat-extramile-asg-",
            "placement_group": "",
            "predicted_capacity": 0,
            "protect_from_scale_in": false,
            "service_linked_role_arn": "arn:aws:iam::402389176595:role/aws-service-role/autoscaling.amazonaws.com/AWSServiceRoleForAutoScaling",
            "suspended_processes": null,
            "tag": [
              {
                "key": "Environment",
                "propagate_at_launch": true,
                "value": "uat"
              },
              {
                "key": "Name",
                "propagate_at_launch": true,
                "value": "uat-extramile-asg"
              },
              {
                "key": "Project",
                "propagate_at_launch": true,
                "value": "extramile"
              }
            ],
            "target_group_arns": [],
            "termination_policies": [],
            "timeouts": {
              "delete": null,
              "update": null
            },
            "traffic_source": [],
            "vpc_zone_identifier": [
              "subnet-0b1127acc314f1d1a",
              "subnet-0dbbbdcbc6dbc2a31"
            ],
            "wait_for_capacity_timeout": "0",
            "wait_for_elb_capacity": null,
            "warm_pool": [],
            "warm_pool_size": 0
          },
          "sensitive_attributes": [],
          "private": "eyJlMmJmYjczMC1lY2FhLTExZTYtOGY4OC0zNDM2M2JjN2M0YzAiOnsiZGVsZXRlIjo2MDAwMDAwMDAwMDAsInVwZGF0ZSI6NjAwMDAwMDAwMDAwfSwic2NoZW1hX3ZlcnNpb24iOiIxIn0=",
          "dependencies": [
            "aws_iam_instance_profile.this",
            "aws_iam_role.this",
            "aws_launch_template.this",
            "data.aws_iam_policy_document.assume_role_policy",
            "data.aws_partition.current"
          ],
          "create_before_destroy": true
        }
      ]
    },
    {
      "mode": "managed",
      "type": "aws_iam_instance_profile",
      "name": "this",
      "provider": "provider[\"registry.terraform.io/hashicorp/aws\"]",
      "instances": [
        {
          "index_key": 0,
          "schema_version": 0,
          "attributes": {
            "arn": "arn:aws:iam::402389176595:instance-profile/ec2/uat-extramile-asg-role-20240416094354250100000002",
            "create_date": "2024-04-16T09:43:54Z",
            "id": "uat-extramile-asg-role-20240416094354250100000002",
            "name": "uat-extramile-asg-role-20240416094354250100000002",
            "name_prefix": "uat-extramile-asg-role-",
            "path": "/ec2/",
            "role": "uat-extramile-asg-role-20240416094352333200000001",
            "tags": {
              "CustomIamRole": "Yes",
              "Environment": "uat",
              "Name": "uat-extramile-asg",
              "Project": "extramile"
            },
            "tags_all": {
              "CustomIamRole": "Yes",
              "Environment": "uat",
              "Name": "uat-extramile-asg",
              "Project": "extramile"
            },
            "unique_id": "AIPAV3MCDSEJ2WVQPIQMD"
          },
          "sensitive_attributes": [],
          "private": "bnVsbA==",
          "dependencies": [
            "aws_iam_role.this",
            "data.aws_iam_policy_document.assume_role_policy",
            "data.aws_partition.current"
          ],
          "create_before_destroy": true
        }
      ]
    },
    {
      "mode": "managed",
      "type": "aws_iam_role",
      "name": "this",
      "provider": "provider[\"registry.terraform.io/hashicorp/aws\"]",
      "instances": [
        {
          "index_key": 0,
          "schema_version": 0,
          "attributes": {
            "arn": "arn:aws:iam::402389176595:role/ec2/uat-extramile-asg-role-20240416094352333200000001",
            "assume_role_policy": "{\"Statement\":[{\"Action\":\"sts:AssumeRole\",\"Effect\":\"Allow\",\"Principal\":{\"Service\":\"ec2.amazonaws.com\"},\"Sid\":\"EC2AssumeRole\"}],\"Version\":\"2012-10-17\"}",
            "create_date": "2024-04-16T09:43:53Z",
            "description": "IAM role of extramile-ASG",
            "force_detach_policies": true,
            "id": "uat-extramile-asg-role-20240416094352333200000001",
            "inline_policy": [],
            "managed_policy_arns": [],
            "max_session_duration": 3600,
            "name": "uat-extramile-asg-role-20240416094352333200000001",
            "name_prefix": "uat-extramile-asg-role-",
            "path": "/ec2/",
            "permissions_boundary": "",
            "tags": {
              "CustomIamRole": "Yes",
              "Environment": "uat",
              "Name": "uat-extramile-asg",
              "Project": "extramile"
            },
            "tags_all": {
              "CustomIamRole": "Yes",
              "Environment": "uat",
              "Name": "uat-extramile-asg",
              "Project": "extramile"
            },
            "unique_id": "AROAV3MCDSEJQZ5MYY2O4"
          },
          "sensitive_attributes": [],
          "private": "bnVsbA==",
          "dependencies": [
            "data.aws_iam_policy_document.assume_role_policy",
            "data.aws_partition.current"
          ],
          "create_before_destroy": true
        }
      ]
    },
    {
      "mode": "managed",
      "type": "aws_iam_role_policy_attachment",
      "name": "this",
      "provider": "provider[\"registry.terraform.io/hashicorp/aws\"]",
      "instances": [
        {
          "index_key": "AmazonSSMManagedInstanceCore",
          "schema_version": 0,
          "attributes": {
            "id": "uat-extramile-asg-role-20240416094352333200000001-20240416094354562600000003",
            "policy_arn": "arn:aws:iam::aws:policy/AmazonSSMManagedInstanceCore",
            "role": "uat-extramile-asg-role-20240416094352333200000001"
          },
          "sensitive_attributes": [],
          "private": "bnVsbA==",
          "dependencies": [
            "aws_iam_role.this",
            "data.aws_iam_policy_document.assume_role_policy",
            "data.aws_partition.current"
          ]
        }
      ]
    },
    {
      "mode": "managed",
      "type": "aws_launch_template",
      "name": "this",
      "provider": "provider[\"registry.terraform.io/hashicorp/aws\"]",
      "instances": [
        {
          "index_key": 0,
          "schema_version": 0,
          "attributes": {
            "arn": "arn:aws:ec2:ap-northeast-1:402389176595:launch-template/lt-0228b48464830bd9f",
            "block_device_mappings": [
              {
                "device_name": "/dev/xvda",
                "ebs": [
                  {
                    "delete_on_termination": "true",
                    "encrypted": "true",
                    "iops": 0,
                    "kms_key_id": "",
                    "snapshot_id": "",
                    "throughput": 0,
                    "volume_size": 20,
                    "volume_type": "gp2"
                  }
                ],
                "no_device": "0",
                "virtual_name": ""
              },
              {
                "device_name": "/dev/sda1",
                "ebs": [
                  {
                    "delete_on_termination": "true",
                    "encrypted": "true",
                    "iops": 0,
                    "kms_key_id": "",
                    "snapshot_id": "",
                    "throughput": 0,
                    "volume_size": 30,
                    "volume_type": "gp2"
                  }
                ],
                "no_device": "1",
                "virtual_name": ""
              }
            ],
            "capacity_reservation_specification": [
              {
                "capacity_reservation_preference": "open",
                "capacity_reservation_target": []
              }
            ],
            "cpu_options": [
              {
                "amd_sev_snp": "",
                "core_count": 1,
                "threads_per_core": 1
              }
            ],
            "credit_specification": [],
            "default_version": 1,
            "description": "extramile launch template",
            "disable_api_stop": false,
            "disable_api_termination": false,
            "ebs_optimized": "true",
            "elastic_gpu_specifications": [],
            "elastic_inference_accelerator": [],
            "enclave_options": [],
            "hibernation_options": [],
            "iam_instance_profile": [
              {
                "arn": "arn:aws:iam::402389176595:instance-profile/ec2/uat-extramile-asg-role-20240416094354250100000002",
                "name": ""
              }
            ],
            "id": "lt-0228b48464830bd9f",
            "image_id": "ami-07c589821f2b353aa",
            "instance_initiated_shutdown_behavior": "",
            "instance_market_options": [],
            "instance_requirements": [],
            "instance_type": "t3.small",
            "kernel_id": "",
            "key_name": "",
            "latest_version": 1,
            "license_specification": [],
            "maintenance_options": [],
            "metadata_options": [],
            "monitoring": [
              {
                "enabled": true
              }
            ],
            "name": "uat-extramile-lt-20240416094356110700000004",
            "name_prefix": "uat-extramile-lt-",
            "network_interfaces": [
              {
                "associate_carrier_ip_address": "",
                "associate_public_ip_address": "",
                "delete_on_termination": "true",
                "description": "eth0",
                "device_index": 0,
                "interface_type": "",
                "ipv4_address_count": 0,
                "ipv4_addresses": null,
                "ipv4_prefix_count": 0,
                "ipv4_prefixes": null,
                "ipv6_address_count": 0,
                "ipv6_addresses": null,
                "ipv6_prefix_count": 0,
                "ipv6_prefixes": null,
                "network_card_index": 0,
                "network_interface_id": "",
                "private_ip_address": "",
                "security_groups": [
                  "sg-0dbafe51fe11da772"
                ],
                "subnet_id": ""
              }
            ],
            "placement": [
              {
                "affinity": "",
                "availability_zone": "ap-northeast-1",
                "group_name": "",
                "host_id": "",
                "host_resource_group_arn": "",
                "partition_number": 0,
                "spread_domain": "",
                "tenancy": ""
              }
            ],
            "private_dns_name_options": [],
            "ram_disk_id": "",
            "security_group_names": null,
            "tag_specifications": [
              {
                "resource_type": "instance",
                "tags": {
                  "Environment": "uat",
                  "Name": "uat-extramile-asg",
                  "Project": "extramile",
                  "WhatAmI": "Instance"
                }
              },
              {
                "resource_type": "volume",
                "tags": {
                  "Environment": "uat",
                  "Name": "uat-extramile-asg",
                  "Project": "extramile",
                  "WhatAmI": "Volume"
                }
              }
            ],
            "tags": {
              "Environment": "uat",
              "Name": "uat-extramile-asg",
              "Project": "extramile"
            },
            "tags_all": {
              "Environment": "uat",
              "Name": "uat-extramile-asg",
              "Project": "extramile"
            },
            "update_default_version": true,
            "user_data": "",
            "vpc_security_group_ids": null
          },
          "sensitive_attributes": [],
          "private": "bnVsbA==",
          "dependencies": [
            "aws_iam_instance_profile.this",
            "aws_iam_role.this",
            "data.aws_iam_policy_document.assume_role_policy",
            "data.aws_partition.current"
          ],
          "create_before_destroy": true
        }
      ]
    }
  ],
  "check_results": null
}
