{
  "version": 4,
  "terraform_version": "1.6.6",
  "serial": 90,
  "lineage": "9cea8fc9-fc5e-44da-945a-49ea7c538c3c",
  "outputs": {
    "autoscaling_capacity_providers": {
      "value": {},
      "type": [
        "object",
        {}
      ]
    },
    "cloudwatch_log_group_arn": {
      "value": "arn:aws:logs:ap-northeast-1:058264176381:log-group:/aws/ecs/uat-extramile-api",
      "type": "string"
    },
    "cloudwatch_log_group_name": {
      "value": "/aws/ecs/uat-extramile-api",
      "type": "string"
    },
    "cluster_arn": {
      "value": "arn:aws:ecs:ap-northeast-1:058264176381:cluster/uat-extramile-api",
      "type": "string"
    },
    "cluster_capacity_providers": {
      "value": {
        "uat-extramile-api": {
          "capacity_providers": [
            "FARGATE",
            "FARGATE_SPOT"
          ],
          "cluster_name": "uat-extramile-api",
          "default_capacity_provider_strategy": [
            {
              "base": 0,
              "capacity_provider": "FARGATE",
              "weight": 50
            },
            {
              "base": 0,
              "capacity_provider": "FARGATE_SPOT",
              "weight": 50
            }
          ],
          "id": "uat-extramile-api"
        }
      },
      "type": [
        "object",
        {
          "uat-extramile-api": [
            "object",
            {
              "capacity_providers": [
                "set",
                "string"
              ],
              "cluster_name": "string",
              "default_capacity_provider_strategy": [
                "set",
                [
                  "object",
                  {
                    "base": "number",
                    "capacity_provider": "string",
                    "weight": "number"
                  }
                ]
              ],
              "id": "string"
            }
          ]
        }
      ]
    },
    "cluster_id": {
      "value": "arn:aws:ecs:ap-northeast-1:058264176381:cluster/uat-extramile-api",
      "type": "string"
    },
    "cluster_name": {
      "value": "uat-extramile-api",
      "type": "string"
    },
    "services": {
      "value": {
        "extramile": {
          "autoscaling_policies": {
            "cpu": {
              "alarm_arns": [
                "arn:aws:cloudwatch:ap-northeast-1:058264176381:alarm:TargetTracking-service/uat-extramile-api/extramile-AlarmHigh-d820d3e7-349b-4686-b612-7aa53f3a3334",
                "arn:aws:cloudwatch:ap-northeast-1:058264176381:alarm:TargetTracking-service/uat-extramile-api/extramile-AlarmLow-987cddac-62a2-42bd-9436-8e712c96c18a"
              ],
              "arn": "arn:aws:autoscaling:ap-northeast-1:058264176381:scalingPolicy:4864f6a4-ca18-4a11-9d42-5994029b857a:resource/ecs/service/uat-extramile-api/extramile:policyName/cpu",
              "id": "cpu",
              "name": "cpu",
              "policy_type": "TargetTrackingScaling",
              "resource_id": "service/uat-extramile-api/extramile",
              "scalable_dimension": "ecs:service:DesiredCount",
              "service_namespace": "ecs",
              "step_scaling_policy_configuration": [],
              "target_tracking_scaling_policy_configuration": [
                {
                  "customized_metric_specification": [],
                  "disable_scale_in": false,
                  "predefined_metric_specification": [
                    {
                      "predefined_metric_type": "ECSServiceAverageCPUUtilization",
                      "resource_label": ""
                    }
                  ],
                  "scale_in_cooldown": 300,
                  "scale_out_cooldown": 60,
                  "target_value": 75
                }
              ]
            },
            "memory": {
              "alarm_arns": [
                "arn:aws:cloudwatch:ap-northeast-1:058264176381:alarm:TargetTracking-service/uat-extramile-api/extramile-AlarmHigh-8f7c6c0d-3153-4ac3-8cf7-2ddd1ea98d0b",
                "arn:aws:cloudwatch:ap-northeast-1:058264176381:alarm:TargetTracking-service/uat-extramile-api/extramile-AlarmLow-e7873f33-0269-47e3-b851-4cf5313075c5"
              ],
              "arn": "arn:aws:autoscaling:ap-northeast-1:058264176381:scalingPolicy:4864f6a4-ca18-4a11-9d42-5994029b857a:resource/ecs/service/uat-extramile-api/extramile:policyName/memory",
              "id": "memory",
              "name": "memory",
              "policy_type": "TargetTrackingScaling",
              "resource_id": "service/uat-extramile-api/extramile",
              "scalable_dimension": "ecs:service:DesiredCount",
              "service_namespace": "ecs",
              "step_scaling_policy_configuration": [],
              "target_tracking_scaling_policy_configuration": [
                {
                  "customized_metric_specification": [],
                  "disable_scale_in": false,
                  "predefined_metric_specification": [
                    {
                      "predefined_metric_type": "ECSServiceAverageMemoryUtilization",
                      "resource_label": ""
                    }
                  ],
                  "scale_in_cooldown": 300,
                  "scale_out_cooldown": 60,
                  "target_value": 75
                }
              ]
            }
          },
          "autoscaling_scheduled_actions": {},
          "container_definitions": {
            "api": {
              "cloudwatch_log_group_arn": null,
              "cloudwatch_log_group_name": null,
              "container_definition": {
                "cpu": 1024,
                "environment": [],
                "essential": true,
                "image": "058264176381.dkr.ecr.ap-northeast-1.amazonaws.com/uat-extramile-repo:v1",
                "interactive": false,
                "linuxParameters": {
                  "initProcessEnabled": false
                },
                "memory": 2048,
                "memoryReservation": 100,
                "mountPoints": [],
                "name": "api",
                "portMappings": [
                  {
                    "containerPort": 3000,
                    "name": "api",
                    "protocol": "tcp"
                  }
                ],
                "privileged": false,
                "pseudoTerminal": false,
                "readonlyRootFilesystem": false,
                "startTimeout": 30,
                "stopTimeout": 120,
                "systemControls": [],
                "user": "0",
                "volumesFrom": []
              }
            }
          },
          "iam_role_arn": null,
          "iam_role_name": null,
          "iam_role_unique_id": null,
          "id": "arn:aws:ecs:ap-northeast-1:058264176381:service/uat-extramile-api/extramile",
          "name": "extramile",
          "security_group_arn": "arn:aws:ec2:ap-northeast-1:058264176381:security-group/sg-04a8885fe99c57441",
          "security_group_id": "sg-04a8885fe99c57441",
          "task_definition_arn": "arn:aws:ecs:ap-northeast-1:058264176381:task-definition/extramile:6",
          "task_definition_family": "extramile",
          "task_definition_family_revision": "extramile:6",
          "task_definition_revision": 6,
          "task_exec_iam_role_arn": "arn:aws:iam::058264176381:role/extramile-20240422074254535800000002",
          "task_exec_iam_role_name": "extramile-20240422074254535800000002",
          "task_exec_iam_role_unique_id": "AROAQ3EGQY363TXCLPODY",
          "task_set_arn": null,
          "task_set_id": null,
          "task_set_stability_status": null,
          "task_set_status": null,
          "tasks_iam_role_arn": "arn:aws:iam::058264176381:role/extramile-20240422074254535000000001",
          "tasks_iam_role_name": "extramile-20240422074254535000000001",
          "tasks_iam_role_unique_id": "AROAQ3EGQY36X4R2IETD6"
        }
      },
      "type": [
        "object",
        {
          "extramile": [
            "object",
            {
              "autoscaling_policies": [
                "object",
                {
                  "cpu": [
                    "object",
                    {
                      "alarm_arns": [
                        "list",
                        "string"
                      ],
                      "arn": "string",
                      "id": "string",
                      "name": "string",
                      "policy_type": "string",
                      "resource_id": "string",
                      "scalable_dimension": "string",
                      "service_namespace": "string",
                      "step_scaling_policy_configuration": [
                        "list",
                        [
                          "object",
                          {
                            "adjustment_type": "string",
                            "cooldown": "number",
                            "metric_aggregation_type": "string",
                            "min_adjustment_magnitude": "number",
                            "step_adjustment": [
                              "set",
                              [
                                "object",
                                {
                                  "metric_interval_lower_bound": "string",
                                  "metric_interval_upper_bound": "string",
                                  "scaling_adjustment": "number"
                                }
                              ]
                            ]
                          }
                        ]
                      ],
                      "target_tracking_scaling_policy_configuration": [
                        "list",
                        [
                          "object",
                          {
                            "customized_metric_specification": [
                              "list",
                              [
                                "object",
                                {
                                  "dimensions": [
                                    "set",
                                    [
                                      "object",
                                      {
                                        "name": "string",
                                        "value": "string"
                                      }
                                    ]
                                  ],
                                  "metric_name": "string",
                                  "metrics": [
                                    "set",
                                    [
                                      "object",
                                      {
                                        "expression": "string",
                                        "id": "string",
                                        "label": "string",
                                        "metric_stat": [
                                          "list",
                                          [
                                            "object",
                                            {
                                              "metric": [
                                                "list",
                                                [
                                                  "object",
                                                  {
                                                    "dimensions": [
                                                      "set",
                                                      [
                                                        "object",
                                                        {
                                                          "name": "string",
                                                          "value": "string"
                                                        }
                                                      ]
                                                    ],
                                                    "metric_name": "string",
                                                    "namespace": "string"
                                                  }
                                                ]
                                              ],
                                              "stat": "string",
                                              "unit": "string"
                                            }
                                          ]
                                        ],
                                        "return_data": "bool"
                                      }
                                    ]
                                  ],
                                  "namespace": "string",
                                  "statistic": "string",
                                  "unit": "string"
                                }
                              ]
                            ],
                            "disable_scale_in": "bool",
                            "predefined_metric_specification": [
                              "list",
                              [
                                "object",
                                {
                                  "predefined_metric_type": "string",
                                  "resource_label": "string"
                                }
                              ]
                            ],
                            "scale_in_cooldown": "number",
                            "scale_out_cooldown": "number",
                            "target_value": "number"
                          }
                        ]
                      ]
                    }
                  ],
                  "memory": [
                    "object",
                    {
                      "alarm_arns": [
                        "list",
                        "string"
                      ],
                      "arn": "string",
                      "id": "string",
                      "name": "string",
                      "policy_type": "string",
                      "resource_id": "string",
                      "scalable_dimension": "string",
                      "service_namespace": "string",
                      "step_scaling_policy_configuration": [
                        "list",
                        [
                          "object",
                          {
                            "adjustment_type": "string",
                            "cooldown": "number",
                            "metric_aggregation_type": "string",
                            "min_adjustment_magnitude": "number",
                            "step_adjustment": [
                              "set",
                              [
                                "object",
                                {
                                  "metric_interval_lower_bound": "string",
                                  "metric_interval_upper_bound": "string",
                                  "scaling_adjustment": "number"
                                }
                              ]
                            ]
                          }
                        ]
                      ],
                      "target_tracking_scaling_policy_configuration": [
                        "list",
                        [
                          "object",
                          {
                            "customized_metric_specification": [
                              "list",
                              [
                                "object",
                                {
                                  "dimensions": [
                                    "set",
                                    [
                                      "object",
                                      {
                                        "name": "string",
                                        "value": "string"
                                      }
                                    ]
                                  ],
                                  "metric_name": "string",
                                  "metrics": [
                                    "set",
                                    [
                                      "object",
                                      {
                                        "expression": "string",
                                        "id": "string",
                                        "label": "string",
                                        "metric_stat": [
                                          "list",
                                          [
                                            "object",
                                            {
                                              "metric": [
                                                "list",
                                                [
                                                  "object",
                                                  {
                                                    "dimensions": [
                                                      "set",
                                                      [
                                                        "object",
                                                        {
                                                          "name": "string",
                                                          "value": "string"
                                                        }
                                                      ]
                                                    ],
                                                    "metric_name": "string",
                                                    "namespace": "string"
                                                  }
                                                ]
                                              ],
                                              "stat": "string",
                                              "unit": "string"
                                            }
                                          ]
                                        ],
                                        "return_data": "bool"
                                      }
                                    ]
                                  ],
                                  "namespace": "string",
                                  "statistic": "string",
                                  "unit": "string"
                                }
                              ]
                            ],
                            "disable_scale_in": "bool",
                            "predefined_metric_specification": [
                              "list",
                              [
                                "object",
                                {
                                  "predefined_metric_type": "string",
                                  "resource_label": "string"
                                }
                              ]
                            ],
                            "scale_in_cooldown": "number",
                            "scale_out_cooldown": "number",
                            "target_value": "number"
                          }
                        ]
                      ]
                    }
                  ]
                }
              ],
              "autoscaling_scheduled_actions": [
                "object",
                {}
              ],
              "container_definitions": [
                "object",
                {
                  "api": [
                    "object",
                    {
                      "cloudwatch_log_group_arn": "dynamic",
                      "cloudwatch_log_group_name": "dynamic",
                      "container_definition": [
                        "object",
                        {
                          "cpu": "number",
                          "environment": [
                            "list",
                            [
                              "object",
                              {
                                "name": "string",
                                "value": "string"
                              }
                            ]
                          ],
                          "essential": "bool",
                          "image": "string",
                          "interactive": "bool",
                          "linuxParameters": [
                            "object",
                            {
                              "initProcessEnabled": "bool"
                            }
                          ],
                          "memory": "number",
                          "memoryReservation": "number",
                          "mountPoints": [
                            "list",
                            "dynamic"
                          ],
                          "name": "string",
                          "portMappings": [
                            "list",
                            [
                              "object",
                              {
                                "containerPort": "number",
                                "name": "string",
                                "protocol": "string"
                              }
                            ]
                          ],
                          "privileged": "bool",
                          "pseudoTerminal": "bool",
                          "readonlyRootFilesystem": "bool",
                          "startTimeout": "number",
                          "stopTimeout": "number",
                          "systemControls": [
                            "list",
                            [
                              "map",
                              "string"
                            ]
                          ],
                          "user": "string",
                          "volumesFrom": [
                            "list",
                            "dynamic"
                          ]
                        }
                      ]
                    }
                  ]
                }
              ],
              "iam_role_arn": "string",
              "iam_role_name": "dynamic",
              "iam_role_unique_id": "dynamic",
              "id": "string",
              "name": "string",
              "security_group_arn": "string",
              "security_group_id": "string",
              "task_definition_arn": "string",
              "task_definition_family": "string",
              "task_definition_family_revision": "string",
              "task_definition_revision": "number",
              "task_exec_iam_role_arn": "string",
              "task_exec_iam_role_name": "string",
              "task_exec_iam_role_unique_id": "string",
              "task_set_arn": "dynamic",
              "task_set_id": "dynamic",
              "task_set_stability_status": "dynamic",
              "task_set_status": "dynamic",
              "tasks_iam_role_arn": "string",
              "tasks_iam_role_name": "string",
              "tasks_iam_role_unique_id": "string"
            }
          ]
        }
      ]
    }
  },
  "resources": [
    {
      "module": "module.cluster",
      "mode": "managed",
      "type": "aws_cloudwatch_log_group",
      "name": "this",
      "provider": "provider[\"registry.terraform.io/hashicorp/aws\"]",
      "instances": [
        {
          "index_key": 0,
          "schema_version": 0,
          "attributes": {
            "arn": "arn:aws:logs:ap-northeast-1:058264176381:log-group:/aws/ecs/uat-extramile-api",
            "id": "/aws/ecs/uat-extramile-api",
            "kms_key_id": "",
            "log_group_class": "STANDARD",
            "name": "/aws/ecs/uat-extramile-api",
            "name_prefix": "",
            "retention_in_days": 90,
            "skip_destroy": false,
            "tags": {
              "Environment": "Development",
              "Project": "Example"
            },
            "tags_all": {
              "Environment": "Development",
              "Project": "Example"
            }
          },
          "sensitive_attributes": [],
          "private": "bnVsbA=="
        }
      ]
    },
    {
      "module": "module.cluster",
      "mode": "managed",
      "type": "aws_ecs_cluster",
      "name": "this",
      "provider": "provider[\"registry.terraform.io/hashicorp/aws\"]",
      "instances": [
        {
          "index_key": 0,
          "schema_version": 0,
          "attributes": {
            "arn": "arn:aws:ecs:ap-northeast-1:058264176381:cluster/uat-extramile-api",
            "configuration": [
              {
                "execute_command_configuration": [
                  {
                    "kms_key_id": "",
                    "log_configuration": [
                      {
                        "cloud_watch_encryption_enabled": false,
                        "cloud_watch_log_group_name": "/aws/ecs/aws-ec2",
                        "s3_bucket_encryption_enabled": false,
                        "s3_bucket_name": "",
                        "s3_key_prefix": ""
                      }
                    ],
                    "logging": "OVERRIDE"
                  }
                ]
              }
            ],
            "id": "arn:aws:ecs:ap-northeast-1:058264176381:cluster/uat-extramile-api",
            "name": "uat-extramile-api",
            "service_connect_defaults": [],
            "setting": [
              {
                "name": "containerInsights",
                "value": "enabled"
              }
            ],
            "tags": {
              "Environment": "Development",
              "Project": "Example"
            },
            "tags_all": {
              "Environment": "Development",
              "Project": "Example"
            }
          },
          "sensitive_attributes": [],
          "private": "bnVsbA==",
          "dependencies": [
            "module.cluster.aws_cloudwatch_log_group.this"
          ]
        }
      ]
    },
    {
      "module": "module.cluster",
      "mode": "managed",
      "type": "aws_ecs_cluster_capacity_providers",
      "name": "this",
      "provider": "provider[\"registry.terraform.io/hashicorp/aws\"]",
      "instances": [
        {
          "index_key": 0,
          "schema_version": 0,
          "attributes": {
            "capacity_providers": [
              "FARGATE",
              "FARGATE_SPOT"
            ],
            "cluster_name": "uat-extramile-api",
            "default_capacity_provider_strategy": [
              {
                "base": 0,
                "capacity_provider": "FARGATE",
                "weight": 50
              },
              {
                "base": 0,
                "capacity_provider": "FARGATE_SPOT",
                "weight": 50
              }
            ],
            "id": "uat-extramile-api"
          },
          "sensitive_attributes": [],
          "private": "bnVsbA==",
          "dependencies": [
            "module.cluster.aws_cloudwatch_log_group.this",
            "module.cluster.aws_ecs_capacity_provider.this",
            "module.cluster.aws_ecs_cluster.this"
          ]
        }
      ]
    },
    {
      "module": "module.service[\"extramile\"]",
      "mode": "data",
      "type": "aws_caller_identity",
      "name": "current",
      "provider": "provider[\"registry.terraform.io/hashicorp/aws\"]",
      "instances": [
        {
          "schema_version": 0,
          "attributes": {
            "account_id": "058264176381",
            "arn": "arn:aws:iam::058264176381:user/hblab@dev",
            "id": "058264176381",
            "user_id": "AIDAQ3EGQY364DPHU7BWO"
          },
          "sensitive_attributes": []
        }
      ]
    },
    {
      "module": "module.service[\"extramile\"]",
      "mode": "data",
      "type": "aws_ecs_task_definition",
      "name": "this",
      "provider": "provider[\"registry.terraform.io/hashicorp/aws\"]",
      "instances": [
        {
          "index_key": 0,
          "schema_version": 0,
          "attributes": {
            "arn": "arn:aws:ecs:ap-northeast-1:058264176381:task-definition/extramile:6",
            "arn_without_revision": "arn:aws:ecs:ap-northeast-1:058264176381:task-definition/extramile",
            "execution_role_arn": "arn:aws:iam::058264176381:role/extramile-20240422074254535800000002",
            "family": "extramile",
            "id": "arn:aws:ecs:ap-northeast-1:058264176381:task-definition/extramile:6",
            "network_mode": "awsvpc",
            "revision": 6,
            "status": "ACTIVE",
            "task_definition": "extramile",
            "task_role_arn": "arn:aws:iam::058264176381:role/extramile-20240422074254535000000001"
          },
          "sensitive_attributes": []
        }
      ]
    },
    {
      "module": "module.service[\"extramile\"]",
      "mode": "data",
      "type": "aws_iam_policy_document",
      "name": "task_exec",
      "provider": "provider[\"registry.terraform.io/hashicorp/aws\"]",
      "instances": [
        {
          "index_key": 0,
          "schema_version": 0,
          "attributes": {
            "id": "1415633931",
            "json": "{\n  \"Version\": \"2012-10-17\",\n  \"Statement\": [\n    {\n      \"Sid\": \"Logs\",\n      \"Effect\": \"Allow\",\n      \"Action\": [\n        \"logs:PutLogEvents\",\n        \"logs:CreateLogStream\"\n      ],\n      \"Resource\": \"*\"\n    },\n    {\n      \"Sid\": \"ECR\",\n      \"Effect\": \"Allow\",\n      \"Action\": [\n        \"ecr:GetDownloadUrlForLayer\",\n        \"ecr:GetAuthorizationToken\",\n        \"ecr:BatchGetImage\",\n        \"ecr:BatchCheckLayerAvailability\"\n      ],\n      \"Resource\": \"*\"\n    },\n    {\n      \"Sid\": \"GetSSMParams\",\n      \"Effect\": \"Allow\",\n      \"Action\": \"ssm:GetParameters\",\n      \"Resource\": \"arn:aws:ssm:*:*:parameter/*\"\n    },\n    {\n      \"Sid\": \"GetSecrets\",\n      \"Effect\": \"Allow\",\n      \"Action\": \"secretsmanager:GetSecretValue\",\n      \"Resource\": \"arn:aws:secretsmanager:*:*:secret:*\"\n    }\n  ]\n}",
            "override_json": null,
            "override_policy_documents": null,
            "policy_id": null,
            "source_json": null,
            "source_policy_documents": null,
            "statement": [
              {
                "actions": [
                  "logs:CreateLogStream",
                  "logs:PutLogEvents"
                ],
                "condition": [],
                "effect": "Allow",
                "not_actions": [],
                "not_principals": [],
                "not_resources": [],
                "principals": [],
                "resources": [
                  "*"
                ],
                "sid": "Logs"
              },
              {
                "actions": [
                  "ecr:BatchCheckLayerAvailability",
                  "ecr:BatchGetImage",
                  "ecr:GetAuthorizationToken",
                  "ecr:GetDownloadUrlForLayer"
                ],
                "condition": [],
                "effect": "Allow",
                "not_actions": [],
                "not_principals": [],
                "not_resources": [],
                "principals": [],
                "resources": [
                  "*"
                ],
                "sid": "ECR"
              },
              {
                "actions": [
                  "ssm:GetParameters"
                ],
                "condition": [],
                "effect": "Allow",
                "not_actions": [],
                "not_principals": [],
                "not_resources": [],
                "principals": [],
                "resources": [
                  "arn:aws:ssm:*:*:parameter/*"
                ],
                "sid": "GetSSMParams"
              },
              {
                "actions": [
                  "secretsmanager:GetSecretValue"
                ],
                "condition": [],
                "effect": "Allow",
                "not_actions": [],
                "not_principals": [],
                "not_resources": [],
                "principals": [],
                "resources": [
                  "arn:aws:secretsmanager:*:*:secret:*"
                ],
                "sid": "GetSecrets"
              }
            ],
            "version": "2012-10-17"
          },
          "sensitive_attributes": []
        }
      ]
    },
    {
      "module": "module.service[\"extramile\"]",
      "mode": "data",
      "type": "aws_iam_policy_document",
      "name": "task_exec_assume",
      "provider": "provider[\"registry.terraform.io/hashicorp/aws\"]",
      "instances": [
        {
          "index_key": 0,
          "schema_version": 0,
          "attributes": {
            "id": "2291109037",
            "json": "{\n  \"Version\": \"2012-10-17\",\n  \"Statement\": [\n    {\n      \"Sid\": \"ECSTaskExecutionAssumeRole\",\n      \"Effect\": \"Allow\",\n      \"Action\": \"sts:AssumeRole\",\n      \"Principal\": {\n        \"Service\": \"ecs-tasks.amazonaws.com\"\n      }\n    }\n  ]\n}",
            "override_json": null,
            "override_policy_documents": null,
            "policy_id": null,
            "source_json": null,
            "source_policy_documents": null,
            "statement": [
              {
                "actions": [
                  "sts:AssumeRole"
                ],
                "condition": [],
                "effect": "Allow",
                "not_actions": [],
                "not_principals": [],
                "not_resources": [],
                "principals": [
                  {
                    "identifiers": [
                      "ecs-tasks.amazonaws.com"
                    ],
                    "type": "Service"
                  }
                ],
                "resources": [],
                "sid": "ECSTaskExecutionAssumeRole"
              }
            ],
            "version": "2012-10-17"
          },
          "sensitive_attributes": []
        }
      ]
    },
    {
      "module": "module.service[\"extramile\"]",
      "mode": "data",
      "type": "aws_iam_policy_document",
      "name": "tasks_assume",
      "provider": "provider[\"registry.terraform.io/hashicorp/aws\"]",
      "instances": [
        {
          "index_key": 0,
          "schema_version": 0,
          "attributes": {
            "id": "1295260426",
            "json": "{\n  \"Version\": \"2012-10-17\",\n  \"Statement\": [\n    {\n      \"Sid\": \"ECSTasksAssumeRole\",\n      \"Effect\": \"Allow\",\n      \"Action\": \"sts:AssumeRole\",\n      \"Principal\": {\n        \"Service\": \"ecs-tasks.amazonaws.com\"\n      },\n      \"Condition\": {\n        \"ArnLike\": {\n          \"aws:SourceArn\": \"arn:aws:ecs:ap-northeast-1:058264176381:*\"\n        },\n        \"StringEquals\": {\n          \"aws:SourceAccount\": \"058264176381\"\n        }\n      }\n    }\n  ]\n}",
            "override_json": null,
            "override_policy_documents": null,
            "policy_id": null,
            "source_json": null,
            "source_policy_documents": null,
            "statement": [
              {
                "actions": [
                  "sts:AssumeRole"
                ],
                "condition": [
                  {
                    "test": "ArnLike",
                    "values": [
                      "arn:aws:ecs:ap-northeast-1:058264176381:*"
                    ],
                    "variable": "aws:SourceArn"
                  },
                  {
                    "test": "StringEquals",
                    "values": [
                      "058264176381"
                    ],
                    "variable": "aws:SourceAccount"
                  }
                ],
                "effect": "Allow",
                "not_actions": [],
                "not_principals": [],
                "not_resources": [],
                "principals": [
                  {
                    "identifiers": [
                      "ecs-tasks.amazonaws.com"
                    ],
                    "type": "Service"
                  }
                ],
                "resources": [],
                "sid": "ECSTasksAssumeRole"
              }
            ],
            "version": "2012-10-17"
          },
          "sensitive_attributes": []
        }
      ]
    },
    {
      "module": "module.service[\"extramile\"]",
      "mode": "data",
      "type": "aws_partition",
      "name": "current",
      "provider": "provider[\"registry.terraform.io/hashicorp/aws\"]",
      "instances": [
        {
          "schema_version": 0,
          "attributes": {
            "dns_suffix": "amazonaws.com",
            "id": "aws",
            "partition": "aws",
            "reverse_dns_prefix": "com.amazonaws"
          },
          "sensitive_attributes": []
        }
      ]
    },
    {
      "module": "module.service[\"extramile\"]",
      "mode": "data",
      "type": "aws_region",
      "name": "current",
      "provider": "provider[\"registry.terraform.io/hashicorp/aws\"]",
      "instances": [
        {
          "schema_version": 0,
          "attributes": {
            "description": "Asia Pacific (Tokyo)",
            "endpoint": "ec2.ap-northeast-1.amazonaws.com",
            "id": "ap-northeast-1",
            "name": "ap-northeast-1"
          },
          "sensitive_attributes": []
        }
      ]
    },
    {
      "module": "module.service[\"extramile\"]",
      "mode": "data",
      "type": "aws_subnet",
      "name": "this",
      "provider": "provider[\"registry.terraform.io/hashicorp/aws\"]",
      "instances": [
        {
          "index_key": 0,
          "schema_version": 0,
          "attributes": {
            "arn": "arn:aws:ec2:ap-northeast-1:058264176381:subnet/subnet-0acd1e0cbea8ceb58",
            "assign_ipv6_address_on_creation": false,
            "availability_zone": "ap-northeast-1a",
            "availability_zone_id": "apne1-az4",
            "available_ip_address_count": 246,
            "cidr_block": "10.0.1.0/24",
            "customer_owned_ipv4_pool": "",
            "default_for_az": false,
            "enable_dns64": false,
            "enable_lni_at_device_index": 0,
            "enable_resource_name_dns_a_record_on_launch": false,
            "enable_resource_name_dns_aaaa_record_on_launch": false,
            "filter": null,
            "id": "subnet-0acd1e0cbea8ceb58",
            "ipv6_cidr_block": "",
            "ipv6_cidr_block_association_id": "",
            "ipv6_native": false,
            "map_customer_owned_ip_on_launch": false,
            "map_public_ip_on_launch": false,
            "outpost_arn": "",
            "owner_id": "058264176381",
            "private_dns_hostname_type_on_launch": "ip-name",
            "state": "available",
            "tags": {
              "Name": "uat-extramile-private-ap-northeast-1a",
              "name": "extramile-uat",
              "project": "extramile",
              "terraform": "true"
            },
            "timeouts": null,
            "vpc_id": "vpc-012d83645192c8ce2"
          },
          "sensitive_attributes": []
        }
      ]
    },
    {
      "module": "module.service[\"extramile\"]",
      "mode": "managed",
      "type": "aws_appautoscaling_policy",
      "name": "this",
      "provider": "provider[\"registry.terraform.io/hashicorp/aws\"]",
      "instances": [
        {
          "index_key": "cpu",
          "schema_version": 0,
          "attributes": {
            "alarm_arns": [
              "arn:aws:cloudwatch:ap-northeast-1:058264176381:alarm:TargetTracking-service/uat-extramile-api/extramile-AlarmHigh-d820d3e7-349b-4686-b612-7aa53f3a3334",
              "arn:aws:cloudwatch:ap-northeast-1:058264176381:alarm:TargetTracking-service/uat-extramile-api/extramile-AlarmLow-987cddac-62a2-42bd-9436-8e712c96c18a"
            ],
            "arn": "arn:aws:autoscaling:ap-northeast-1:058264176381:scalingPolicy:4864f6a4-ca18-4a11-9d42-5994029b857a:resource/ecs/service/uat-extramile-api/extramile:policyName/cpu",
            "id": "cpu",
            "name": "cpu",
            "policy_type": "TargetTrackingScaling",
            "resource_id": "service/uat-extramile-api/extramile",
            "scalable_dimension": "ecs:service:DesiredCount",
            "service_namespace": "ecs",
            "step_scaling_policy_configuration": [],
            "target_tracking_scaling_policy_configuration": [
              {
                "customized_metric_specification": [],
                "disable_scale_in": false,
                "predefined_metric_specification": [
                  {
                    "predefined_metric_type": "ECSServiceAverageCPUUtilization",
                    "resource_label": ""
                  }
                ],
                "scale_in_cooldown": 300,
                "scale_out_cooldown": 60,
                "target_value": 75
              }
            ]
          },
          "sensitive_attributes": [],
          "private": "bnVsbA==",
          "dependencies": [
            "module.cluster.aws_cloudwatch_log_group.this",
            "module.cluster.aws_ecs_cluster.this",
            "module.service.aws_appautoscaling_target.this",
            "module.service.aws_ecs_service.ignore_task_definition",
            "module.service.aws_ecs_service.this",
            "module.service.aws_ecs_task_definition.this",
            "module.service.aws_iam_policy.service",
            "module.service.aws_iam_role.service",
            "module.service.aws_iam_role.task_exec",
            "module.service.aws_iam_role.tasks",
            "module.service.aws_iam_role_policy_attachment.service",
            "module.service.aws_security_group.this",
            "module.service.data.aws_caller_identity.current",
            "module.service.data.aws_ecs_task_definition.this",
            "module.service.data.aws_iam_policy_document.service",
            "module.service.data.aws_iam_policy_document.service_assume",
            "module.service.data.aws_iam_policy_document.task_exec_assume",
            "module.service.data.aws_iam_policy_document.tasks_assume",
            "module.service.data.aws_partition.current",
            "module.service.data.aws_region.current",
            "module.service.data.aws_subnet.this",
            "module.service.module.container_definition.aws_cloudwatch_log_group.this",
            "module.service.module.container_definition.data.aws_region.current"
          ]
        },
        {
          "index_key": "memory",
          "schema_version": 0,
          "attributes": {
            "alarm_arns": [
              "arn:aws:cloudwatch:ap-northeast-1:058264176381:alarm:TargetTracking-service/uat-extramile-api/extramile-AlarmHigh-8f7c6c0d-3153-4ac3-8cf7-2ddd1ea98d0b",
              "arn:aws:cloudwatch:ap-northeast-1:058264176381:alarm:TargetTracking-service/uat-extramile-api/extramile-AlarmLow-e7873f33-0269-47e3-b851-4cf5313075c5"
            ],
            "arn": "arn:aws:autoscaling:ap-northeast-1:058264176381:scalingPolicy:4864f6a4-ca18-4a11-9d42-5994029b857a:resource/ecs/service/uat-extramile-api/extramile:policyName/memory",
            "id": "memory",
            "name": "memory",
            "policy_type": "TargetTrackingScaling",
            "resource_id": "service/uat-extramile-api/extramile",
            "scalable_dimension": "ecs:service:DesiredCount",
            "service_namespace": "ecs",
            "step_scaling_policy_configuration": [],
            "target_tracking_scaling_policy_configuration": [
              {
                "customized_metric_specification": [],
                "disable_scale_in": false,
                "predefined_metric_specification": [
                  {
                    "predefined_metric_type": "ECSServiceAverageMemoryUtilization",
                    "resource_label": ""
                  }
                ],
                "scale_in_cooldown": 300,
                "scale_out_cooldown": 60,
                "target_value": 75
              }
            ]
          },
          "sensitive_attributes": [],
          "private": "bnVsbA==",
          "dependencies": [
            "module.cluster.aws_cloudwatch_log_group.this",
            "module.cluster.aws_ecs_cluster.this",
            "module.service.aws_appautoscaling_target.this",
            "module.service.aws_ecs_service.ignore_task_definition",
            "module.service.aws_ecs_service.this",
            "module.service.aws_ecs_task_definition.this",
            "module.service.aws_iam_policy.service",
            "module.service.aws_iam_role.service",
            "module.service.aws_iam_role.task_exec",
            "module.service.aws_iam_role.tasks",
            "module.service.aws_iam_role_policy_attachment.service",
            "module.service.aws_security_group.this",
            "module.service.data.aws_caller_identity.current",
            "module.service.data.aws_ecs_task_definition.this",
            "module.service.data.aws_iam_policy_document.service",
            "module.service.data.aws_iam_policy_document.service_assume",
            "module.service.data.aws_iam_policy_document.task_exec_assume",
            "module.service.data.aws_iam_policy_document.tasks_assume",
            "module.service.data.aws_partition.current",
            "module.service.data.aws_region.current",
            "module.service.data.aws_subnet.this",
            "module.service.module.container_definition.aws_cloudwatch_log_group.this",
            "module.service.module.container_definition.data.aws_region.current"
          ]
        }
      ]
    },
    {
      "module": "module.service[\"extramile\"]",
      "mode": "managed",
      "type": "aws_appautoscaling_target",
      "name": "this",
      "provider": "provider[\"registry.terraform.io/hashicorp/aws\"]",
      "instances": [
        {
          "index_key": 0,
          "schema_version": 0,
          "attributes": {
            "arn": "arn:aws:application-autoscaling:ap-northeast-1:058264176381:scalable-target/0ec54864f6a4ca184a119d425994029b857a",
            "id": "service/uat-extramile-api/extramile",
            "max_capacity": 10,
            "min_capacity": 1,
            "resource_id": "service/uat-extramile-api/extramile",
            "role_arn": "arn:aws:iam::058264176381:role/aws-service-role/ecs.application-autoscaling.amazonaws.com/AWSServiceRoleForApplicationAutoScaling_ECSService",
            "scalable_dimension": "ecs:service:DesiredCount",
            "service_namespace": "ecs",
            "tags": {
              "Environment": "Development",
              "Project": "Example"
            },
            "tags_all": {
              "Environment": "Development",
              "Project": "Example"
            }
          },
          "sensitive_attributes": [],
          "private": "bnVsbA==",
          "dependencies": [
            "module.cluster.aws_cloudwatch_log_group.this",
            "module.cluster.aws_ecs_cluster.this",
            "module.service.aws_ecs_service.ignore_task_definition",
            "module.service.aws_ecs_service.this",
            "module.service.aws_ecs_task_definition.this",
            "module.service.aws_iam_policy.service",
            "module.service.aws_iam_role.service",
            "module.service.aws_iam_role.task_exec",
            "module.service.aws_iam_role.tasks",
            "module.service.aws_iam_role_policy_attachment.service",
            "module.service.aws_security_group.this",
            "module.service.data.aws_caller_identity.current",
            "module.service.data.aws_ecs_task_definition.this",
            "module.service.data.aws_iam_policy_document.service",
            "module.service.data.aws_iam_policy_document.service_assume",
            "module.service.data.aws_iam_policy_document.task_exec_assume",
            "module.service.data.aws_iam_policy_document.tasks_assume",
            "module.service.data.aws_partition.current",
            "module.service.data.aws_region.current",
            "module.service.data.aws_subnet.this",
            "module.service.module.container_definition.aws_cloudwatch_log_group.this",
            "module.service.module.container_definition.data.aws_region.current"
          ]
        }
      ]
    },
    {
      "module": "module.service[\"extramile\"]",
      "mode": "managed",
      "type": "aws_ecs_service",
      "name": "this",
      "provider": "provider[\"registry.terraform.io/hashicorp/aws\"]",
      "instances": [
        {
          "index_key": 0,
          "schema_version": 0,
          "attributes": {
            "alarms": [],
            "capacity_provider_strategy": [],
            "cluster": "arn:aws:ecs:ap-northeast-1:058264176381:cluster/uat-extramile-api",
            "deployment_circuit_breaker": [
              {
                "enable": false,
                "rollback": false
              }
            ],
            "deployment_controller": [
              {
                "type": "ECS"
              }
            ],
            "deployment_maximum_percent": 200,
            "deployment_minimum_healthy_percent": 66,
            "desired_count": 1,
            "enable_ecs_managed_tags": true,
            "enable_execute_command": false,
            "force_new_deployment": true,
            "health_check_grace_period_seconds": 0,
            "iam_role": "/aws-service-role/ecs.amazonaws.com/AWSServiceRoleForECS",
            "id": "arn:aws:ecs:ap-northeast-1:058264176381:service/uat-extramile-api/extramile",
            "launch_type": "FARGATE",
            "load_balancer": [
              {
                "container_name": "api",
                "container_port": 3000,
                "elb_name": "",
                "target_group_arn": "arn:aws:elasticloadbalancing:ap-northeast-1:058264176381:targetgroup/extramile-uat-api/d22e1901aadb5488"
              }
            ],
            "name": "extramile",
            "network_configuration": [
              {
                "assign_public_ip": false,
                "security_groups": [
                  "sg-04a8885fe99c57441"
                ],
                "subnets": [
                  "subnet-0acd1e0cbea8ceb58",
                  "subnet-0e996efdbf6b8f322"
                ]
              }
            ],
            "ordered_placement_strategy": [],
            "placement_constraints": [],
            "platform_version": "LATEST",
            "propagate_tags": "NONE",
            "scheduling_strategy": "REPLICA",
            "service_connect_configuration": [],
            "service_registries": [],
            "tags": {
              "Environment": "Development",
              "Project": "Example"
            },
            "tags_all": {
              "Environment": "Development",
              "Project": "Example"
            },
            "task_definition": "extramile:6",
            "timeouts": {
              "create": null,
              "delete": null,
              "update": null
            },
            "triggers": {},
            "wait_for_steady_state": false
          },
          "sensitive_attributes": [],
          "private": "eyJlMmJmYjczMC1lY2FhLTExZTYtOGY4OC0zNDM2M2JjN2M0YzAiOnsiY3JlYXRlIjoxMjAwMDAwMDAwMDAwLCJkZWxldGUiOjEyMDAwMDAwMDAwMDAsInVwZGF0ZSI6MTIwMDAwMDAwMDAwMH19",
          "dependencies": [
            "module.cluster.aws_cloudwatch_log_group.this",
            "module.cluster.aws_ecs_cluster.this",
            "module.service.aws_ecs_task_definition.this",
            "module.service.aws_iam_policy.service",
            "module.service.aws_iam_role.service",
            "module.service.aws_iam_role.task_exec",
            "module.service.aws_iam_role.tasks",
            "module.service.aws_iam_role_policy_attachment.service",
            "module.service.aws_security_group.this",
            "module.service.data.aws_caller_identity.current",
            "module.service.data.aws_ecs_task_definition.this",
            "module.service.data.aws_iam_policy_document.service",
            "module.service.data.aws_iam_policy_document.service_assume",
            "module.service.data.aws_iam_policy_document.task_exec_assume",
            "module.service.data.aws_iam_policy_document.tasks_assume",
            "module.service.data.aws_partition.current",
            "module.service.data.aws_region.current",
            "module.service.data.aws_subnet.this",
            "module.service.module.container_definition.aws_cloudwatch_log_group.this",
            "module.service.module.container_definition.data.aws_region.current"
          ]
        }
      ]
    },
    {
      "module": "module.service[\"extramile\"]",
      "mode": "managed",
      "type": "aws_ecs_task_definition",
      "name": "this",
      "provider": "provider[\"registry.terraform.io/hashicorp/aws\"]",
      "instances": [
        {
          "index_key": 0,
          "schema_version": 1,
          "attributes": {
            "arn": "arn:aws:ecs:ap-northeast-1:058264176381:task-definition/extramile:6",
            "arn_without_revision": "arn:aws:ecs:ap-northeast-1:058264176381:task-definition/extramile",
            "container_definitions": "[{\"cpu\":1024,\"environment\":[],\"essential\":true,\"image\":\"058264176381.dkr.ecr.ap-northeast-1.amazonaws.com/uat-extramile-repo:v1\",\"interactive\":false,\"linuxParameters\":{\"initProcessEnabled\":false},\"memory\":2048,\"memoryReservation\":100,\"mountPoints\":[],\"name\":\"api\",\"portMappings\":[{\"containerPort\":3000,\"hostPort\":3000,\"name\":\"api\",\"protocol\":\"tcp\"}],\"privileged\":false,\"pseudoTerminal\":false,\"readonlyRootFilesystem\":false,\"startTimeout\":30,\"stopTimeout\":120,\"systemControls\":[],\"user\":\"0\",\"volumesFrom\":[]}]",
            "cpu": "1024",
            "ephemeral_storage": [],
            "execution_role_arn": "arn:aws:iam::058264176381:role/extramile-20240422074254535800000002",
            "family": "extramile",
            "id": "extramile",
            "inference_accelerator": [],
            "ipc_mode": "",
            "memory": "2048",
            "network_mode": "awsvpc",
            "pid_mode": "",
            "placement_constraints": [],
            "proxy_configuration": [],
            "requires_compatibilities": [
              "FARGATE"
            ],
            "revision": 6,
            "runtime_platform": [
              {
                "cpu_architecture": "X86_64",
                "operating_system_family": "LINUX"
              }
            ],
            "skip_destroy": false,
            "tags": {
              "Environment": "Development",
              "Project": "Example"
            },
            "tags_all": {
              "Environment": "Development",
              "Project": "Example"
            },
            "task_role_arn": "arn:aws:iam::058264176381:role/extramile-20240422074254535000000001",
            "track_latest": false,
            "volume": []
          },
          "sensitive_attributes": [],
          "private": "eyJzY2hlbWFfdmVyc2lvbiI6IjEifQ==",
          "dependencies": [
            "module.service.aws_iam_role.task_exec",
            "module.service.aws_iam_role.tasks",
            "module.service.data.aws_caller_identity.current",
            "module.service.data.aws_iam_policy_document.task_exec_assume",
            "module.service.data.aws_iam_policy_document.tasks_assume",
            "module.service.data.aws_partition.current",
            "module.service.data.aws_region.current",
            "module.service.module.container_definition.aws_cloudwatch_log_group.this",
            "module.service.module.container_definition.data.aws_region.current"
          ],
          "create_before_destroy": true
        }
      ]
    },
    {
      "module": "module.service[\"extramile\"]",
      "mode": "managed",
      "type": "aws_iam_policy",
      "name": "task_exec",
      "provider": "provider[\"registry.terraform.io/hashicorp/aws\"]",
      "instances": [
        {
          "index_key": 0,
          "schema_version": 0,
          "attributes": {
            "arn": "arn:aws:iam::058264176381:policy/extramile-20240422074254536300000003",
            "description": "Task execution role IAM policy",
            "id": "arn:aws:iam::058264176381:policy/extramile-20240422074254536300000003",
            "name": "extramile-20240422074254536300000003",
            "name_prefix": "extramile-",
            "path": "/",
            "policy": "{\"Statement\":[{\"Action\":[\"logs:PutLogEvents\",\"logs:CreateLogStream\"],\"Effect\":\"Allow\",\"Resource\":\"*\",\"Sid\":\"Logs\"},{\"Action\":[\"ecr:GetDownloadUrlForLayer\",\"ecr:GetAuthorizationToken\",\"ecr:BatchGetImage\",\"ecr:BatchCheckLayerAvailability\"],\"Effect\":\"Allow\",\"Resource\":\"*\",\"Sid\":\"ECR\"},{\"Action\":\"ssm:GetParameters\",\"Effect\":\"Allow\",\"Resource\":\"arn:aws:ssm:*:*:parameter/*\",\"Sid\":\"GetSSMParams\"},{\"Action\":\"secretsmanager:GetSecretValue\",\"Effect\":\"Allow\",\"Resource\":\"arn:aws:secretsmanager:*:*:secret:*\",\"Sid\":\"GetSecrets\"}],\"Version\":\"2012-10-17\"}",
            "policy_id": "ANPAQ3EGQY36YT6243SZO",
            "tags": {
              "Environment": "Development",
              "Project": "Example"
            },
            "tags_all": {
              "Environment": "Development",
              "Project": "Example"
            }
          },
          "sensitive_attributes": [],
          "private": "bnVsbA==",
          "dependencies": [
            "module.service.data.aws_iam_policy_document.task_exec"
          ]
        }
      ]
    },
    {
      "module": "module.service[\"extramile\"]",
      "mode": "managed",
      "type": "aws_iam_role",
      "name": "task_exec",
      "provider": "provider[\"registry.terraform.io/hashicorp/aws\"]",
      "instances": [
        {
          "index_key": 0,
          "schema_version": 0,
          "attributes": {
            "arn": "arn:aws:iam::058264176381:role/extramile-20240422074254535800000002",
            "assume_role_policy": "{\"Statement\":[{\"Action\":\"sts:AssumeRole\",\"Effect\":\"Allow\",\"Principal\":{\"Service\":\"ecs-tasks.amazonaws.com\"},\"Sid\":\"ECSTaskExecutionAssumeRole\"}],\"Version\":\"2012-10-17\"}",
            "create_date": "2024-04-22T07:42:55Z",
            "description": "Task execution role for extramile",
            "force_detach_policies": true,
            "id": "extramile-20240422074254535800000002",
            "inline_policy": [],
            "managed_policy_arns": [
              "arn:aws:iam::058264176381:policy/extramile-20240422074254536300000003"
            ],
            "max_session_duration": 3600,
            "name": "extramile-20240422074254535800000002",
            "name_prefix": "extramile-",
            "path": "/",
            "permissions_boundary": "",
            "tags": {
              "Environment": "Development",
              "Project": "Example"
            },
            "tags_all": {
              "Environment": "Development",
              "Project": "Example"
            },
            "unique_id": "AROAQ3EGQY363TXCLPODY"
          },
          "sensitive_attributes": [],
          "private": "bnVsbA==",
          "dependencies": [
            "module.service.data.aws_iam_policy_document.task_exec_assume"
          ],
          "create_before_destroy": true
        }
      ]
    },
    {
      "module": "module.service[\"extramile\"]",
      "mode": "managed",
      "type": "aws_iam_role",
      "name": "tasks",
      "provider": "provider[\"registry.terraform.io/hashicorp/aws\"]",
      "instances": [
        {
          "index_key": 0,
          "schema_version": 0,
          "attributes": {
            "arn": "arn:aws:iam::058264176381:role/extramile-20240422074254535000000001",
            "assume_role_policy": "{\"Statement\":[{\"Action\":\"sts:AssumeRole\",\"Condition\":{\"ArnLike\":{\"aws:SourceArn\":\"arn:aws:ecs:ap-northeast-1:058264176381:*\"},\"StringEquals\":{\"aws:SourceAccount\":\"058264176381\"}},\"Effect\":\"Allow\",\"Principal\":{\"Service\":\"ecs-tasks.amazonaws.com\"},\"Sid\":\"ECSTasksAssumeRole\"}],\"Version\":\"2012-10-17\"}",
            "create_date": "2024-04-22T07:42:55Z",
            "description": "",
            "force_detach_policies": true,
            "id": "extramile-20240422074254535000000001",
            "inline_policy": [],
            "managed_policy_arns": [],
            "max_session_duration": 3600,
            "name": "extramile-20240422074254535000000001",
            "name_prefix": "extramile-",
            "path": "/",
            "permissions_boundary": "",
            "tags": {
              "Environment": "Development",
              "Project": "Example"
            },
            "tags_all": {
              "Environment": "Development",
              "Project": "Example"
            },
            "unique_id": "AROAQ3EGQY36X4R2IETD6"
          },
          "sensitive_attributes": [],
          "private": "bnVsbA==",
          "dependencies": [
            "module.service.data.aws_caller_identity.current",
            "module.service.data.aws_iam_policy_document.tasks_assume",
            "module.service.data.aws_partition.current",
            "module.service.data.aws_region.current"
          ],
          "create_before_destroy": true
        }
      ]
    },
    {
      "module": "module.service[\"extramile\"]",
      "mode": "managed",
      "type": "aws_iam_role_policy_attachment",
      "name": "task_exec",
      "provider": "provider[\"registry.terraform.io/hashicorp/aws\"]",
      "instances": [
        {
          "index_key": 0,
          "schema_version": 0,
          "attributes": {
            "id": "extramile-20240422074254535800000002-20240422074256782200000005",
            "policy_arn": "arn:aws:iam::058264176381:policy/extramile-20240422074254536300000003",
            "role": "extramile-20240422074254535800000002"
          },
          "sensitive_attributes": [],
          "private": "bnVsbA==",
          "dependencies": [
            "module.service.aws_iam_policy.task_exec",
            "module.service.aws_iam_role.task_exec",
            "module.service.data.aws_iam_policy_document.task_exec",
            "module.service.data.aws_iam_policy_document.task_exec_assume"
          ]
        }
      ]
    },
    {
      "module": "module.service[\"extramile\"]",
      "mode": "managed",
      "type": "aws_security_group",
      "name": "this",
      "provider": "provider[\"registry.terraform.io/hashicorp/aws\"]",
      "instances": [
        {
          "index_key": 0,
          "schema_version": 1,
          "attributes": {
            "arn": "arn:aws:ec2:ap-northeast-1:058264176381:security-group/sg-04a8885fe99c57441",
            "description": "Managed by Terraform",
            "egress": [
              {
                "cidr_blocks": [
                  "0.0.0.0/0"
                ],
                "description": "",
                "from_port": 0,
                "ipv6_cidr_blocks": [],
                "prefix_list_ids": [],
                "protocol": "-1",
                "security_groups": [],
                "self": false,
                "to_port": 0
              }
            ],
            "id": "sg-04a8885fe99c57441",
            "ingress": [
              {
                "cidr_blocks": [
                  "0.0.0.0/0"
                ],
                "description": "Service port",
                "from_port": 80,
                "ipv6_cidr_blocks": [],
                "prefix_list_ids": [],
                "protocol": "tcp",
                "security_groups": [],
                "self": false,
                "to_port": 3000
              }
            ],
            "name": "extramile-20240422074254540900000004",
            "name_prefix": "extramile-",
            "owner_id": "058264176381",
            "revoke_rules_on_delete": false,
            "tags": {
              "Environment": "Development",
              "Name": "extramile",
              "Project": "Example"
            },
            "tags_all": {
              "Environment": "Development",
              "Name": "extramile",
              "Project": "Example"
            },
            "timeouts": null,
            "vpc_id": "vpc-012d83645192c8ce2"
          },
          "sensitive_attributes": [],
          "private": "eyJlMmJmYjczMC1lY2FhLTExZTYtOGY4OC0zNDM2M2JjN2M0YzAiOnsiY3JlYXRlIjo2MDAwMDAwMDAwMDAsImRlbGV0ZSI6OTAwMDAwMDAwMDAwfSwic2NoZW1hX3ZlcnNpb24iOiIxIn0=",
          "dependencies": [
            "module.service.data.aws_subnet.this"
          ],
          "create_before_destroy": true
        }
      ]
    },
    {
      "module": "module.service[\"extramile\"]",
      "mode": "managed",
      "type": "aws_security_group_rule",
      "name": "this",
      "provider": "provider[\"registry.terraform.io/hashicorp/aws\"]",
      "instances": [
        {
          "index_key": "alb_ingress_3001",
          "schema_version": 2,
          "attributes": {
            "cidr_blocks": [
              "0.0.0.0/0"
            ],
            "description": "Service port",
            "from_port": 80,
            "id": "sgrule-4289928265",
            "ipv6_cidr_blocks": null,
            "prefix_list_ids": null,
            "protocol": "tcp",
            "security_group_id": "sg-04a8885fe99c57441",
            "security_group_rule_id": "sgr-0f247e20df032b120",
            "self": false,
            "source_security_group_id": null,
            "timeouts": null,
            "to_port": 3000,
            "type": "ingress"
          },
          "sensitive_attributes": [],
          "private": "eyJlMmJmYjczMC1lY2FhLTExZTYtOGY4OC0zNDM2M2JjN2M0YzAiOnsiY3JlYXRlIjozMDAwMDAwMDAwMDB9LCJzY2hlbWFfdmVyc2lvbiI6IjIifQ==",
          "dependencies": [
            "module.service.aws_security_group.this",
            "module.service.data.aws_subnet.this"
          ]
        },
        {
          "index_key": "egress_all",
          "schema_version": 2,
          "attributes": {
            "cidr_blocks": [
              "0.0.0.0/0"
            ],
            "description": "",
            "from_port": 0,
            "id": "sgrule-225480805",
            "ipv6_cidr_blocks": null,
            "prefix_list_ids": null,
            "protocol": "-1",
            "security_group_id": "sg-04a8885fe99c57441",
            "security_group_rule_id": "sgr-068a0748200966093",
            "self": false,
            "source_security_group_id": null,
            "timeouts": null,
            "to_port": 0,
            "type": "egress"
          },
          "sensitive_attributes": [],
          "private": "eyJlMmJmYjczMC1lY2FhLTExZTYtOGY4OC0zNDM2M2JjN2M0YzAiOnsiY3JlYXRlIjozMDAwMDAwMDAwMDB9LCJzY2hlbWFfdmVyc2lvbiI6IjIifQ==",
          "dependencies": [
            "module.service.aws_security_group.this",
            "module.service.data.aws_subnet.this"
          ]
        }
      ]
    },
    {
      "module": "module.service[\"extramile\"].module.container_definition[\"api\"]",
      "mode": "data",
      "type": "aws_region",
      "name": "current",
      "provider": "provider[\"registry.terraform.io/hashicorp/aws\"]",
      "instances": [
        {
          "schema_version": 0,
          "attributes": {
            "description": "Asia Pacific (Tokyo)",
            "endpoint": "ec2.ap-northeast-1.amazonaws.com",
            "id": "ap-northeast-1",
            "name": "ap-northeast-1"
          },
          "sensitive_attributes": []
        }
      ]
    }
  ],
  "check_results": null
}
