{
  "version": 4,
  "terraform_version": "1.6.6",
  "serial": 23,
  "lineage": "59ac1369-af79-cd49-ab95-2a32331ebd4f",
  "outputs": {
    "http_tcp_listener_arns": {
      "value": [
        "arn:aws:elasticloadbalancing:ap-northeast-1:058264176381:listener/app/uat-api-loadbalancer/bc781e2fa2e1e23e/888bd9c9264ddcaf"
      ],
      "type": [
        "tuple",
        [
          "string"
        ]
      ]
    },
    "http_tcp_listener_ids": {
      "value": [
        "arn:aws:elasticloadbalancing:ap-northeast-1:058264176381:listener/app/uat-api-loadbalancer/bc781e2fa2e1e23e/888bd9c9264ddcaf"
      ],
      "type": [
        "tuple",
        [
          "string"
        ]
      ]
    },
    "https_listener_arns": {
      "value": [
        "arn:aws:elasticloadbalancing:ap-northeast-1:058264176381:listener/app/uat-api-loadbalancer/bc781e2fa2e1e23e/90e90d9930b234f0"
      ],
      "type": [
        "tuple",
        [
          "string"
        ]
      ]
    },
    "https_listener_ids": {
      "value": [
        "arn:aws:elasticloadbalancing:ap-northeast-1:058264176381:listener/app/uat-api-loadbalancer/bc781e2fa2e1e23e/90e90d9930b234f0"
      ],
      "type": [
        "tuple",
        [
          "string"
        ]
      ]
    },
    "lb_arn": {
      "value": "arn:aws:elasticloadbalancing:ap-northeast-1:058264176381:loadbalancer/app/uat-api-loadbalancer/bc781e2fa2e1e23e",
      "type": "string"
    },
    "lb_arn_suffix": {
      "value": "app/uat-api-loadbalancer/bc781e2fa2e1e23e",
      "type": "string"
    },
    "lb_dns_name": {
      "value": "uat-api-loadbalancer-1897774527.ap-northeast-1.elb.amazonaws.com",
      "type": "string"
    },
    "lb_id": {
      "value": "arn:aws:elasticloadbalancing:ap-northeast-1:058264176381:loadbalancer/app/uat-api-loadbalancer/bc781e2fa2e1e23e",
      "type": "string"
    },
    "lb_zone_id": {
      "value": "Z14GRHDCWA56QT",
      "type": "string"
    },
    "target_group_arn_suffixes": {
      "value": [
        "targetgroup/extramile-uat-api/b7d3793a36afb7c4"
      ],
      "type": [
        "tuple",
        [
          "string"
        ]
      ]
    },
    "target_group_arns": {
      "value": [
        "arn:aws:elasticloadbalancing:ap-northeast-1:058264176381:targetgroup/extramile-uat-api/b7d3793a36afb7c4"
      ],
      "type": [
        "tuple",
        [
          "string"
        ]
      ]
    },
    "target_group_attachments": {
      "value": {},
      "type": [
        "object",
        {}
      ]
    },
    "target_group_names": {
      "value": [
        "extramile-uat-api"
      ],
      "type": [
        "tuple",
        [
          "string"
        ]
      ]
    }
  },
  "resources": [
    {
      "mode": "managed",
      "type": "aws_lb",
      "name": "this",
      "provider": "provider[\"registry.terraform.io/hashicorp/aws\"]",
      "instances": [
        {
          "index_key": 0,
          "schema_version": 0,
          "attributes": {
            "access_logs": [
              {
                "bucket": "",
                "enabled": false,
                "prefix": ""
              }
            ],
            "arn": "arn:aws:elasticloadbalancing:ap-northeast-1:058264176381:loadbalancer/app/uat-api-loadbalancer/bc781e2fa2e1e23e",
            "arn_suffix": "app/uat-api-loadbalancer/bc781e2fa2e1e23e",
            "connection_logs": [
              {
                "bucket": "",
                "enabled": false,
                "prefix": ""
              }
            ],
            "customer_owned_ipv4_pool": "",
            "desync_mitigation_mode": "defensive",
            "dns_name": "uat-api-loadbalancer-1897774527.ap-northeast-1.elb.amazonaws.com",
            "dns_record_client_routing_policy": null,
            "drop_invalid_header_fields": false,
            "enable_cross_zone_load_balancing": true,
            "enable_deletion_protection": false,
            "enable_http2": true,
            "enable_tls_version_and_cipher_suite_headers": false,
            "enable_waf_fail_open": false,
            "enable_xff_client_port": false,
            "enforce_security_group_inbound_rules_on_private_link_traffic": "",
            "id": "arn:aws:elasticloadbalancing:ap-northeast-1:058264176381:loadbalancer/app/uat-api-loadbalancer/bc781e2fa2e1e23e",
            "idle_timeout": 60,
            "internal": false,
            "ip_address_type": "ipv4",
            "load_balancer_type": "application",
            "name": "uat-api-loadbalancer",
            "name_prefix": "",
            "preserve_host_header": false,
            "security_groups": [
              "sg-06f895a8fc45e2ddb"
            ],
            "subnet_mapping": [
              {
                "allocation_id": "",
                "ipv6_address": "",
                "outpost_id": "",
                "private_ipv4_address": "",
                "subnet_id": "subnet-03d259508e51dd51c"
              },
              {
                "allocation_id": "",
                "ipv6_address": "",
                "outpost_id": "",
                "private_ipv4_address": "",
                "subnet_id": "subnet-06c9bb0119257060d"
              }
            ],
            "subnets": [
              "subnet-03d259508e51dd51c",
              "subnet-06c9bb0119257060d"
            ],
            "tags": {
              "Environment": "uat",
              "Name": "uat-api-loadbalancer",
              "Project": "extramile"
            },
            "tags_all": {
              "Environment": "uat",
              "Name": "uat-api-loadbalancer",
              "Project": "extramile"
            },
            "timeouts": {
              "create": "10m",
              "delete": "10m",
              "update": "10m"
            },
            "vpc_id": "vpc-012d83645192c8ce2",
            "xff_header_processing_mode": "append",
            "zone_id": "Z14GRHDCWA56QT"
          },
          "sensitive_attributes": [],
          "private": "eyJlMmJmYjczMC1lY2FhLTExZTYtOGY4OC0zNDM2M2JjN2M0YzAiOnsiY3JlYXRlIjo2MDAwMDAwMDAwMDAsImRlbGV0ZSI6NjAwMDAwMDAwMDAwLCJ1cGRhdGUiOjYwMDAwMDAwMDAwMH19"
        }
      ]
    },
    {
      "mode": "managed",
      "type": "aws_lb_listener",
      "name": "frontend_http_tcp",
      "provider": "provider[\"registry.terraform.io/hashicorp/aws\"]",
      "instances": [
        {
          "index_key": 0,
          "schema_version": 0,
          "attributes": {
            "alpn_policy": null,
            "arn": "arn:aws:elasticloadbalancing:ap-northeast-1:058264176381:listener/app/uat-api-loadbalancer/bc781e2fa2e1e23e/888bd9c9264ddcaf",
            "certificate_arn": null,
            "default_action": [
              {
                "authenticate_cognito": [],
                "authenticate_oidc": [],
                "fixed_response": [],
                "forward": [],
                "order": 1,
                "redirect": [
                  {
                    "host": "#{host}",
                    "path": "/#{path}",
                    "port": "443",
                    "protocol": "HTTPS",
                    "query": "#{query}",
                    "status_code": "HTTP_301"
                  }
                ],
                "target_group_arn": "",
                "type": "redirect"
              }
            ],
            "id": "arn:aws:elasticloadbalancing:ap-northeast-1:058264176381:listener/app/uat-api-loadbalancer/bc781e2fa2e1e23e/888bd9c9264ddcaf",
            "load_balancer_arn": "arn:aws:elasticloadbalancing:ap-northeast-1:058264176381:loadbalancer/app/uat-api-loadbalancer/bc781e2fa2e1e23e",
            "mutual_authentication": [],
            "port": 80,
            "protocol": "HTTP",
            "ssl_policy": "",
            "tags": {
              "Environment": "uat",
              "Name": "uat-extramile-api-loadbalancer",
              "Project": "extramile"
            },
            "tags_all": {
              "Environment": "uat",
              "Name": "uat-extramile-api-loadbalancer",
              "Project": "extramile"
            },
            "timeouts": null
          },
          "sensitive_attributes": [],
          "private": "eyJlMmJmYjczMC1lY2FhLTExZTYtOGY4OC0zNDM2M2JjN2M0YzAiOnsiY3JlYXRlIjozMDAwMDAwMDAwMDAsInVwZGF0ZSI6MzAwMDAwMDAwMDAwfX0=",
          "dependencies": [
            "aws_lb.this",
            "aws_lb_target_group.main"
          ]
        }
      ]
    },
    {
      "mode": "managed",
      "type": "aws_lb_listener",
      "name": "frontend_https",
      "provider": "provider[\"registry.terraform.io/hashicorp/aws\"]",
      "instances": [
        {
          "index_key": 0,
          "schema_version": 0,
          "attributes": {
            "alpn_policy": null,
            "arn": "arn:aws:elasticloadbalancing:ap-northeast-1:058264176381:listener/app/uat-api-loadbalancer/bc781e2fa2e1e23e/90e90d9930b234f0",
            "certificate_arn": "arn:aws:acm:ap-northeast-1:058264176381:certificate/e162ebfe-6ddc-4c1c-b9bd-f5109426b3dd",
            "default_action": [
              {
                "authenticate_cognito": [],
                "authenticate_oidc": [],
                "fixed_response": [
                  {
                    "content_type": "text/html",
                    "message_body": "Access denied",
                    "status_code": "403"
                  }
                ],
                "forward": [],
                "order": 1,
                "redirect": [],
                "target_group_arn": "",
                "type": "fixed-response"
              }
            ],
            "id": "arn:aws:elasticloadbalancing:ap-northeast-1:058264176381:listener/app/uat-api-loadbalancer/bc781e2fa2e1e23e/90e90d9930b234f0",
            "load_balancer_arn": "arn:aws:elasticloadbalancing:ap-northeast-1:058264176381:loadbalancer/app/uat-api-loadbalancer/bc781e2fa2e1e23e",
            "mutual_authentication": [
              {
                "ignore_client_certificate_expiry": false,
                "mode": "off",
                "trust_store_arn": ""
              }
            ],
            "port": 443,
            "protocol": "HTTPS",
            "ssl_policy": "ELBSecurityPolicy-2016-08",
            "tags": {
              "Environment": "uat",
              "Name": "uat-extramile-api-loadbalancer",
              "Project": "extramile"
            },
            "tags_all": {
              "Environment": "uat",
              "Name": "uat-extramile-api-loadbalancer",
              "Project": "extramile"
            },
            "timeouts": null
          },
          "sensitive_attributes": [],
          "private": "eyJlMmJmYjczMC1lY2FhLTExZTYtOGY4OC0zNDM2M2JjN2M0YzAiOnsiY3JlYXRlIjozMDAwMDAwMDAwMDAsInVwZGF0ZSI6MzAwMDAwMDAwMDAwfX0=",
          "dependencies": [
            "aws_lb.this",
            "aws_lb_target_group.main"
          ]
        }
      ]
    },
    {
      "mode": "managed",
      "type": "aws_lb_listener_rule",
      "name": "https_listener_rule",
      "provider": "provider[\"registry.terraform.io/hashicorp/aws\"]",
      "instances": [
        {
          "index_key": 0,
          "schema_version": 0,
          "attributes": {
            "action": [
              {
                "authenticate_cognito": [],
                "authenticate_oidc": [],
                "fixed_response": [],
                "forward": [],
                "order": 1,
                "redirect": [],
                "target_group_arn": "arn:aws:elasticloadbalancing:ap-northeast-1:058264176381:targetgroup/extramile-uat-api/b7d3793a36afb7c4",
                "type": "forward"
              }
            ],
            "arn": "arn:aws:elasticloadbalancing:ap-northeast-1:058264176381:listener-rule/app/uat-api-loadbalancer/bc781e2fa2e1e23e/90e90d9930b234f0/7cd7c59ae627c7a1",
            "condition": [
              {
                "host_header": [
                  {
                    "values": [
                      "api.stakevaultnet.com"
                    ]
                  }
                ],
                "http_header": [],
                "http_request_method": [],
                "path_pattern": [],
                "query_string": [],
                "source_ip": []
              }
            ],
            "id": "arn:aws:elasticloadbalancing:ap-northeast-1:058264176381:listener-rule/app/uat-api-loadbalancer/bc781e2fa2e1e23e/90e90d9930b234f0/7cd7c59ae627c7a1",
            "listener_arn": "arn:aws:elasticloadbalancing:ap-northeast-1:058264176381:listener/app/uat-api-loadbalancer/bc781e2fa2e1e23e/90e90d9930b234f0",
            "priority": 1,
            "tags": {
              "Environment": "uat",
              "Name": "uat-extramile-api-loadbalancer",
              "Project": "extramile"
            },
            "tags_all": {
              "Environment": "uat",
              "Name": "uat-extramile-api-loadbalancer",
              "Project": "extramile"
            }
          },
          "sensitive_attributes": [],
          "private": "bnVsbA==",
          "dependencies": [
            "aws_lb.this",
            "aws_lb_listener.frontend_https",
            "aws_lb_target_group.main"
          ]
        }
      ]
    },
    {
      "mode": "managed",
      "type": "aws_lb_target_group",
      "name": "main",
      "provider": "provider[\"registry.terraform.io/hashicorp/aws\"]",
      "instances": [
        {
          "index_key": 0,
          "schema_version": 0,
          "attributes": {
            "arn": "arn:aws:elasticloadbalancing:ap-northeast-1:058264176381:targetgroup/extramile-uat-api/b7d3793a36afb7c4",
            "arn_suffix": "targetgroup/extramile-uat-api/b7d3793a36afb7c4",
            "connection_termination": null,
            "deregistration_delay": "300",
            "health_check": [
              {
                "enabled": true,
                "healthy_threshold": 3,
                "interval": 10,
                "matcher": "200,404",
                "path": "/",
                "port": "traffic-port",
                "protocol": "HTTP",
                "timeout": 5,
                "unhealthy_threshold": 2
              }
            ],
            "id": "arn:aws:elasticloadbalancing:ap-northeast-1:058264176381:targetgroup/extramile-uat-api/b7d3793a36afb7c4",
            "ip_address_type": "ipv4",
            "lambda_multi_value_headers_enabled": false,
            "load_balancer_arns": [],
            "load_balancing_algorithm_type": "round_robin",
            "load_balancing_anomaly_mitigation": "off",
            "load_balancing_cross_zone_enabled": "use_load_balancer_configuration",
            "name": "extramile-uat-api",
            "name_prefix": "",
            "port": 80,
            "preserve_client_ip": null,
            "protocol": "HTTP",
            "protocol_version": "HTTP1",
            "proxy_protocol_v2": false,
            "slow_start": 0,
            "stickiness": [
              {
                "cookie_duration": 86400,
                "cookie_name": "",
                "enabled": false,
                "type": "lb_cookie"
              }
            ],
            "tags": {
              "Environment": "uat",
              "Name": "extramile-uat-api",
              "Project": "extramile"
            },
            "tags_all": {
              "Environment": "uat",
              "Name": "extramile-uat-api",
              "Project": "extramile"
            },
            "target_failover": [
              {
                "on_deregistration": null,
                "on_unhealthy": null
              }
            ],
            "target_health_state": [
              {
                "enable_unhealthy_connection_termination": null
              }
            ],
            "target_type": "ip",
            "vpc_id": "vpc-012d83645192c8ce2"
          },
          "sensitive_attributes": [],
          "private": "bnVsbA==",
          "create_before_destroy": true
        }
      ]
    }
  ],
  "check_results": null
}
