{
  "version": 4,
  "terraform_version": "1.6.6",
  "serial": 32,
  "lineage": "b75fe11e-a09d-a9f1-32bd-6294275e6a09",
  "outputs": {
    "additional_cluster_endpoints": {
      "value": {},
      "type": [
        "object",
        {}
      ]
    },
    "cluster_arn": {
      "value": "arn:aws:rds:ap-northeast-1:058264176381:cluster:uat-extramile-backup-db",
      "type": "string"
    },
    "cluster_endpoint": {
      "value": "uat-extramile-backup-db.cluster-cnkiwg6eer2o.ap-northeast-1.rds.amazonaws.com",
      "type": "string"
    },
    "cluster_engine_version_actual": {
      "value": "14.5",
      "type": "string"
    },
    "cluster_hosted_zone_id": {
      "value": "Z24O6O9L7SGTNB",
      "type": "string"
    },
    "cluster_id": {
      "value": "uat-extramile-backup-db",
      "type": "string"
    },
    "cluster_instances": {
      "value": {
        "writer": {
          "apply_immediately": true,
          "arn": "arn:aws:rds:ap-northeast-1:058264176381:db:uat-extramile-backup-db-writer",
          "auto_minor_version_upgrade": true,
          "availability_zone": "ap-northeast-1c",
          "ca_cert_identifier": "rds-ca-rsa2048-g1",
          "cluster_identifier": "uat-extramile-backup-db",
          "copy_tags_to_snapshot": false,
          "custom_iam_instance_profile": "",
          "db_parameter_group_name": "default.aurora-postgresql14",
          "db_subnet_group_name": "extramile-backup-subnet-group",
          "dbi_resource_id": "db-74W4ZLWXR4ZUCV653CMACQMY6I",
          "endpoint": "uat-extramile-backup-db-writer.cnkiwg6eer2o.ap-northeast-1.rds.amazonaws.com",
          "engine": "aurora-postgresql",
          "engine_version": "14.5",
          "engine_version_actual": "14.5",
          "id": "uat-extramile-backup-db-writer",
          "identifier": "uat-extramile-backup-db-writer",
          "identifier_prefix": "",
          "instance_class": "db.t3.medium",
          "kms_key_id": "arn:aws:kms:ap-northeast-1:058264176381:key/8d8f3a5a-d667-4f95-8227-13729ad82ac6",
          "monitoring_interval": 10,
          "monitoring_role_arn": "arn:aws:iam::058264176381:role/terraform-20240421153501010200000001",
          "network_type": "IPV4",
          "performance_insights_enabled": false,
          "performance_insights_kms_key_id": "",
          "performance_insights_retention_period": 0,
          "port": 5432,
          "preferred_backup_window": "02:00-03:00",
          "preferred_maintenance_window": "sun:05:00-sun:06:00",
          "promotion_tier": 0,
          "publicly_accessible": false,
          "storage_encrypted": true,
          "tags": null,
          "tags_all": {},
          "timeouts": {
            "create": null,
            "delete": null,
            "update": null
          },
          "writer": true
        }
      },
      "type": [
        "object",
        {
          "writer": [
            "object",
            {
              "apply_immediately": "bool",
              "arn": "string",
              "auto_minor_version_upgrade": "bool",
              "availability_zone": "string",
              "ca_cert_identifier": "string",
              "cluster_identifier": "string",
              "copy_tags_to_snapshot": "bool",
              "custom_iam_instance_profile": "string",
              "db_parameter_group_name": "string",
              "db_subnet_group_name": "string",
              "dbi_resource_id": "string",
              "endpoint": "string",
              "engine": "string",
              "engine_version": "string",
              "engine_version_actual": "string",
              "id": "string",
              "identifier": "string",
              "identifier_prefix": "string",
              "instance_class": "string",
              "kms_key_id": "string",
              "monitoring_interval": "number",
              "monitoring_role_arn": "string",
              "network_type": "string",
              "performance_insights_enabled": "bool",
              "performance_insights_kms_key_id": "string",
              "performance_insights_retention_period": "number",
              "port": "number",
              "preferred_backup_window": "string",
              "preferred_maintenance_window": "string",
              "promotion_tier": "number",
              "publicly_accessible": "bool",
              "storage_encrypted": "bool",
              "tags": [
                "map",
                "string"
              ],
              "tags_all": [
                "map",
                "string"
              ],
              "timeouts": [
                "object",
                {
                  "create": "string",
                  "delete": "string",
                  "update": "string"
                }
              ],
              "writer": "bool"
            }
          ]
        }
      ]
    },
    "cluster_master_password": {
      "value": "4YcUuSG6bQ",
      "type": "string",
      "sensitive": true
    },
    "cluster_master_username": {
      "value": "extramile",
      "type": "string",
      "sensitive": true
    },
    "cluster_members": {
      "value": [],
      "type": [
        "set",
        "string"
      ]
    },
    "cluster_port": {
      "value": 5432,
      "type": "number"
    },
    "cluster_reader_endpoint": {
      "value": "uat-extramile-backup-db.cluster-ro-cnkiwg6eer2o.ap-northeast-1.rds.amazonaws.com",
      "type": "string"
    },
    "cluster_resource_id": {
      "value": "cluster-NTRWZHZGT77B3PTBJLSOSEKN3Q",
      "type": "string"
    },
    "cluster_role_associations": {
      "value": {},
      "type": [
        "object",
        {}
      ]
    },
    "db_subnet_group_name": {
      "value": "extramile-backup-subnet-group",
      "type": "string"
    },
    "enhanced_monitoring_iam_role_arn": {
      "value": "arn:aws:iam::058264176381:role/terraform-20240421153501010200000001",
      "type": "string"
    },
    "enhanced_monitoring_iam_role_name": {
      "value": "terraform-20240421153501010200000001",
      "type": "string"
    },
    "enhanced_monitoring_iam_role_unique_id": {
      "value": "AROAQ3EGQY36WTIJF2SY5",
      "type": "string"
    },
    "security_group_id": {
      "value": "",
      "type": "string"
    }
  },
  "resources": [
    {
      "mode": "data",
      "type": "aws_iam_policy_document",
      "name": "monitoring_rds_assume_role",
      "provider": "provider[\"registry.terraform.io/hashicorp/aws\"]",
      "instances": [
        {
          "schema_version": 0,
          "attributes": {
            "id": "76086537",
            "json": "{\n  \"Version\": \"2012-10-17\",\n  \"Statement\": [\n    {\n      \"Effect\": \"Allow\",\n      \"Action\": \"sts:AssumeRole\",\n      \"Principal\": {\n        \"Service\": \"monitoring.rds.amazonaws.com\"\n      }\n    }\n  ]\n}",
            "override_json": null,
            "override_policy_documents": null,
            "policy_id": null,
            "source_json": null,
            "source_policy_documents": null,
            "statement": [
              {
                "actions": [
                  "sts:AssumeRole"
                ],
                "condition": [],
                "effect": "Allow",
                "not_actions": [],
                "not_principals": [],
                "not_resources": [],
                "principals": [
                  {
                    "identifiers": [
                      "monitoring.rds.amazonaws.com"
                    ],
                    "type": "Service"
                  }
                ],
                "resources": [],
                "sid": ""
              }
            ],
            "version": "2012-10-17"
          },
          "sensitive_attributes": []
        }
      ]
    },
    {
      "mode": "data",
      "type": "aws_partition",
      "name": "current",
      "provider": "provider[\"registry.terraform.io/hashicorp/aws\"]",
      "instances": [
        {
          "schema_version": 0,
          "attributes": {
            "dns_suffix": "amazonaws.com",
            "id": "aws",
            "partition": "aws",
            "reverse_dns_prefix": "com.amazonaws"
          },
          "sensitive_attributes": []
        }
      ]
    },
    {
      "mode": "managed",
      "type": "aws_db_subnet_group",
      "name": "this",
      "provider": "provider[\"registry.terraform.io/hashicorp/aws\"]",
      "instances": [
        {
          "index_key": 0,
          "schema_version": 0,
          "attributes": {
            "arn": "arn:aws:rds:ap-northeast-1:058264176381:subgrp:extramile-backup-subnet-group",
            "description": "For Aurora cluster uat-extramile-backup-db",
            "id": "extramile-backup-subnet-group",
            "name": "extramile-backup-subnet-group",
            "name_prefix": "",
            "subnet_ids": [
              "subnet-0acd1e0cbea8ceb58",
              "subnet-0e996efdbf6b8f322"
            ],
            "supported_network_types": [
              "IPV4"
            ],
            "tags": null,
            "tags_all": {},
            "vpc_id": "vpc-012d83645192c8ce2"
          },
          "sensitive_attributes": [],
          "private": "bnVsbA=="
        }
      ]
    },
    {
      "mode": "managed",
      "type": "aws_iam_role",
      "name": "rds_enhanced_monitoring",
      "provider": "provider[\"registry.terraform.io/hashicorp/aws\"]",
      "instances": [
        {
          "index_key": 0,
          "schema_version": 0,
          "attributes": {
            "arn": "arn:aws:iam::058264176381:role/terraform-20240421153501010200000001",
            "assume_role_policy": "{\"Statement\":[{\"Action\":\"sts:AssumeRole\",\"Effect\":\"Allow\",\"Principal\":{\"Service\":\"monitoring.rds.amazonaws.com\"}}],\"Version\":\"2012-10-17\"}",
            "create_date": "2024-04-21T15:35:01Z",
            "description": "",
            "force_detach_policies": false,
            "id": "terraform-20240421153501010200000001",
            "inline_policy": [],
            "managed_policy_arns": [
              "arn:aws:iam::aws:policy/service-role/AmazonRDSEnhancedMonitoringRole"
            ],
            "max_session_duration": 3600,
            "name": "terraform-20240421153501010200000001",
            "name_prefix": "terraform-",
            "path": "/",
            "permissions_boundary": "",
            "tags": {},
            "tags_all": {},
            "unique_id": "AROAQ3EGQY36WTIJF2SY5"
          },
          "sensitive_attributes": [],
          "private": "bnVsbA==",
          "dependencies": [
            "data.aws_iam_policy_document.monitoring_rds_assume_role"
          ]
        }
      ]
    },
    {
      "mode": "managed",
      "type": "aws_iam_role_policy_attachment",
      "name": "rds_enhanced_monitoring",
      "provider": "provider[\"registry.terraform.io/hashicorp/aws\"]",
      "instances": [
        {
          "index_key": 0,
          "schema_version": 0,
          "attributes": {
            "id": "terraform-20240421153501010200000001-20240421153503200000000002",
            "policy_arn": "arn:aws:iam::aws:policy/service-role/AmazonRDSEnhancedMonitoringRole",
            "role": "terraform-20240421153501010200000001"
          },
          "sensitive_attributes": [],
          "private": "bnVsbA==",
          "dependencies": [
            "aws_iam_role.rds_enhanced_monitoring",
            "data.aws_iam_policy_document.monitoring_rds_assume_role",
            "data.aws_partition.current"
          ]
        }
      ]
    },
    {
      "mode": "managed",
      "type": "aws_rds_cluster",
      "name": "this",
      "provider": "provider[\"registry.terraform.io/hashicorp/aws\"]",
      "instances": [
        {
          "index_key": 0,
          "schema_version": 1,
          "attributes": {
            "allocated_storage": 1,
            "allow_major_version_upgrade": false,
            "apply_immediately": true,
            "arn": "arn:aws:rds:ap-northeast-1:058264176381:cluster:uat-extramile-backup-db",
            "availability_zones": [
              "ap-northeast-1a",
              "ap-northeast-1c",
              "ap-northeast-1d"
            ],
            "backtrack_window": 0,
            "backup_retention_period": 7,
            "cluster_identifier": "uat-extramile-backup-db",
            "cluster_identifier_prefix": "",
            "cluster_members": [],
            "cluster_resource_id": "cluster-NTRWZHZGT77B3PTBJLSOSEKN3Q",
            "copy_tags_to_snapshot": false,
            "database_name": null,
            "db_cluster_instance_class": "",
            "db_cluster_parameter_group_name": "default.aurora-postgresql14",
            "db_instance_parameter_group_name": null,
            "db_subnet_group_name": "extramile-backup-subnet-group",
            "db_system_id": "",
            "delete_automated_backups": true,
            "deletion_protection": false,
            "domain": "",
            "domain_iam_role_name": "",
            "enable_global_write_forwarding": false,
            "enable_http_endpoint": false,
            "enable_local_write_forwarding": false,
            "enabled_cloudwatch_logs_exports": [
              "postgresql"
            ],
            "endpoint": "uat-extramile-backup-db.cluster-cnkiwg6eer2o.ap-northeast-1.rds.amazonaws.com",
            "engine": "aurora-postgresql",
            "engine_mode": "provisioned",
            "engine_version": "14.5",
            "engine_version_actual": "14.5",
            "final_snapshot_identifier": "final-uat-extramile-backup-db-13e6c696",
            "global_cluster_identifier": "",
            "hosted_zone_id": "Z24O6O9L7SGTNB",
            "iam_database_authentication_enabled": false,
            "iam_roles": [],
            "id": "uat-extramile-backup-db",
            "iops": 0,
            "kms_key_id": "arn:aws:kms:ap-northeast-1:058264176381:key/8d8f3a5a-d667-4f95-8227-13729ad82ac6",
            "manage_master_user_password": null,
            "master_password": "4YcUuSG6bQ",
            "master_user_secret": [],
            "master_user_secret_kms_key_id": null,
            "master_username": "extramile",
            "network_type": "IPV4",
            "port": 5432,
            "preferred_backup_window": "02:00-03:00",
            "preferred_maintenance_window": "sun:05:00-sun:06:00",
            "reader_endpoint": "uat-extramile-backup-db.cluster-ro-cnkiwg6eer2o.ap-northeast-1.rds.amazonaws.com",
            "replication_source_identifier": "",
            "restore_to_point_in_time": [],
            "s3_import": [],
            "scaling_configuration": [],
            "serverlessv2_scaling_configuration": [],
            "skip_final_snapshot": false,
            "snapshot_identifier": null,
            "source_region": null,
            "storage_encrypted": true,
            "storage_type": "",
            "tags": null,
            "tags_all": {},
            "timeouts": {
              "create": null,
              "delete": null,
              "update": null
            },
            "vpc_security_group_ids": [
              "sg-05aaadbbe3817d761"
            ]
          },
          "sensitive_attributes": [
            [
              {
                "type": "get_attr",
                "value": "master_password"
              }
            ]
          ],
          "private": "eyJlMmJmYjczMC1lY2FhLTExZTYtOGY4OC0zNDM2M2JjN2M0YzAiOnsiY3JlYXRlIjo3MjAwMDAwMDAwMDAwLCJkZWxldGUiOjcyMDAwMDAwMDAwMDAsInVwZGF0ZSI6NzIwMDAwMDAwMDAwMH0sInNjaGVtYV92ZXJzaW9uIjoiMSJ9",
          "dependencies": [
            "aws_db_subnet_group.this",
            "aws_security_group.this",
            "random_id.snapshot_identifier",
            "random_password.master_password"
          ]
        }
      ]
    },
    {
      "mode": "managed",
      "type": "aws_rds_cluster_instance",
      "name": "this",
      "provider": "provider[\"registry.terraform.io/hashicorp/aws\"]",
      "instances": [
        {
          "index_key": "writer",
          "schema_version": 0,
          "attributes": {
            "apply_immediately": true,
            "arn": "arn:aws:rds:ap-northeast-1:058264176381:db:uat-extramile-backup-db-writer",
            "auto_minor_version_upgrade": true,
            "availability_zone": "ap-northeast-1c",
            "ca_cert_identifier": "rds-ca-rsa2048-g1",
            "cluster_identifier": "uat-extramile-backup-db",
            "copy_tags_to_snapshot": false,
            "custom_iam_instance_profile": "",
            "db_parameter_group_name": "default.aurora-postgresql14",
            "db_subnet_group_name": "extramile-backup-subnet-group",
            "dbi_resource_id": "db-74W4ZLWXR4ZUCV653CMACQMY6I",
            "endpoint": "uat-extramile-backup-db-writer.cnkiwg6eer2o.ap-northeast-1.rds.amazonaws.com",
            "engine": "aurora-postgresql",
            "engine_version": "14.5",
            "engine_version_actual": "14.5",
            "id": "uat-extramile-backup-db-writer",
            "identifier": "uat-extramile-backup-db-writer",
            "identifier_prefix": "",
            "instance_class": "db.t3.medium",
            "kms_key_id": "arn:aws:kms:ap-northeast-1:058264176381:key/8d8f3a5a-d667-4f95-8227-13729ad82ac6",
            "monitoring_interval": 10,
            "monitoring_role_arn": "arn:aws:iam::058264176381:role/terraform-20240421153501010200000001",
            "network_type": "IPV4",
            "performance_insights_enabled": false,
            "performance_insights_kms_key_id": "",
            "performance_insights_retention_period": 0,
            "port": 5432,
            "preferred_backup_window": "02:00-03:00",
            "preferred_maintenance_window": "sun:05:00-sun:06:00",
            "promotion_tier": 0,
            "publicly_accessible": false,
            "storage_encrypted": true,
            "tags": null,
            "tags_all": {},
            "timeouts": {
              "create": null,
              "delete": null,
              "update": null
            },
            "writer": true
          },
          "sensitive_attributes": [],
          "private": "eyJlMmJmYjczMC1lY2FhLTExZTYtOGY4OC0zNDM2M2JjN2M0YzAiOnsiY3JlYXRlIjo1NDAwMDAwMDAwMDAwLCJkZWxldGUiOjU0MDAwMDAwMDAwMDAsInVwZGF0ZSI6NTQwMDAwMDAwMDAwMH19",
          "dependencies": [
            "aws_db_subnet_group.this",
            "aws_iam_role.rds_enhanced_monitoring",
            "aws_rds_cluster.this",
            "aws_security_group.this",
            "data.aws_iam_policy_document.monitoring_rds_assume_role",
            "random_id.snapshot_identifier",
            "random_password.master_password"
          ]
        }
      ]
    },
    {
      "mode": "managed",
      "type": "random_id",
      "name": "snapshot_identifier",
      "provider": "provider[\"registry.terraform.io/hashicorp/random\"]",
      "instances": [
        {
          "index_key": 0,
          "schema_version": 0,
          "attributes": {
            "b64_std": "E+bGlg==",
            "b64_url": "E-bGlg",
            "byte_length": 4,
            "dec": "333891222",
            "hex": "13e6c696",
            "id": "E-bGlg",
            "keepers": {
              "id": "uat-extramile-backup-db"
            },
            "prefix": null
          },
          "sensitive_attributes": []
        }
      ]
    },
    {
      "mode": "managed",
      "type": "random_password",
      "name": "master_password",
      "provider": "provider[\"registry.terraform.io/hashicorp/random\"]",
      "instances": [
        {
          "index_key": 0,
          "schema_version": 3,
          "attributes": {
            "bcrypt_hash": "$2a$10$MWzrp0dvH/.dhe/7kZ8VNOXmW15S2qz4L4M7nw4kLNT41t90ursyq",
            "id": "none",
            "keepers": null,
            "length": 10,
            "lower": true,
            "min_lower": 0,
            "min_numeric": 0,
            "min_special": 0,
            "min_upper": 0,
            "number": true,
            "numeric": true,
            "override_special": null,
            "result": "4YcUuSG6bQ",
            "special": false,
            "upper": true
          },
          "sensitive_attributes": []
        }
      ]
    }
  ],
  "check_results": null
}
