{
  "version": 4,
  "terraform_version": "1.6.6",
  "serial": 29,
  "lineage": "cba45772-b49c-b4e9-10ba-307f8197d2c3",
  "outputs": {
    "ec2_role": {
      "value": "bastion",
      "type": "string"
    }
  },
  "resources": [
    {
      "mode": "managed",
      "type": "aws_iam_instance_profile",
      "name": "ec2_profile",
      "provider": "provider[\"registry.terraform.io/hashicorp/aws\"]",
      "instances": [
        {
          "schema_version": 0,
          "attributes": {
            "arn": "arn:aws:iam::058264176381:instance-profile/bastion",
            "create_date": "2024-04-21T07:49:54Z",
            "id": "bastion",
            "name": "bastion",
            "name_prefix": "",
            "path": "/",
            "role": "S3AccessRoleBastion",
            "tags": null,
            "tags_all": {},
            "unique_id": "AIPAQ3EGQY36TEPUNNODR"
          },
          "sensitive_attributes": [],
          "private": "bnVsbA==",
          "dependencies": [
            "aws_iam_role.S3AccessRoleBastion"
          ]
        }
      ]
    },
    {
      "mode": "managed",
      "type": "aws_iam_policy",
      "name": "ec2_policy",
      "provider": "provider[\"registry.terraform.io/hashicorp/aws\"]",
      "instances": [
        {
          "schema_version": 0,
          "attributes": {
            "arn": "arn:aws:iam::058264176381:policy/bastion_policy",
            "description": "s3_access_policy",
            "id": "arn:aws:iam::058264176381:policy/bastion_policy",
            "name": "bastion_policy",
            "name_prefix": "",
            "path": "/",
            "policy": "{\"Statement\":[{\"Action\":[\"cloudfront:*\",\"s3:*\",\"elasticbeanstalk:*\",\"ec2:*\",\"cloudformation:*\",\"logs:*\",\"application-autoscaling:*\",\"autoscaling-plans:*\",\"autoscaling:*\",\"elasticloadbalancing:*\"],\"Effect\":\"Allow\",\"Resource\":\"*\",\"Sid\":\"VisualEditor0\"}],\"Version\":\"2012-10-17\"}",
            "policy_id": "ANPAQ3EGQY36ZDYUTBMSI",
            "tags": null,
            "tags_all": {}
          },
          "sensitive_attributes": [],
          "private": "bnVsbA=="
        }
      ]
    },
    {
      "mode": "managed",
      "type": "aws_iam_role",
      "name": "S3AccessRoleBastion",
      "provider": "provider[\"registry.terraform.io/hashicorp/aws\"]",
      "instances": [
        {
          "schema_version": 0,
          "attributes": {
            "arn": "arn:aws:iam::058264176381:role/S3AccessRoleBastion",
            "assume_role_policy": "{\"Statement\":[{\"Action\":\"sts:AssumeRole\",\"Effect\":\"Allow\",\"Principal\":{\"Service\":\"ec2.amazonaws.com\"},\"Sid\":\"\"}],\"Version\":\"2012-10-17\"}",
            "create_date": "2024-04-21T07:49:53Z",
            "description": "",
            "force_detach_policies": false,
            "id": "S3AccessRoleBastion",
            "inline_policy": [],
            "managed_policy_arns": [],
            "max_session_duration": 3600,
            "name": "S3AccessRoleBastion",
            "name_prefix": "",
            "path": "/",
            "permissions_boundary": "",
            "tags": null,
            "tags_all": {},
            "unique_id": "AROAQ3EGQY36YMHQ3METN"
          },
          "sensitive_attributes": [],
          "private": "bnVsbA=="
        }
      ]
    },
    {
      "mode": "managed",
      "type": "aws_iam_role_policy_attachment",
      "name": "role-attach",
      "provider": "provider[\"registry.terraform.io/hashicorp/aws\"]",
      "instances": [
        {
          "schema_version": 0,
          "attributes": {
            "id": "S3AccessRoleBastion-20240421074955207200000003",
            "policy_arn": "arn:aws:iam::058264176381:policy/bastion_policy",
            "role": "S3AccessRoleBastion"
          },
          "sensitive_attributes": [],
          "private": "bnVsbA==",
          "dependencies": [
            "aws_iam_policy.ec2_policy",
            "aws_iam_role.S3AccessRoleBastion"
          ]
        }
      ]
    },
    {
      "mode": "managed",
      "type": "aws_iam_role_policy_attachment",
      "name": "role-attach3",
      "provider": "provider[\"registry.terraform.io/hashicorp/aws\"]",
      "instances": [
        {
          "schema_version": 0,
          "attributes": {
            "id": "S3AccessRoleBastion-20240421074954867500000002",
            "policy_arn": "arn:aws:iam::aws:policy/CloudFrontFullAccess",
            "role": "S3AccessRoleBastion"
          },
          "sensitive_attributes": [],
          "private": "bnVsbA==",
          "dependencies": [
            "aws_iam_role.S3AccessRoleBastion"
          ]
        }
      ]
    },
    {
      "mode": "managed",
      "type": "aws_iam_role_policy_attachment",
      "name": "role-attach4",
      "provider": "provider[\"registry.terraform.io/hashicorp/aws\"]",
      "instances": [
        {
          "schema_version": 0,
          "attributes": {
            "id": "S3AccessRoleBastion-20240421074954822600000001",
            "policy_arn": "arn:aws:iam::aws:policy/AmazonEC2FullAccess",
            "role": "S3AccessRoleBastion"
          },
          "sensitive_attributes": [],
          "private": "bnVsbA==",
          "dependencies": [
            "aws_iam_role.S3AccessRoleBastion"
          ]
        }
      ]
    }
  ],
  "check_results": null
}
