{
  "version": 4,
  "terraform_version": "1.6.6",
  "serial": 149,
  "lineage": "7b08d302-08c4-7fb4-d4e1-7abeb382a3a3",
  "outputs": {
    "autoscaling_capacity_providers": {
      "value": {},
      "type": [
        "object",
        {}
      ]
    },
    "cloudwatch_log_group_arn": {
      "value": "arn:aws:logs:ap-northeast-1:058264176381:log-group:/aws/ecs/uat-metaverse-backup",
      "type": "string"
    },
    "cloudwatch_log_group_name": {
      "value": "/aws/ecs/uat-metaverse-backup",
      "type": "string"
    },
    "cluster_arn": {
      "value": "arn:aws:ecs:ap-northeast-1:058264176381:cluster/uat-metaverse-backup",
      "type": "string"
    },
    "cluster_capacity_providers": {
      "value": {
        "uat-metaverse-backup": {
          "capacity_providers": [
            "FARGATE",
            "FARGATE_SPOT"
          ],
          "cluster_name": "uat-metaverse-backup",
          "default_capacity_provider_strategy": [
            {
              "base": 0,
              "capacity_provider": "FARGATE",
              "weight": 50
            },
            {
              "base": 0,
              "capacity_provider": "FARGATE_SPOT",
              "weight": 50
            }
          ],
          "id": "uat-metaverse-backup"
        }
      },
      "type": [
        "object",
        {
          "uat-metaverse-backup": [
            "object",
            {
              "capacity_providers": [
                "set",
                "string"
              ],
              "cluster_name": "string",
              "default_capacity_provider_strategy": [
                "set",
                [
                  "object",
                  {
                    "base": "number",
                    "capacity_provider": "string",
                    "weight": "number"
                  }
                ]
              ],
              "id": "string"
            }
          ]
        }
      ]
    },
    "cluster_id": {
      "value": "arn:aws:ecs:ap-northeast-1:058264176381:cluster/uat-metaverse-backup",
      "type": "string"
    },
    "cluster_name": {
      "value": "uat-metaverse-backup",
      "type": "string"
    },
    "services": {
      "value": {
        "edutek": {
          "autoscaling_policies": {
            "cpu": {
              "alarm_arns": [
                "arn:aws:cloudwatch:ap-northeast-1:058264176381:alarm:TargetTracking-service/uat-metaverse-backup/edutek-AlarmHigh-901fed88-5b92-4c94-94bf-e3c6aa80073f",
                "arn:aws:cloudwatch:ap-northeast-1:058264176381:alarm:TargetTracking-service/uat-metaverse-backup/edutek-AlarmLow-89eac5ae-40d5-418c-b421-d631502589ab"
              ],
              "arn": "arn:aws:autoscaling:ap-northeast-1:058264176381:scalingPolicy:6846ea9e-254d-4b15-aedc-3569a78ca07c:resource/ecs/service/uat-metaverse-backup/edutek:policyName/cpu",
              "id": "cpu",
              "name": "cpu",
              "policy_type": "TargetTrackingScaling",
              "resource_id": "service/uat-metaverse-backup/edutek",
              "scalable_dimension": "ecs:service:DesiredCount",
              "service_namespace": "ecs",
              "step_scaling_policy_configuration": [],
              "target_tracking_scaling_policy_configuration": [
                {
                  "customized_metric_specification": [],
                  "disable_scale_in": false,
                  "predefined_metric_specification": [
                    {
                      "predefined_metric_type": "ECSServiceAverageCPUUtilization",
                      "resource_label": ""
                    }
                  ],
                  "scale_in_cooldown": 300,
                  "scale_out_cooldown": 60,
                  "target_value": 75
                }
              ]
            },
            "memory": {
              "alarm_arns": [
                "arn:aws:cloudwatch:ap-northeast-1:058264176381:alarm:TargetTracking-service/uat-metaverse-backup/edutek-AlarmHigh-e9de99ef-ee42-4afd-a439-c70273771389",
                "arn:aws:cloudwatch:ap-northeast-1:058264176381:alarm:TargetTracking-service/uat-metaverse-backup/edutek-AlarmLow-9dc754ea-f5b6-4aa3-be1d-033e61e9668b"
              ],
              "arn": "arn:aws:autoscaling:ap-northeast-1:058264176381:scalingPolicy:6846ea9e-254d-4b15-aedc-3569a78ca07c:resource/ecs/service/uat-metaverse-backup/edutek:policyName/memory",
              "id": "memory",
              "name": "memory",
              "policy_type": "TargetTrackingScaling",
              "resource_id": "service/uat-metaverse-backup/edutek",
              "scalable_dimension": "ecs:service:DesiredCount",
              "service_namespace": "ecs",
              "step_scaling_policy_configuration": [],
              "target_tracking_scaling_policy_configuration": [
                {
                  "customized_metric_specification": [],
                  "disable_scale_in": false,
                  "predefined_metric_specification": [
                    {
                      "predefined_metric_type": "ECSServiceAverageMemoryUtilization",
                      "resource_label": ""
                    }
                  ],
                  "scale_in_cooldown": 300,
                  "scale_out_cooldown": 60,
                  "target_value": 75
                }
              ]
            }
          },
          "autoscaling_scheduled_actions": {},
          "container_definitions": {
            "seccond_backup_api": {
              "cloudwatch_log_group_arn": null,
              "cloudwatch_log_group_name": null,
              "container_definition": {
                "cpu": 1024,
                "environment": [],
                "essential": true,
                "image": "058264176381.dkr.ecr.ap-northeast-1.amazonaws.com/uat-extramile-repo:2",
                "interactive": false,
                "linuxParameters": {
                  "initProcessEnabled": false
                },
                "memory": 2048,
                "mountPoints": [],
                "name": "seccond_backup_api",
                "portMappings": [
                  {
                    "containerPort": 3002,
                    "name": "backup-ap2",
                    "protocol": "tcp"
                  }
                ],
                "privileged": false,
                "pseudoTerminal": false,
                "readonlyRootFilesystem": false,
                "startTimeout": 30,
                "stopTimeout": 120,
                "systemControls": [],
                "user": "0",
                "volumesFrom": []
              }
            }
          },
          "iam_role_arn": null,
          "iam_role_name": null,
          "iam_role_unique_id": null,
          "id": "arn:aws:ecs:ap-northeast-1:058264176381:service/uat-metaverse-backup/edutek",
          "name": "edutek",
          "security_group_arn": "arn:aws:ec2:ap-northeast-1:058264176381:security-group/sg-047a311ccff68520a",
          "security_group_id": "sg-047a311ccff68520a",
          "task_definition_arn": "arn:aws:ecs:ap-northeast-1:058264176381:task-definition/edutek:2",
          "task_definition_family": "edutek",
          "task_definition_family_revision": "edutek:2",
          "task_definition_revision": 2,
          "task_exec_iam_role_arn": "arn:aws:iam::058264176381:role/edutek-20240423032338279700000003",
          "task_exec_iam_role_name": "edutek-20240423032338279700000003",
          "task_exec_iam_role_unique_id": "AROAQ3EGQY36ZRQHKWBKZ",
          "task_set_arn": null,
          "task_set_id": null,
          "task_set_stability_status": null,
          "task_set_status": null,
          "tasks_iam_role_arn": "arn:aws:iam::058264176381:role/edutek-20240423032338862200000006",
          "tasks_iam_role_name": "edutek-20240423032338862200000006",
          "tasks_iam_role_unique_id": "AROAQ3EGQY36SGASYDVWW"
        },
        "ell": {
          "autoscaling_policies": {
            "cpu": {
              "alarm_arns": [
                "arn:aws:cloudwatch:ap-northeast-1:058264176381:alarm:TargetTracking-service/uat-metaverse-backup/ell-AlarmHigh-f252bd45-e121-4f64-bb56-3a0dcdce1412",
                "arn:aws:cloudwatch:ap-northeast-1:058264176381:alarm:TargetTracking-service/uat-metaverse-backup/ell-AlarmLow-d4346a0d-56ff-4a04-9082-4daa02a8b6fd"
              ],
              "arn": "arn:aws:autoscaling:ap-northeast-1:058264176381:scalingPolicy:0a3e2161-f951-44dc-95c6-a661330dba4b:resource/ecs/service/uat-metaverse-backup/ell:policyName/cpu",
              "id": "cpu",
              "name": "cpu",
              "policy_type": "TargetTrackingScaling",
              "resource_id": "service/uat-metaverse-backup/ell",
              "scalable_dimension": "ecs:service:DesiredCount",
              "service_namespace": "ecs",
              "step_scaling_policy_configuration": [],
              "target_tracking_scaling_policy_configuration": [
                {
                  "customized_metric_specification": [],
                  "disable_scale_in": false,
                  "predefined_metric_specification": [
                    {
                      "predefined_metric_type": "ECSServiceAverageCPUUtilization",
                      "resource_label": ""
                    }
                  ],
                  "scale_in_cooldown": 300,
                  "scale_out_cooldown": 60,
                  "target_value": 75
                }
              ]
            },
            "memory": {
              "alarm_arns": [
                "arn:aws:cloudwatch:ap-northeast-1:058264176381:alarm:TargetTracking-service/uat-metaverse-backup/ell-AlarmHigh-bf2979d4-da5c-4644-8ef5-6e21de1e25f8",
                "arn:aws:cloudwatch:ap-northeast-1:058264176381:alarm:TargetTracking-service/uat-metaverse-backup/ell-AlarmLow-53d8d5a7-803d-4cc6-8c49-daa95660b960"
              ],
              "arn": "arn:aws:autoscaling:ap-northeast-1:058264176381:scalingPolicy:0a3e2161-f951-44dc-95c6-a661330dba4b:resource/ecs/service/uat-metaverse-backup/ell:policyName/memory",
              "id": "memory",
              "name": "memory",
              "policy_type": "TargetTrackingScaling",
              "resource_id": "service/uat-metaverse-backup/ell",
              "scalable_dimension": "ecs:service:DesiredCount",
              "service_namespace": "ecs",
              "step_scaling_policy_configuration": [],
              "target_tracking_scaling_policy_configuration": [
                {
                  "customized_metric_specification": [],
                  "disable_scale_in": false,
                  "predefined_metric_specification": [
                    {
                      "predefined_metric_type": "ECSServiceAverageMemoryUtilization",
                      "resource_label": ""
                    }
                  ],
                  "scale_in_cooldown": 300,
                  "scale_out_cooldown": 60,
                  "target_value": 75
                }
              ]
            }
          },
          "autoscaling_scheduled_actions": {},
          "container_definitions": {
            "first_backup_api": {
              "cloudwatch_log_group_arn": null,
              "cloudwatch_log_group_name": null,
              "container_definition": {
                "cpu": 1024,
                "environment": [],
                "essential": true,
                "image": "058264176381.dkr.ecr.ap-northeast-1.amazonaws.com/uat-extramile-repo:1",
                "interactive": false,
                "linuxParameters": {
                  "initProcessEnabled": false
                },
                "memory": 2048,
                "mountPoints": [],
                "name": "first_backup_api",
                "portMappings": [
                  {
                    "containerPort": 3001,
                    "name": "backup-api",
                    "protocol": "tcp"
                  }
                ],
                "privileged": false,
                "pseudoTerminal": false,
                "readonlyRootFilesystem": false,
                "startTimeout": 30,
                "stopTimeout": 120,
                "systemControls": [],
                "user": "0",
                "volumesFrom": []
              }
            }
          },
          "iam_role_arn": null,
          "iam_role_name": null,
          "iam_role_unique_id": null,
          "id": "arn:aws:ecs:ap-northeast-1:058264176381:service/uat-metaverse-backup/ell",
          "name": "ell",
          "security_group_arn": "arn:aws:ec2:ap-northeast-1:058264176381:security-group/sg-03fcb5233807af493",
          "security_group_id": "sg-03fcb5233807af493",
          "task_definition_arn": "arn:aws:ecs:ap-northeast-1:058264176381:task-definition/ell:2",
          "task_definition_family": "ell",
          "task_definition_family_revision": "ell:2",
          "task_definition_revision": 2,
          "task_exec_iam_role_arn": "arn:aws:iam::058264176381:role/ell-20240423032338281900000005",
          "task_exec_iam_role_name": "ell-20240423032338281900000005",
          "task_exec_iam_role_unique_id": "AROAQ3EGQY36Q5HNO4YZZ",
          "task_set_arn": null,
          "task_set_id": null,
          "task_set_stability_status": null,
          "task_set_status": null,
          "tasks_iam_role_arn": "arn:aws:iam::058264176381:role/ell-20240423032338277300000002",
          "tasks_iam_role_name": "ell-20240423032338277300000002",
          "tasks_iam_role_unique_id": "AROAQ3EGQY36WZZA7M6PP"
        }
      },
      "type": [
        "object",
        {
          "edutek": [
            "object",
            {
              "autoscaling_policies": [
                "object",
                {
                  "cpu": [
                    "object",
                    {
                      "alarm_arns": [
                        "list",
                        "string"
                      ],
                      "arn": "string",
                      "id": "string",
                      "name": "string",
                      "policy_type": "string",
                      "resource_id": "string",
                      "scalable_dimension": "string",
                      "service_namespace": "string",
                      "step_scaling_policy_configuration": [
                        "list",
                        [
                          "object",
                          {
                            "adjustment_type": "string",
                            "cooldown": "number",
                            "metric_aggregation_type": "string",
                            "min_adjustment_magnitude": "number",
                            "step_adjustment": [
                              "set",
                              [
                                "object",
                                {
                                  "metric_interval_lower_bound": "string",
                                  "metric_interval_upper_bound": "string",
                                  "scaling_adjustment": "number"
                                }
                              ]
                            ]
                          }
                        ]
                      ],
                      "target_tracking_scaling_policy_configuration": [
                        "list",
                        [
                          "object",
                          {
                            "customized_metric_specification": [
                              "list",
                              [
                                "object",
                                {
                                  "dimensions": [
                                    "set",
                                    [
                                      "object",
                                      {
                                        "name": "string",
                                        "value": "string"
                                      }
                                    ]
                                  ],
                                  "metric_name": "string",
                                  "metrics": [
                                    "set",
                                    [
                                      "object",
                                      {
                                        "expression": "string",
                                        "id": "string",
                                        "label": "string",
                                        "metric_stat": [
                                          "list",
                                          [
                                            "object",
                                            {
                                              "metric": [
                                                "list",
                                                [
                                                  "object",
                                                  {
                                                    "dimensions": [
                                                      "set",
                                                      [
                                                        "object",
                                                        {
                                                          "name": "string",
                                                          "value": "string"
                                                        }
                                                      ]
                                                    ],
                                                    "metric_name": "string",
                                                    "namespace": "string"
                                                  }
                                                ]
                                              ],
                                              "stat": "string",
                                              "unit": "string"
                                            }
                                          ]
                                        ],
                                        "return_data": "bool"
                                      }
                                    ]
                                  ],
                                  "namespace": "string",
                                  "statistic": "string",
                                  "unit": "string"
                                }
                              ]
                            ],
                            "disable_scale_in": "bool",
                            "predefined_metric_specification": [
                              "list",
                              [
                                "object",
                                {
                                  "predefined_metric_type": "string",
                                  "resource_label": "string"
                                }
                              ]
                            ],
                            "scale_in_cooldown": "number",
                            "scale_out_cooldown": "number",
                            "target_value": "number"
                          }
                        ]
                      ]
                    }
                  ],
                  "memory": [
                    "object",
                    {
                      "alarm_arns": [
                        "list",
                        "string"
                      ],
                      "arn": "string",
                      "id": "string",
                      "name": "string",
                      "policy_type": "string",
                      "resource_id": "string",
                      "scalable_dimension": "string",
                      "service_namespace": "string",
                      "step_scaling_policy_configuration": [
                        "list",
                        [
                          "object",
                          {
                            "adjustment_type": "string",
                            "cooldown": "number",
                            "metric_aggregation_type": "string",
                            "min_adjustment_magnitude": "number",
                            "step_adjustment": [
                              "set",
                              [
                                "object",
                                {
                                  "metric_interval_lower_bound": "string",
                                  "metric_interval_upper_bound": "string",
                                  "scaling_adjustment": "number"
                                }
                              ]
                            ]
                          }
                        ]
                      ],
                      "target_tracking_scaling_policy_configuration": [
                        "list",
                        [
                          "object",
                          {
                            "customized_metric_specification": [
                              "list",
                              [
                                "object",
                                {
                                  "dimensions": [
                                    "set",
                                    [
                                      "object",
                                      {
                                        "name": "string",
                                        "value": "string"
                                      }
                                    ]
                                  ],
                                  "metric_name": "string",
                                  "metrics": [
                                    "set",
                                    [
                                      "object",
                                      {
                                        "expression": "string",
                                        "id": "string",
                                        "label": "string",
                                        "metric_stat": [
                                          "list",
                                          [
                                            "object",
                                            {
                                              "metric": [
                                                "list",
                                                [
                                                  "object",
                                                  {
                                                    "dimensions": [
                                                      "set",
                                                      [
                                                        "object",
                                                        {
                                                          "name": "string",
                                                          "value": "string"
                                                        }
                                                      ]
                                                    ],
                                                    "metric_name": "string",
                                                    "namespace": "string"
                                                  }
                                                ]
                                              ],
                                              "stat": "string",
                                              "unit": "string"
                                            }
                                          ]
                                        ],
                                        "return_data": "bool"
                                      }
                                    ]
                                  ],
                                  "namespace": "string",
                                  "statistic": "string",
                                  "unit": "string"
                                }
                              ]
                            ],
                            "disable_scale_in": "bool",
                            "predefined_metric_specification": [
                              "list",
                              [
                                "object",
                                {
                                  "predefined_metric_type": "string",
                                  "resource_label": "string"
                                }
                              ]
                            ],
                            "scale_in_cooldown": "number",
                            "scale_out_cooldown": "number",
                            "target_value": "number"
                          }
                        ]
                      ]
                    }
                  ]
                }
              ],
              "autoscaling_scheduled_actions": [
                "object",
                {}
              ],
              "container_definitions": [
                "object",
                {
                  "seccond_backup_api": [
                    "object",
                    {
                      "cloudwatch_log_group_arn": "dynamic",
                      "cloudwatch_log_group_name": "dynamic",
                      "container_definition": [
                        "object",
                        {
                          "cpu": "number",
                          "environment": [
                            "list",
                            [
                              "object",
                              {
                                "name": "string",
                                "value": "string"
                              }
                            ]
                          ],
                          "essential": "bool",
                          "image": "string",
                          "interactive": "bool",
                          "linuxParameters": [
                            "object",
                            {
                              "initProcessEnabled": "bool"
                            }
                          ],
                          "memory": "number",
                          "mountPoints": [
                            "list",
                            "dynamic"
                          ],
                          "name": "string",
                          "portMappings": [
                            "list",
                            [
                              "object",
                              {
                                "containerPort": "number",
                                "name": "string",
                                "protocol": "string"
                              }
                            ]
                          ],
                          "privileged": "bool",
                          "pseudoTerminal": "bool",
                          "readonlyRootFilesystem": "bool",
                          "startTimeout": "number",
                          "stopTimeout": "number",
                          "systemControls": [
                            "list",
                            [
                              "map",
                              "string"
                            ]
                          ],
                          "user": "string",
                          "volumesFrom": [
                            "list",
                            "dynamic"
                          ]
                        }
                      ]
                    }
                  ]
                }
              ],
              "iam_role_arn": "string",
              "iam_role_name": "dynamic",
              "iam_role_unique_id": "dynamic",
              "id": "string",
              "name": "string",
              "security_group_arn": "string",
              "security_group_id": "string",
              "task_definition_arn": "string",
              "task_definition_family": "string",
              "task_definition_family_revision": "string",
              "task_definition_revision": "number",
              "task_exec_iam_role_arn": "string",
              "task_exec_iam_role_name": "string",
              "task_exec_iam_role_unique_id": "string",
              "task_set_arn": "dynamic",
              "task_set_id": "dynamic",
              "task_set_stability_status": "dynamic",
              "task_set_status": "dynamic",
              "tasks_iam_role_arn": "string",
              "tasks_iam_role_name": "string",
              "tasks_iam_role_unique_id": "string"
            }
          ],
          "ell": [
            "object",
            {
              "autoscaling_policies": [
                "object",
                {
                  "cpu": [
                    "object",
                    {
                      "alarm_arns": [
                        "list",
                        "string"
                      ],
                      "arn": "string",
                      "id": "string",
                      "name": "string",
                      "policy_type": "string",
                      "resource_id": "string",
                      "scalable_dimension": "string",
                      "service_namespace": "string",
                      "step_scaling_policy_configuration": [
                        "list",
                        [
                          "object",
                          {
                            "adjustment_type": "string",
                            "cooldown": "number",
                            "metric_aggregation_type": "string",
                            "min_adjustment_magnitude": "number",
                            "step_adjustment": [
                              "set",
                              [
                                "object",
                                {
                                  "metric_interval_lower_bound": "string",
                                  "metric_interval_upper_bound": "string",
                                  "scaling_adjustment": "number"
                                }
                              ]
                            ]
                          }
                        ]
                      ],
                      "target_tracking_scaling_policy_configuration": [
                        "list",
                        [
                          "object",
                          {
                            "customized_metric_specification": [
                              "list",
                              [
                                "object",
                                {
                                  "dimensions": [
                                    "set",
                                    [
                                      "object",
                                      {
                                        "name": "string",
                                        "value": "string"
                                      }
                                    ]
                                  ],
                                  "metric_name": "string",
                                  "metrics": [
                                    "set",
                                    [
                                      "object",
                                      {
                                        "expression": "string",
                                        "id": "string",
                                        "label": "string",
                                        "metric_stat": [
                                          "list",
                                          [
                                            "object",
                                            {
                                              "metric": [
                                                "list",
                                                [
                                                  "object",
                                                  {
                                                    "dimensions": [
                                                      "set",
                                                      [
                                                        "object",
                                                        {
                                                          "name": "string",
                                                          "value": "string"
                                                        }
                                                      ]
                                                    ],
                                                    "metric_name": "string",
                                                    "namespace": "string"
                                                  }
                                                ]
                                              ],
                                              "stat": "string",
                                              "unit": "string"
                                            }
                                          ]
                                        ],
                                        "return_data": "bool"
                                      }
                                    ]
                                  ],
                                  "namespace": "string",
                                  "statistic": "string",
                                  "unit": "string"
                                }
                              ]
                            ],
                            "disable_scale_in": "bool",
                            "predefined_metric_specification": [
                              "list",
                              [
                                "object",
                                {
                                  "predefined_metric_type": "string",
                                  "resource_label": "string"
                                }
                              ]
                            ],
                            "scale_in_cooldown": "number",
                            "scale_out_cooldown": "number",
                            "target_value": "number"
                          }
                        ]
                      ]
                    }
                  ],
                  "memory": [
                    "object",
                    {
                      "alarm_arns": [
                        "list",
                        "string"
                      ],
                      "arn": "string",
                      "id": "string",
                      "name": "string",
                      "policy_type": "string",
                      "resource_id": "string",
                      "scalable_dimension": "string",
                      "service_namespace": "string",
                      "step_scaling_policy_configuration": [
                        "list",
                        [
                          "object",
                          {
                            "adjustment_type": "string",
                            "cooldown": "number",
                            "metric_aggregation_type": "string",
                            "min_adjustment_magnitude": "number",
                            "step_adjustment": [
                              "set",
                              [
                                "object",
                                {
                                  "metric_interval_lower_bound": "string",
                                  "metric_interval_upper_bound": "string",
                                  "scaling_adjustment": "number"
                                }
                              ]
                            ]
                          }
                        ]
                      ],
                      "target_tracking_scaling_policy_configuration": [
                        "list",
                        [
                          "object",
                          {
                            "customized_metric_specification": [
                              "list",
                              [
                                "object",
                                {
                                  "dimensions": [
                                    "set",
                                    [
                                      "object",
                                      {
                                        "name": "string",
                                        "value": "string"
                                      }
                                    ]
                                  ],
                                  "metric_name": "string",
                                  "metrics": [
                                    "set",
                                    [
                                      "object",
                                      {
                                        "expression": "string",
                                        "id": "string",
                                        "label": "string",
                                        "metric_stat": [
                                          "list",
                                          [
                                            "object",
                                            {
                                              "metric": [
                                                "list",
                                                [
                                                  "object",
                                                  {
                                                    "dimensions": [
                                                      "set",
                                                      [
                                                        "object",
                                                        {
                                                          "name": "string",
                                                          "value": "string"
                                                        }
                                                      ]
                                                    ],
                                                    "metric_name": "string",
                                                    "namespace": "string"
                                                  }
                                                ]
                                              ],
                                              "stat": "string",
                                              "unit": "string"
                                            }
                                          ]
                                        ],
                                        "return_data": "bool"
                                      }
                                    ]
                                  ],
                                  "namespace": "string",
                                  "statistic": "string",
                                  "unit": "string"
                                }
                              ]
                            ],
                            "disable_scale_in": "bool",
                            "predefined_metric_specification": [
                              "list",
                              [
                                "object",
                                {
                                  "predefined_metric_type": "string",
                                  "resource_label": "string"
                                }
                              ]
                            ],
                            "scale_in_cooldown": "number",
                            "scale_out_cooldown": "number",
                            "target_value": "number"
                          }
                        ]
                      ]
                    }
                  ]
                }
              ],
              "autoscaling_scheduled_actions": [
                "object",
                {}
              ],
              "container_definitions": [
                "object",
                {
                  "first_backup_api": [
                    "object",
                    {
                      "cloudwatch_log_group_arn": "dynamic",
                      "cloudwatch_log_group_name": "dynamic",
                      "container_definition": [
                        "object",
                        {
                          "cpu": "number",
                          "environment": [
                            "list",
                            [
                              "object",
                              {
                                "name": "string",
                                "value": "string"
                              }
                            ]
                          ],
                          "essential": "bool",
                          "image": "string",
                          "interactive": "bool",
                          "linuxParameters": [
                            "object",
                            {
                              "initProcessEnabled": "bool"
                            }
                          ],
                          "memory": "number",
                          "mountPoints": [
                            "list",
                            "dynamic"
                          ],
                          "name": "string",
                          "portMappings": [
                            "list",
                            [
                              "object",
                              {
                                "containerPort": "number",
                                "name": "string",
                                "protocol": "string"
                              }
                            ]
                          ],
                          "privileged": "bool",
                          "pseudoTerminal": "bool",
                          "readonlyRootFilesystem": "bool",
                          "startTimeout": "number",
                          "stopTimeout": "number",
                          "systemControls": [
                            "list",
                            [
                              "map",
                              "string"
                            ]
                          ],
                          "user": "string",
                          "volumesFrom": [
                            "list",
                            "dynamic"
                          ]
                        }
                      ]
                    }
                  ]
                }
              ],
              "iam_role_arn": "string",
              "iam_role_name": "dynamic",
              "iam_role_unique_id": "dynamic",
              "id": "string",
              "name": "string",
              "security_group_arn": "string",
              "security_group_id": "string",
              "task_definition_arn": "string",
              "task_definition_family": "string",
              "task_definition_family_revision": "string",
              "task_definition_revision": "number",
              "task_exec_iam_role_arn": "string",
              "task_exec_iam_role_name": "string",
              "task_exec_iam_role_unique_id": "string",
              "task_set_arn": "dynamic",
              "task_set_id": "dynamic",
              "task_set_stability_status": "dynamic",
              "task_set_status": "dynamic",
              "tasks_iam_role_arn": "string",
              "tasks_iam_role_name": "string",
              "tasks_iam_role_unique_id": "string"
            }
          ]
        }
      ]
    }
  },
  "resources": [
    {
      "module": "module.cluster",
      "mode": "data",
      "type": "aws_iam_policy_document",
      "name": "task_exec_assume",
      "provider": "provider[\"registry.terraform.io/hashicorp/aws\"]",
      "instances": []
    },
    {
      "module": "module.cluster",
      "mode": "managed",
      "type": "aws_cloudwatch_log_group",
      "name": "this",
      "provider": "provider[\"registry.terraform.io/hashicorp/aws\"]",
      "instances": [
        {
          "index_key": 0,
          "schema_version": 0,
          "attributes": {
            "arn": "arn:aws:logs:ap-northeast-1:058264176381:log-group:/aws/ecs/uat-metaverse-backup",
            "id": "/aws/ecs/uat-metaverse-backup",
            "kms_key_id": "",
            "log_group_class": "STANDARD",
            "name": "/aws/ecs/uat-metaverse-backup",
            "name_prefix": "",
            "retention_in_days": 90,
            "skip_destroy": false,
            "tags": {
              "Environment": "Development",
              "Project": "Example"
            },
            "tags_all": {
              "Environment": "Development",
              "Project": "Example"
            }
          },
          "sensitive_attributes": [],
          "private": "bnVsbA=="
        }
      ]
    },
    {
      "module": "module.cluster",
      "mode": "managed",
      "type": "aws_ecs_capacity_provider",
      "name": "this",
      "provider": "provider[\"registry.terraform.io/hashicorp/aws\"]",
      "instances": []
    },
    {
      "module": "module.cluster",
      "mode": "managed",
      "type": "aws_ecs_cluster",
      "name": "this",
      "provider": "provider[\"registry.terraform.io/hashicorp/aws\"]",
      "instances": [
        {
          "index_key": 0,
          "schema_version": 0,
          "attributes": {
            "arn": "arn:aws:ecs:ap-northeast-1:058264176381:cluster/uat-metaverse-backup",
            "configuration": [
              {
                "execute_command_configuration": [
                  {
                    "kms_key_id": "",
                    "log_configuration": [
                      {
                        "cloud_watch_encryption_enabled": false,
                        "cloud_watch_log_group_name": "/aws/ecs/aws-ec2",
                        "s3_bucket_encryption_enabled": false,
                        "s3_bucket_name": "",
                        "s3_key_prefix": ""
                      }
                    ],
                    "logging": "OVERRIDE"
                  }
                ]
              }
            ],
            "id": "arn:aws:ecs:ap-northeast-1:058264176381:cluster/uat-metaverse-backup",
            "name": "uat-metaverse-backup",
            "service_connect_defaults": [],
            "setting": [
              {
                "name": "containerInsights",
                "value": "enabled"
              }
            ],
            "tags": {
              "Environment": "Development",
              "Project": "Example"
            },
            "tags_all": {
              "Environment": "Development",
              "Project": "Example"
            }
          },
          "sensitive_attributes": [],
          "private": "bnVsbA==",
          "dependencies": [
            "module.cluster.aws_cloudwatch_log_group.this"
          ]
        }
      ]
    },
    {
      "module": "module.cluster",
      "mode": "managed",
      "type": "aws_ecs_cluster_capacity_providers",
      "name": "this",
      "provider": "provider[\"registry.terraform.io/hashicorp/aws\"]",
      "instances": [
        {
          "index_key": 0,
          "schema_version": 0,
          "attributes": {
            "capacity_providers": [
              "FARGATE",
              "FARGATE_SPOT"
            ],
            "cluster_name": "uat-metaverse-backup",
            "default_capacity_provider_strategy": [
              {
                "base": 0,
                "capacity_provider": "FARGATE",
                "weight": 50
              },
              {
                "base": 0,
                "capacity_provider": "FARGATE_SPOT",
                "weight": 50
              }
            ],
            "id": "uat-metaverse-backup"
          },
          "sensitive_attributes": [],
          "private": "bnVsbA==",
          "dependencies": [
            "module.cluster.aws_cloudwatch_log_group.this",
            "module.cluster.aws_ecs_capacity_provider.this",
            "module.cluster.aws_ecs_cluster.this"
          ]
        }
      ]
    },
    {
      "module": "module.cluster",
      "mode": "managed",
      "type": "aws_iam_role",
      "name": "task_exec",
      "provider": "provider[\"registry.terraform.io/hashicorp/aws\"]",
      "instances": []
    },
    {
      "module": "module.service[\"edutek\"]",
      "mode": "data",
      "type": "aws_caller_identity",
      "name": "current",
      "provider": "provider[\"registry.terraform.io/hashicorp/aws\"]",
      "instances": [
        {
          "schema_version": 0,
          "attributes": {
            "account_id": "058264176381",
            "arn": "arn:aws:iam::058264176381:user/hblab@dev",
            "id": "058264176381",
            "user_id": "AIDAQ3EGQY364DPHU7BWO"
          },
          "sensitive_attributes": []
        }
      ]
    },
    {
      "module": "module.service[\"edutek\"]",
      "mode": "data",
      "type": "aws_ecs_task_definition",
      "name": "this",
      "provider": "provider[\"registry.terraform.io/hashicorp/aws\"]",
      "instances": [
        {
          "index_key": 0,
          "schema_version": 0,
          "attributes": {
            "arn": "arn:aws:ecs:ap-northeast-1:058264176381:task-definition/edutek:2",
            "arn_without_revision": "arn:aws:ecs:ap-northeast-1:058264176381:task-definition/edutek",
            "execution_role_arn": "arn:aws:iam::058264176381:role/edutek-20240423032338279700000003",
            "family": "edutek",
            "id": "arn:aws:ecs:ap-northeast-1:058264176381:task-definition/edutek:2",
            "network_mode": "awsvpc",
            "revision": 2,
            "status": "ACTIVE",
            "task_definition": "edutek",
            "task_role_arn": "arn:aws:iam::058264176381:role/edutek-20240423032338862200000006"
          },
          "sensitive_attributes": []
        }
      ]
    },
    {
      "module": "module.service[\"edutek\"]",
      "mode": "data",
      "type": "aws_iam_policy_document",
      "name": "service",
      "provider": "provider[\"registry.terraform.io/hashicorp/aws\"]",
      "instances": []
    },
    {
      "module": "module.service[\"edutek\"]",
      "mode": "data",
      "type": "aws_iam_policy_document",
      "name": "service_assume",
      "provider": "provider[\"registry.terraform.io/hashicorp/aws\"]",
      "instances": []
    },
    {
      "module": "module.service[\"edutek\"]",
      "mode": "data",
      "type": "aws_iam_policy_document",
      "name": "task_exec",
      "provider": "provider[\"registry.terraform.io/hashicorp/aws\"]",
      "instances": [
        {
          "index_key": 0,
          "schema_version": 0,
          "attributes": {
            "id": "1415633931",
            "json": "{\n  \"Version\": \"2012-10-17\",\n  \"Statement\": [\n    {\n      \"Sid\": \"Logs\",\n      \"Effect\": \"Allow\",\n      \"Action\": [\n        \"logs:PutLogEvents\",\n        \"logs:CreateLogStream\"\n      ],\n      \"Resource\": \"*\"\n    },\n    {\n      \"Sid\": \"ECR\",\n      \"Effect\": \"Allow\",\n      \"Action\": [\n        \"ecr:GetDownloadUrlForLayer\",\n        \"ecr:GetAuthorizationToken\",\n        \"ecr:BatchGetImage\",\n        \"ecr:BatchCheckLayerAvailability\"\n      ],\n      \"Resource\": \"*\"\n    },\n    {\n      \"Sid\": \"GetSSMParams\",\n      \"Effect\": \"Allow\",\n      \"Action\": \"ssm:GetParameters\",\n      \"Resource\": \"arn:aws:ssm:*:*:parameter/*\"\n    },\n    {\n      \"Sid\": \"GetSecrets\",\n      \"Effect\": \"Allow\",\n      \"Action\": \"secretsmanager:GetSecretValue\",\n      \"Resource\": \"arn:aws:secretsmanager:*:*:secret:*\"\n    }\n  ]\n}",
            "override_json": null,
            "override_policy_documents": null,
            "policy_id": null,
            "source_json": null,
            "source_policy_documents": null,
            "statement": [
              {
                "actions": [
                  "logs:CreateLogStream",
                  "logs:PutLogEvents"
                ],
                "condition": [],
                "effect": "Allow",
                "not_actions": [],
                "not_principals": [],
                "not_resources": [],
                "principals": [],
                "resources": [
                  "*"
                ],
                "sid": "Logs"
              },
              {
                "actions": [
                  "ecr:BatchCheckLayerAvailability",
                  "ecr:BatchGetImage",
                  "ecr:GetAuthorizationToken",
                  "ecr:GetDownloadUrlForLayer"
                ],
                "condition": [],
                "effect": "Allow",
                "not_actions": [],
                "not_principals": [],
                "not_resources": [],
                "principals": [],
                "resources": [
                  "*"
                ],
                "sid": "ECR"
              },
              {
                "actions": [
                  "ssm:GetParameters"
                ],
                "condition": [],
                "effect": "Allow",
                "not_actions": [],
                "not_principals": [],
                "not_resources": [],
                "principals": [],
                "resources": [
                  "arn:aws:ssm:*:*:parameter/*"
                ],
                "sid": "GetSSMParams"
              },
              {
                "actions": [
                  "secretsmanager:GetSecretValue"
                ],
                "condition": [],
                "effect": "Allow",
                "not_actions": [],
                "not_principals": [],
                "not_resources": [],
                "principals": [],
                "resources": [
                  "arn:aws:secretsmanager:*:*:secret:*"
                ],
                "sid": "GetSecrets"
              }
            ],
            "version": "2012-10-17"
          },
          "sensitive_attributes": []
        }
      ]
    },
    {
      "module": "module.service[\"edutek\"]",
      "mode": "data",
      "type": "aws_iam_policy_document",
      "name": "task_exec_assume",
      "provider": "provider[\"registry.terraform.io/hashicorp/aws\"]",
      "instances": [
        {
          "index_key": 0,
          "schema_version": 0,
          "attributes": {
            "id": "2291109037",
            "json": "{\n  \"Version\": \"2012-10-17\",\n  \"Statement\": [\n    {\n      \"Sid\": \"ECSTaskExecutionAssumeRole\",\n      \"Effect\": \"Allow\",\n      \"Action\": \"sts:AssumeRole\",\n      \"Principal\": {\n        \"Service\": \"ecs-tasks.amazonaws.com\"\n      }\n    }\n  ]\n}",
            "override_json": null,
            "override_policy_documents": null,
            "policy_id": null,
            "source_json": null,
            "source_policy_documents": null,
            "statement": [
              {
                "actions": [
                  "sts:AssumeRole"
                ],
                "condition": [],
                "effect": "Allow",
                "not_actions": [],
                "not_principals": [],
                "not_resources": [],
                "principals": [
                  {
                    "identifiers": [
                      "ecs-tasks.amazonaws.com"
                    ],
                    "type": "Service"
                  }
                ],
                "resources": [],
                "sid": "ECSTaskExecutionAssumeRole"
              }
            ],
            "version": "2012-10-17"
          },
          "sensitive_attributes": []
        }
      ]
    },
    {
      "module": "module.service[\"edutek\"]",
      "mode": "data",
      "type": "aws_iam_policy_document",
      "name": "tasks_assume",
      "provider": "provider[\"registry.terraform.io/hashicorp/aws\"]",
      "instances": [
        {
          "index_key": 0,
          "schema_version": 0,
          "attributes": {
            "id": "1295260426",
            "json": "{\n  \"Version\": \"2012-10-17\",\n  \"Statement\": [\n    {\n      \"Sid\": \"ECSTasksAssumeRole\",\n      \"Effect\": \"Allow\",\n      \"Action\": \"sts:AssumeRole\",\n      \"Principal\": {\n        \"Service\": \"ecs-tasks.amazonaws.com\"\n      },\n      \"Condition\": {\n        \"ArnLike\": {\n          \"aws:SourceArn\": \"arn:aws:ecs:ap-northeast-1:058264176381:*\"\n        },\n        \"StringEquals\": {\n          \"aws:SourceAccount\": \"058264176381\"\n        }\n      }\n    }\n  ]\n}",
            "override_json": null,
            "override_policy_documents": null,
            "policy_id": null,
            "source_json": null,
            "source_policy_documents": null,
            "statement": [
              {
                "actions": [
                  "sts:AssumeRole"
                ],
                "condition": [
                  {
                    "test": "ArnLike",
                    "values": [
                      "arn:aws:ecs:ap-northeast-1:058264176381:*"
                    ],
                    "variable": "aws:SourceArn"
                  },
                  {
                    "test": "StringEquals",
                    "values": [
                      "058264176381"
                    ],
                    "variable": "aws:SourceAccount"
                  }
                ],
                "effect": "Allow",
                "not_actions": [],
                "not_principals": [],
                "not_resources": [],
                "principals": [
                  {
                    "identifiers": [
                      "ecs-tasks.amazonaws.com"
                    ],
                    "type": "Service"
                  }
                ],
                "resources": [],
                "sid": "ECSTasksAssumeRole"
              }
            ],
            "version": "2012-10-17"
          },
          "sensitive_attributes": []
        }
      ]
    },
    {
      "module": "module.service[\"edutek\"]",
      "mode": "data",
      "type": "aws_partition",
      "name": "current",
      "provider": "provider[\"registry.terraform.io/hashicorp/aws\"]",
      "instances": [
        {
          "schema_version": 0,
          "attributes": {
            "dns_suffix": "amazonaws.com",
            "id": "aws",
            "partition": "aws",
            "reverse_dns_prefix": "com.amazonaws"
          },
          "sensitive_attributes": []
        }
      ]
    },
    {
      "module": "module.service[\"edutek\"]",
      "mode": "data",
      "type": "aws_region",
      "name": "current",
      "provider": "provider[\"registry.terraform.io/hashicorp/aws\"]",
      "instances": [
        {
          "schema_version": 0,
          "attributes": {
            "description": "Asia Pacific (Tokyo)",
            "endpoint": "ec2.ap-northeast-1.amazonaws.com",
            "id": "ap-northeast-1",
            "name": "ap-northeast-1"
          },
          "sensitive_attributes": []
        }
      ]
    },
    {
      "module": "module.service[\"edutek\"]",
      "mode": "data",
      "type": "aws_subnet",
      "name": "this",
      "provider": "provider[\"registry.terraform.io/hashicorp/aws\"]",
      "instances": [
        {
          "index_key": 0,
          "schema_version": 0,
          "attributes": {
            "arn": "arn:aws:ec2:ap-northeast-1:058264176381:subnet/subnet-0acd1e0cbea8ceb58",
            "assign_ipv6_address_on_creation": false,
            "availability_zone": "ap-northeast-1a",
            "availability_zone_id": "apne1-az4",
            "available_ip_address_count": 247,
            "cidr_block": "10.0.1.0/24",
            "customer_owned_ipv4_pool": "",
            "default_for_az": false,
            "enable_dns64": false,
            "enable_lni_at_device_index": 0,
            "enable_resource_name_dns_a_record_on_launch": false,
            "enable_resource_name_dns_aaaa_record_on_launch": false,
            "filter": null,
            "id": "subnet-0acd1e0cbea8ceb58",
            "ipv6_cidr_block": "",
            "ipv6_cidr_block_association_id": "",
            "ipv6_native": false,
            "map_customer_owned_ip_on_launch": false,
            "map_public_ip_on_launch": false,
            "outpost_arn": "",
            "owner_id": "058264176381",
            "private_dns_hostname_type_on_launch": "ip-name",
            "state": "available",
            "tags": {
              "Name": "uat-extramile-private-ap-northeast-1a",
              "name": "extramile-uat",
              "project": "extramile",
              "terraform": "true"
            },
            "timeouts": null,
            "vpc_id": "vpc-012d83645192c8ce2"
          },
          "sensitive_attributes": []
        }
      ]
    },
    {
      "module": "module.service[\"edutek\"]",
      "mode": "managed",
      "type": "aws_appautoscaling_policy",
      "name": "this",
      "provider": "provider[\"registry.terraform.io/hashicorp/aws\"]",
      "instances": [
        {
          "index_key": "cpu",
          "schema_version": 0,
          "attributes": {
            "alarm_arns": [
              "arn:aws:cloudwatch:ap-northeast-1:058264176381:alarm:TargetTracking-service/uat-metaverse-backup/edutek-AlarmHigh-901fed88-5b92-4c94-94bf-e3c6aa80073f",
              "arn:aws:cloudwatch:ap-northeast-1:058264176381:alarm:TargetTracking-service/uat-metaverse-backup/edutek-AlarmLow-89eac5ae-40d5-418c-b421-d631502589ab"
            ],
            "arn": "arn:aws:autoscaling:ap-northeast-1:058264176381:scalingPolicy:6846ea9e-254d-4b15-aedc-3569a78ca07c:resource/ecs/service/uat-metaverse-backup/edutek:policyName/cpu",
            "id": "cpu",
            "name": "cpu",
            "policy_type": "TargetTrackingScaling",
            "resource_id": "service/uat-metaverse-backup/edutek",
            "scalable_dimension": "ecs:service:DesiredCount",
            "service_namespace": "ecs",
            "step_scaling_policy_configuration": [],
            "target_tracking_scaling_policy_configuration": [
              {
                "customized_metric_specification": [],
                "disable_scale_in": false,
                "predefined_metric_specification": [
                  {
                    "predefined_metric_type": "ECSServiceAverageCPUUtilization",
                    "resource_label": ""
                  }
                ],
                "scale_in_cooldown": 300,
                "scale_out_cooldown": 60,
                "target_value": 75
              }
            ]
          },
          "sensitive_attributes": [],
          "private": "bnVsbA==",
          "dependencies": [
            "module.cluster.aws_cloudwatch_log_group.this",
            "module.cluster.aws_ecs_cluster.this",
            "module.service.aws_appautoscaling_target.this",
            "module.service.aws_ecs_service.ignore_task_definition",
            "module.service.aws_ecs_service.this",
            "module.service.aws_ecs_task_definition.this",
            "module.service.aws_iam_policy.service",
            "module.service.aws_iam_role.service",
            "module.service.aws_iam_role.task_exec",
            "module.service.aws_iam_role.tasks",
            "module.service.aws_iam_role_policy_attachment.service",
            "module.service.aws_security_group.this",
            "module.service.data.aws_caller_identity.current",
            "module.service.data.aws_ecs_task_definition.this",
            "module.service.data.aws_iam_policy_document.service",
            "module.service.data.aws_iam_policy_document.service_assume",
            "module.service.data.aws_iam_policy_document.task_exec_assume",
            "module.service.data.aws_iam_policy_document.tasks_assume",
            "module.service.data.aws_partition.current",
            "module.service.data.aws_region.current",
            "module.service.data.aws_subnet.this",
            "module.service.module.container_definition.aws_cloudwatch_log_group.this",
            "module.service.module.container_definition.data.aws_region.current"
          ]
        },
        {
          "index_key": "memory",
          "schema_version": 0,
          "attributes": {
            "alarm_arns": [
              "arn:aws:cloudwatch:ap-northeast-1:058264176381:alarm:TargetTracking-service/uat-metaverse-backup/edutek-AlarmHigh-e9de99ef-ee42-4afd-a439-c70273771389",
              "arn:aws:cloudwatch:ap-northeast-1:058264176381:alarm:TargetTracking-service/uat-metaverse-backup/edutek-AlarmLow-9dc754ea-f5b6-4aa3-be1d-033e61e9668b"
            ],
            "arn": "arn:aws:autoscaling:ap-northeast-1:058264176381:scalingPolicy:6846ea9e-254d-4b15-aedc-3569a78ca07c:resource/ecs/service/uat-metaverse-backup/edutek:policyName/memory",
            "id": "memory",
            "name": "memory",
            "policy_type": "TargetTrackingScaling",
            "resource_id": "service/uat-metaverse-backup/edutek",
            "scalable_dimension": "ecs:service:DesiredCount",
            "service_namespace": "ecs",
            "step_scaling_policy_configuration": [],
            "target_tracking_scaling_policy_configuration": [
              {
                "customized_metric_specification": [],
                "disable_scale_in": false,
                "predefined_metric_specification": [
                  {
                    "predefined_metric_type": "ECSServiceAverageMemoryUtilization",
                    "resource_label": ""
                  }
                ],
                "scale_in_cooldown": 300,
                "scale_out_cooldown": 60,
                "target_value": 75
              }
            ]
          },
          "sensitive_attributes": [],
          "private": "bnVsbA==",
          "dependencies": [
            "module.cluster.aws_cloudwatch_log_group.this",
            "module.cluster.aws_ecs_cluster.this",
            "module.service.aws_appautoscaling_target.this",
            "module.service.aws_ecs_service.ignore_task_definition",
            "module.service.aws_ecs_service.this",
            "module.service.aws_ecs_task_definition.this",
            "module.service.aws_iam_policy.service",
            "module.service.aws_iam_role.service",
            "module.service.aws_iam_role.task_exec",
            "module.service.aws_iam_role.tasks",
            "module.service.aws_iam_role_policy_attachment.service",
            "module.service.aws_security_group.this",
            "module.service.data.aws_caller_identity.current",
            "module.service.data.aws_ecs_task_definition.this",
            "module.service.data.aws_iam_policy_document.service",
            "module.service.data.aws_iam_policy_document.service_assume",
            "module.service.data.aws_iam_policy_document.task_exec_assume",
            "module.service.data.aws_iam_policy_document.tasks_assume",
            "module.service.data.aws_partition.current",
            "module.service.data.aws_region.current",
            "module.service.data.aws_subnet.this",
            "module.service.module.container_definition.aws_cloudwatch_log_group.this",
            "module.service.module.container_definition.data.aws_region.current"
          ]
        }
      ]
    },
    {
      "module": "module.service[\"edutek\"]",
      "mode": "managed",
      "type": "aws_appautoscaling_scheduled_action",
      "name": "this",
      "provider": "provider[\"registry.terraform.io/hashicorp/aws\"]",
      "instances": []
    },
    {
      "module": "module.service[\"edutek\"]",
      "mode": "managed",
      "type": "aws_appautoscaling_target",
      "name": "this",
      "provider": "provider[\"registry.terraform.io/hashicorp/aws\"]",
      "instances": [
        {
          "index_key": 0,
          "schema_version": 0,
          "attributes": {
            "arn": "arn:aws:application-autoscaling:ap-northeast-1:058264176381:scalable-target/0ec56846ea9e254d4b15aedc3569a78ca07c",
            "id": "service/uat-metaverse-backup/edutek",
            "max_capacity": 10,
            "min_capacity": 1,
            "resource_id": "service/uat-metaverse-backup/edutek",
            "role_arn": "arn:aws:iam::058264176381:role/aws-service-role/ecs.application-autoscaling.amazonaws.com/AWSServiceRoleForApplicationAutoScaling_ECSService",
            "scalable_dimension": "ecs:service:DesiredCount",
            "service_namespace": "ecs",
            "tags": {
              "Environment": "Development",
              "Project": "Example"
            },
            "tags_all": {
              "Environment": "Development",
              "Project": "Example"
            }
          },
          "sensitive_attributes": [],
          "private": "bnVsbA==",
          "dependencies": [
            "module.cluster.aws_cloudwatch_log_group.this",
            "module.cluster.aws_ecs_cluster.this",
            "module.service.aws_ecs_service.ignore_task_definition",
            "module.service.aws_ecs_service.this",
            "module.service.aws_ecs_task_definition.this",
            "module.service.aws_iam_policy.service",
            "module.service.aws_iam_role.service",
            "module.service.aws_iam_role.task_exec",
            "module.service.aws_iam_role.tasks",
            "module.service.aws_iam_role_policy_attachment.service",
            "module.service.aws_security_group.this",
            "module.service.data.aws_caller_identity.current",
            "module.service.data.aws_ecs_task_definition.this",
            "module.service.data.aws_iam_policy_document.service",
            "module.service.data.aws_iam_policy_document.service_assume",
            "module.service.data.aws_iam_policy_document.task_exec_assume",
            "module.service.data.aws_iam_policy_document.tasks_assume",
            "module.service.data.aws_partition.current",
            "module.service.data.aws_region.current",
            "module.service.data.aws_subnet.this",
            "module.service.module.container_definition.aws_cloudwatch_log_group.this",
            "module.service.module.container_definition.data.aws_region.current"
          ]
        }
      ]
    },
    {
      "module": "module.service[\"edutek\"]",
      "mode": "managed",
      "type": "aws_ecs_service",
      "name": "ignore_task_definition",
      "provider": "provider[\"registry.terraform.io/hashicorp/aws\"]",
      "instances": []
    },
    {
      "module": "module.service[\"edutek\"]",
      "mode": "managed",
      "type": "aws_ecs_service",
      "name": "this",
      "provider": "provider[\"registry.terraform.io/hashicorp/aws\"]",
      "instances": [
        {
          "index_key": 0,
          "schema_version": 0,
          "attributes": {
            "alarms": [],
            "capacity_provider_strategy": [],
            "cluster": "arn:aws:ecs:ap-northeast-1:058264176381:cluster/uat-metaverse-backup",
            "deployment_circuit_breaker": [
              {
                "enable": false,
                "rollback": false
              }
            ],
            "deployment_controller": [
              {
                "type": "ECS"
              }
            ],
            "deployment_maximum_percent": 200,
            "deployment_minimum_healthy_percent": 66,
            "desired_count": 1,
            "enable_ecs_managed_tags": true,
            "enable_execute_command": false,
            "force_new_deployment": true,
            "health_check_grace_period_seconds": 0,
            "iam_role": "/aws-service-role/ecs.amazonaws.com/AWSServiceRoleForECS",
            "id": "arn:aws:ecs:ap-northeast-1:058264176381:service/uat-metaverse-backup/edutek",
            "launch_type": "FARGATE",
            "load_balancer": [
              {
                "container_name": "seccond_backup_api",
                "container_port": 3002,
                "elb_name": "",
                "target_group_arn": "arn:aws:elasticloadbalancing:ap-northeast-1:058264176381:targetgroup/uat-edutek-backup-server/6060b86b2f0ad719"
              }
            ],
            "name": "edutek",
            "network_configuration": [
              {
                "assign_public_ip": false,
                "security_groups": [
                  "sg-047a311ccff68520a"
                ],
                "subnets": [
                  "subnet-0acd1e0cbea8ceb58",
                  "subnet-0e996efdbf6b8f322"
                ]
              }
            ],
            "ordered_placement_strategy": [],
            "placement_constraints": [],
            "platform_version": "LATEST",
            "propagate_tags": "NONE",
            "scheduling_strategy": "REPLICA",
            "service_connect_configuration": [],
            "service_registries": [],
            "tags": {
              "Environment": "Development",
              "Project": "Example"
            },
            "tags_all": {
              "Environment": "Development",
              "Project": "Example"
            },
            "task_definition": "edutek:2",
            "timeouts": {
              "create": null,
              "delete": null,
              "update": null
            },
            "triggers": {},
            "wait_for_steady_state": false
          },
          "sensitive_attributes": [],
          "private": "eyJlMmJmYjczMC1lY2FhLTExZTYtOGY4OC0zNDM2M2JjN2M0YzAiOnsiY3JlYXRlIjoxMjAwMDAwMDAwMDAwLCJkZWxldGUiOjEyMDAwMDAwMDAwMDAsInVwZGF0ZSI6MTIwMDAwMDAwMDAwMH19",
          "dependencies": [
            "module.cluster.aws_cloudwatch_log_group.this",
            "module.cluster.aws_ecs_cluster.this",
            "module.service.aws_ecs_task_definition.this",
            "module.service.aws_iam_policy.service",
            "module.service.aws_iam_role.service",
            "module.service.aws_iam_role.task_exec",
            "module.service.aws_iam_role.tasks",
            "module.service.aws_iam_role_policy_attachment.service",
            "module.service.aws_security_group.this",
            "module.service.data.aws_caller_identity.current",
            "module.service.data.aws_ecs_task_definition.this",
            "module.service.data.aws_iam_policy_document.service",
            "module.service.data.aws_iam_policy_document.service_assume",
            "module.service.data.aws_iam_policy_document.task_exec_assume",
            "module.service.data.aws_iam_policy_document.tasks_assume",
            "module.service.data.aws_partition.current",
            "module.service.data.aws_region.current",
            "module.service.data.aws_subnet.this",
            "module.service.module.container_definition.aws_cloudwatch_log_group.this",
            "module.service.module.container_definition.data.aws_region.current"
          ]
        }
      ]
    },
    {
      "module": "module.service[\"edutek\"]",
      "mode": "managed",
      "type": "aws_ecs_task_definition",
      "name": "this",
      "provider": "provider[\"registry.terraform.io/hashicorp/aws\"]",
      "instances": [
        {
          "index_key": 0,
          "schema_version": 1,
          "attributes": {
            "arn": "arn:aws:ecs:ap-northeast-1:058264176381:task-definition/edutek:2",
            "arn_without_revision": "arn:aws:ecs:ap-northeast-1:058264176381:task-definition/edutek",
            "container_definitions": "[{\"cpu\":1024,\"environment\":[],\"essential\":true,\"image\":\"058264176381.dkr.ecr.ap-northeast-1.amazonaws.com/uat-extramile-repo:2\",\"interactive\":false,\"linuxParameters\":{\"initProcessEnabled\":false},\"memory\":2048,\"mountPoints\":[],\"name\":\"seccond_backup_api\",\"portMappings\":[{\"containerPort\":3002,\"hostPort\":3002,\"name\":\"backup-ap2\",\"protocol\":\"tcp\"}],\"privileged\":false,\"pseudoTerminal\":false,\"readonlyRootFilesystem\":false,\"startTimeout\":30,\"stopTimeout\":120,\"systemControls\":[],\"user\":\"0\",\"volumesFrom\":[]}]",
            "cpu": "1024",
            "ephemeral_storage": [],
            "execution_role_arn": "arn:aws:iam::058264176381:role/edutek-20240423032338279700000003",
            "family": "edutek",
            "id": "edutek",
            "inference_accelerator": [],
            "ipc_mode": "",
            "memory": "2048",
            "network_mode": "awsvpc",
            "pid_mode": "",
            "placement_constraints": [],
            "proxy_configuration": [],
            "requires_compatibilities": [
              "FARGATE"
            ],
            "revision": 2,
            "runtime_platform": [
              {
                "cpu_architecture": "X86_64",
                "operating_system_family": "LINUX"
              }
            ],
            "skip_destroy": false,
            "tags": {
              "Environment": "Development",
              "Project": "Example"
            },
            "tags_all": {
              "Environment": "Development",
              "Project": "Example"
            },
            "task_role_arn": "arn:aws:iam::058264176381:role/edutek-20240423032338862200000006",
            "track_latest": false,
            "volume": []
          },
          "sensitive_attributes": [],
          "private": "eyJzY2hlbWFfdmVyc2lvbiI6IjEifQ==",
          "dependencies": [
            "module.service.aws_iam_role.task_exec",
            "module.service.aws_iam_role.tasks",
            "module.service.data.aws_caller_identity.current",
            "module.service.data.aws_iam_policy_document.task_exec_assume",
            "module.service.data.aws_iam_policy_document.tasks_assume",
            "module.service.data.aws_partition.current",
            "module.service.data.aws_region.current",
            "module.service.module.container_definition.aws_cloudwatch_log_group.this",
            "module.service.module.container_definition.data.aws_region.current"
          ],
          "create_before_destroy": true
        }
      ]
    },
    {
      "module": "module.service[\"edutek\"]",
      "mode": "managed",
      "type": "aws_ecs_task_set",
      "name": "ignore_task_definition",
      "provider": "provider[\"registry.terraform.io/hashicorp/aws\"]",
      "instances": []
    },
    {
      "module": "module.service[\"edutek\"]",
      "mode": "managed",
      "type": "aws_ecs_task_set",
      "name": "this",
      "provider": "provider[\"registry.terraform.io/hashicorp/aws\"]",
      "instances": []
    },
    {
      "module": "module.service[\"edutek\"]",
      "mode": "managed",
      "type": "aws_iam_policy",
      "name": "service",
      "provider": "provider[\"registry.terraform.io/hashicorp/aws\"]",
      "instances": []
    },
    {
      "module": "module.service[\"edutek\"]",
      "mode": "managed",
      "type": "aws_iam_policy",
      "name": "task_exec",
      "provider": "provider[\"registry.terraform.io/hashicorp/aws\"]",
      "instances": [
        {
          "index_key": 0,
          "schema_version": 0,
          "attributes": {
            "arn": "arn:aws:iam::058264176381:policy/edutek-20240423032338276200000001",
            "description": "Task execution role IAM policy",
            "id": "arn:aws:iam::058264176381:policy/edutek-20240423032338276200000001",
            "name": "edutek-20240423032338276200000001",
            "name_prefix": "edutek-",
            "path": "/",
            "policy": "{\"Statement\":[{\"Action\":[\"logs:PutLogEvents\",\"logs:CreateLogStream\"],\"Effect\":\"Allow\",\"Resource\":\"*\",\"Sid\":\"Logs\"},{\"Action\":[\"ecr:GetDownloadUrlForLayer\",\"ecr:GetAuthorizationToken\",\"ecr:BatchGetImage\",\"ecr:BatchCheckLayerAvailability\"],\"Effect\":\"Allow\",\"Resource\":\"*\",\"Sid\":\"ECR\"},{\"Action\":\"ssm:GetParameters\",\"Effect\":\"Allow\",\"Resource\":\"arn:aws:ssm:*:*:parameter/*\",\"Sid\":\"GetSSMParams\"},{\"Action\":\"secretsmanager:GetSecretValue\",\"Effect\":\"Allow\",\"Resource\":\"arn:aws:secretsmanager:*:*:secret:*\",\"Sid\":\"GetSecrets\"}],\"Version\":\"2012-10-17\"}",
            "policy_id": "ANPAQ3EGQY36656NCRMLC",
            "tags": {
              "Environment": "Development",
              "Project": "Example"
            },
            "tags_all": {
              "Environment": "Development",
              "Project": "Example"
            }
          },
          "sensitive_attributes": [],
          "private": "bnVsbA==",
          "dependencies": [
            "module.service.data.aws_iam_policy_document.task_exec"
          ]
        }
      ]
    },
    {
      "module": "module.service[\"edutek\"]",
      "mode": "managed",
      "type": "aws_iam_role",
      "name": "service",
      "provider": "provider[\"registry.terraform.io/hashicorp/aws\"]",
      "instances": []
    },
    {
      "module": "module.service[\"edutek\"]",
      "mode": "managed",
      "type": "aws_iam_role",
      "name": "task_exec",
      "provider": "provider[\"registry.terraform.io/hashicorp/aws\"]",
      "instances": [
        {
          "index_key": 0,
          "schema_version": 0,
          "attributes": {
            "arn": "arn:aws:iam::058264176381:role/edutek-20240423032338279700000003",
            "assume_role_policy": "{\"Statement\":[{\"Action\":\"sts:AssumeRole\",\"Effect\":\"Allow\",\"Principal\":{\"Service\":\"ecs-tasks.amazonaws.com\"},\"Sid\":\"ECSTaskExecutionAssumeRole\"}],\"Version\":\"2012-10-17\"}",
            "create_date": "2024-04-23T03:23:39Z",
            "description": "Task execution role for edutek",
            "force_detach_policies": true,
            "id": "edutek-20240423032338279700000003",
            "inline_policy": [],
            "managed_policy_arns": [
              "arn:aws:iam::058264176381:policy/edutek-20240423032338276200000001"
            ],
            "max_session_duration": 3600,
            "name": "edutek-20240423032338279700000003",
            "name_prefix": "edutek-",
            "path": "/",
            "permissions_boundary": "",
            "tags": {
              "Environment": "Development",
              "Project": "Example"
            },
            "tags_all": {
              "Environment": "Development",
              "Project": "Example"
            },
            "unique_id": "AROAQ3EGQY36ZRQHKWBKZ"
          },
          "sensitive_attributes": [],
          "private": "bnVsbA==",
          "dependencies": [
            "module.service.data.aws_iam_policy_document.task_exec_assume"
          ],
          "create_before_destroy": true
        }
      ]
    },
    {
      "module": "module.service[\"edutek\"]",
      "mode": "managed",
      "type": "aws_iam_role",
      "name": "tasks",
      "provider": "provider[\"registry.terraform.io/hashicorp/aws\"]",
      "instances": [
        {
          "index_key": 0,
          "schema_version": 0,
          "attributes": {
            "arn": "arn:aws:iam::058264176381:role/edutek-20240423032338862200000006",
            "assume_role_policy": "{\"Statement\":[{\"Action\":\"sts:AssumeRole\",\"Condition\":{\"ArnLike\":{\"aws:SourceArn\":\"arn:aws:ecs:ap-northeast-1:058264176381:*\"},\"StringEquals\":{\"aws:SourceAccount\":\"058264176381\"}},\"Effect\":\"Allow\",\"Principal\":{\"Service\":\"ecs-tasks.amazonaws.com\"},\"Sid\":\"ECSTasksAssumeRole\"}],\"Version\":\"2012-10-17\"}",
            "create_date": "2024-04-23T03:23:39Z",
            "description": "",
            "force_detach_policies": true,
            "id": "edutek-20240423032338862200000006",
            "inline_policy": [],
            "managed_policy_arns": [],
            "max_session_duration": 3600,
            "name": "edutek-20240423032338862200000006",
            "name_prefix": "edutek-",
            "path": "/",
            "permissions_boundary": "",
            "tags": {
              "Environment": "Development",
              "Project": "Example"
            },
            "tags_all": {
              "Environment": "Development",
              "Project": "Example"
            },
            "unique_id": "AROAQ3EGQY36SGASYDVWW"
          },
          "sensitive_attributes": [],
          "private": "bnVsbA==",
          "dependencies": [
            "module.service.data.aws_caller_identity.current",
            "module.service.data.aws_iam_policy_document.tasks_assume",
            "module.service.data.aws_partition.current",
            "module.service.data.aws_region.current"
          ],
          "create_before_destroy": true
        }
      ]
    },
    {
      "module": "module.service[\"edutek\"]",
      "mode": "managed",
      "type": "aws_iam_role_policy_attachment",
      "name": "service",
      "provider": "provider[\"registry.terraform.io/hashicorp/aws\"]",
      "instances": []
    },
    {
      "module": "module.service[\"edutek\"]",
      "mode": "managed",
      "type": "aws_iam_role_policy_attachment",
      "name": "task_exec",
      "provider": "provider[\"registry.terraform.io/hashicorp/aws\"]",
      "instances": [
        {
          "index_key": 0,
          "schema_version": 0,
          "attributes": {
            "id": "edutek-20240423032338279700000003-20240423032340568600000009",
            "policy_arn": "arn:aws:iam::058264176381:policy/edutek-20240423032338276200000001",
            "role": "edutek-20240423032338279700000003"
          },
          "sensitive_attributes": [],
          "private": "bnVsbA==",
          "dependencies": [
            "module.service.aws_iam_policy.task_exec",
            "module.service.aws_iam_role.task_exec",
            "module.service.data.aws_iam_policy_document.task_exec",
            "module.service.data.aws_iam_policy_document.task_exec_assume"
          ]
        }
      ]
    },
    {
      "module": "module.service[\"edutek\"]",
      "mode": "managed",
      "type": "aws_security_group",
      "name": "this",
      "provider": "provider[\"registry.terraform.io/hashicorp/aws\"]",
      "instances": [
        {
          "index_key": 0,
          "schema_version": 1,
          "attributes": {
            "arn": "arn:aws:ec2:ap-northeast-1:058264176381:security-group/sg-047a311ccff68520a",
            "description": "Managed by Terraform",
            "egress": [
              {
                "cidr_blocks": [
                  "0.0.0.0/0"
                ],
                "description": "",
                "from_port": 0,
                "ipv6_cidr_blocks": [],
                "prefix_list_ids": [],
                "protocol": "-1",
                "security_groups": [],
                "self": false,
                "to_port": 0
              }
            ],
            "id": "sg-047a311ccff68520a",
            "ingress": [
              {
                "cidr_blocks": [
                  "0.0.0.0/0"
                ],
                "description": "Service port",
                "from_port": 3001,
                "ipv6_cidr_blocks": [],
                "prefix_list_ids": [],
                "protocol": "tcp",
                "security_groups": [],
                "self": false,
                "to_port": 3002
              }
            ],
            "name": "edutek-20240423032338931000000008",
            "name_prefix": "edutek-",
            "owner_id": "058264176381",
            "revoke_rules_on_delete": false,
            "tags": {
              "Environment": "Development",
              "Name": "edutek",
              "Project": "Example"
            },
            "tags_all": {
              "Environment": "Development",
              "Name": "edutek",
              "Project": "Example"
            },
            "timeouts": null,
            "vpc_id": "vpc-012d83645192c8ce2"
          },
          "sensitive_attributes": [],
          "private": "eyJlMmJmYjczMC1lY2FhLTExZTYtOGY4OC0zNDM2M2JjN2M0YzAiOnsiY3JlYXRlIjo2MDAwMDAwMDAwMDAsImRlbGV0ZSI6OTAwMDAwMDAwMDAwfSwic2NoZW1hX3ZlcnNpb24iOiIxIn0=",
          "dependencies": [
            "module.service.data.aws_subnet.this"
          ],
          "create_before_destroy": true
        }
      ]
    },
    {
      "module": "module.service[\"edutek\"]",
      "mode": "managed",
      "type": "aws_security_group_rule",
      "name": "this",
      "provider": "provider[\"registry.terraform.io/hashicorp/aws\"]",
      "instances": [
        {
          "index_key": "alb_ingress_3001",
          "schema_version": 2,
          "attributes": {
            "cidr_blocks": [
              "0.0.0.0/0"
            ],
            "description": "Service port",
            "from_port": 3001,
            "id": "sgrule-2123800114",
            "ipv6_cidr_blocks": null,
            "prefix_list_ids": null,
            "protocol": "tcp",
            "security_group_id": "sg-047a311ccff68520a",
            "security_group_rule_id": "sgr-0b7fdf5dd0f1a1dd0",
            "self": false,
            "source_security_group_id": null,
            "timeouts": null,
            "to_port": 3002,
            "type": "ingress"
          },
          "sensitive_attributes": [],
          "private": "eyJlMmJmYjczMC1lY2FhLTExZTYtOGY4OC0zNDM2M2JjN2M0YzAiOnsiY3JlYXRlIjozMDAwMDAwMDAwMDB9LCJzY2hlbWFfdmVyc2lvbiI6IjIifQ==",
          "dependencies": [
            "module.service.aws_security_group.this",
            "module.service.data.aws_subnet.this"
          ]
        },
        {
          "index_key": "egress_all",
          "schema_version": 2,
          "attributes": {
            "cidr_blocks": [
              "0.0.0.0/0"
            ],
            "description": "",
            "from_port": 0,
            "id": "sgrule-1185689757",
            "ipv6_cidr_blocks": null,
            "prefix_list_ids": null,
            "protocol": "-1",
            "security_group_id": "sg-047a311ccff68520a",
            "security_group_rule_id": "sgr-0553a3c3c1c0bf1ef",
            "self": false,
            "source_security_group_id": null,
            "timeouts": null,
            "to_port": 0,
            "type": "egress"
          },
          "sensitive_attributes": [],
          "private": "eyJlMmJmYjczMC1lY2FhLTExZTYtOGY4OC0zNDM2M2JjN2M0YzAiOnsiY3JlYXRlIjozMDAwMDAwMDAwMDB9LCJzY2hlbWFfdmVyc2lvbiI6IjIifQ==",
          "dependencies": [
            "module.service.aws_security_group.this",
            "module.service.data.aws_subnet.this"
          ]
        }
      ]
    },
    {
      "module": "module.service[\"edutek\"].module.container_definition[\"first_backup_api\"]",
      "mode": "managed",
      "type": "aws_cloudwatch_log_group",
      "name": "this",
      "provider": "provider[\"registry.terraform.io/hashicorp/aws\"]",
      "instances": []
    },
    {
      "module": "module.service[\"edutek\"].module.container_definition[\"seccond_backup_api\"]",
      "mode": "data",
      "type": "aws_region",
      "name": "current",
      "provider": "provider[\"registry.terraform.io/hashicorp/aws\"]",
      "instances": [
        {
          "schema_version": 0,
          "attributes": {
            "description": "Asia Pacific (Tokyo)",
            "endpoint": "ec2.ap-northeast-1.amazonaws.com",
            "id": "ap-northeast-1",
            "name": "ap-northeast-1"
          },
          "sensitive_attributes": []
        }
      ]
    },
    {
      "module": "module.service[\"edutek\"].module.container_definition[\"seccond_backup_api\"]",
      "mode": "managed",
      "type": "aws_cloudwatch_log_group",
      "name": "this",
      "provider": "provider[\"registry.terraform.io/hashicorp/aws\"]",
      "instances": []
    },
    {
      "module": "module.service[\"ell\"]",
      "mode": "data",
      "type": "aws_caller_identity",
      "name": "current",
      "provider": "provider[\"registry.terraform.io/hashicorp/aws\"]",
      "instances": [
        {
          "schema_version": 0,
          "attributes": {
            "account_id": "058264176381",
            "arn": "arn:aws:iam::058264176381:user/hblab@dev",
            "id": "058264176381",
            "user_id": "AIDAQ3EGQY364DPHU7BWO"
          },
          "sensitive_attributes": []
        }
      ]
    },
    {
      "module": "module.service[\"ell\"]",
      "mode": "data",
      "type": "aws_ecs_task_definition",
      "name": "this",
      "provider": "provider[\"registry.terraform.io/hashicorp/aws\"]",
      "instances": [
        {
          "index_key": 0,
          "schema_version": 0,
          "attributes": {
            "arn": "arn:aws:ecs:ap-northeast-1:058264176381:task-definition/ell:2",
            "arn_without_revision": "arn:aws:ecs:ap-northeast-1:058264176381:task-definition/ell",
            "execution_role_arn": "arn:aws:iam::058264176381:role/ell-20240423032338281900000005",
            "family": "ell",
            "id": "arn:aws:ecs:ap-northeast-1:058264176381:task-definition/ell:2",
            "network_mode": "awsvpc",
            "revision": 2,
            "status": "ACTIVE",
            "task_definition": "ell",
            "task_role_arn": "arn:aws:iam::058264176381:role/ell-20240423032338277300000002"
          },
          "sensitive_attributes": []
        }
      ]
    },
    {
      "module": "module.service[\"ell\"]",
      "mode": "data",
      "type": "aws_iam_policy_document",
      "name": "service",
      "provider": "provider[\"registry.terraform.io/hashicorp/aws\"]",
      "instances": []
    },
    {
      "module": "module.service[\"ell\"]",
      "mode": "data",
      "type": "aws_iam_policy_document",
      "name": "service_assume",
      "provider": "provider[\"registry.terraform.io/hashicorp/aws\"]",
      "instances": []
    },
    {
      "module": "module.service[\"ell\"]",
      "mode": "data",
      "type": "aws_iam_policy_document",
      "name": "task_exec",
      "provider": "provider[\"registry.terraform.io/hashicorp/aws\"]",
      "instances": [
        {
          "index_key": 0,
          "schema_version": 0,
          "attributes": {
            "id": "1415633931",
            "json": "{\n  \"Version\": \"2012-10-17\",\n  \"Statement\": [\n    {\n      \"Sid\": \"Logs\",\n      \"Effect\": \"Allow\",\n      \"Action\": [\n        \"logs:PutLogEvents\",\n        \"logs:CreateLogStream\"\n      ],\n      \"Resource\": \"*\"\n    },\n    {\n      \"Sid\": \"ECR\",\n      \"Effect\": \"Allow\",\n      \"Action\": [\n        \"ecr:GetDownloadUrlForLayer\",\n        \"ecr:GetAuthorizationToken\",\n        \"ecr:BatchGetImage\",\n        \"ecr:BatchCheckLayerAvailability\"\n      ],\n      \"Resource\": \"*\"\n    },\n    {\n      \"Sid\": \"GetSSMParams\",\n      \"Effect\": \"Allow\",\n      \"Action\": \"ssm:GetParameters\",\n      \"Resource\": \"arn:aws:ssm:*:*:parameter/*\"\n    },\n    {\n      \"Sid\": \"GetSecrets\",\n      \"Effect\": \"Allow\",\n      \"Action\": \"secretsmanager:GetSecretValue\",\n      \"Resource\": \"arn:aws:secretsmanager:*:*:secret:*\"\n    }\n  ]\n}",
            "override_json": null,
            "override_policy_documents": null,
            "policy_id": null,
            "source_json": null,
            "source_policy_documents": null,
            "statement": [
              {
                "actions": [
                  "logs:CreateLogStream",
                  "logs:PutLogEvents"
                ],
                "condition": [],
                "effect": "Allow",
                "not_actions": [],
                "not_principals": [],
                "not_resources": [],
                "principals": [],
                "resources": [
                  "*"
                ],
                "sid": "Logs"
              },
              {
                "actions": [
                  "ecr:BatchCheckLayerAvailability",
                  "ecr:BatchGetImage",
                  "ecr:GetAuthorizationToken",
                  "ecr:GetDownloadUrlForLayer"
                ],
                "condition": [],
                "effect": "Allow",
                "not_actions": [],
                "not_principals": [],
                "not_resources": [],
                "principals": [],
                "resources": [
                  "*"
                ],
                "sid": "ECR"
              },
              {
                "actions": [
                  "ssm:GetParameters"
                ],
                "condition": [],
                "effect": "Allow",
                "not_actions": [],
                "not_principals": [],
                "not_resources": [],
                "principals": [],
                "resources": [
                  "arn:aws:ssm:*:*:parameter/*"
                ],
                "sid": "GetSSMParams"
              },
              {
                "actions": [
                  "secretsmanager:GetSecretValue"
                ],
                "condition": [],
                "effect": "Allow",
                "not_actions": [],
                "not_principals": [],
                "not_resources": [],
                "principals": [],
                "resources": [
                  "arn:aws:secretsmanager:*:*:secret:*"
                ],
                "sid": "GetSecrets"
              }
            ],
            "version": "2012-10-17"
          },
          "sensitive_attributes": []
        }
      ]
    },
    {
      "module": "module.service[\"ell\"]",
      "mode": "data",
      "type": "aws_iam_policy_document",
      "name": "task_exec_assume",
      "provider": "provider[\"registry.terraform.io/hashicorp/aws\"]",
      "instances": [
        {
          "index_key": 0,
          "schema_version": 0,
          "attributes": {
            "id": "2291109037",
            "json": "{\n  \"Version\": \"2012-10-17\",\n  \"Statement\": [\n    {\n      \"Sid\": \"ECSTaskExecutionAssumeRole\",\n      \"Effect\": \"Allow\",\n      \"Action\": \"sts:AssumeRole\",\n      \"Principal\": {\n        \"Service\": \"ecs-tasks.amazonaws.com\"\n      }\n    }\n  ]\n}",
            "override_json": null,
            "override_policy_documents": null,
            "policy_id": null,
            "source_json": null,
            "source_policy_documents": null,
            "statement": [
              {
                "actions": [
                  "sts:AssumeRole"
                ],
                "condition": [],
                "effect": "Allow",
                "not_actions": [],
                "not_principals": [],
                "not_resources": [],
                "principals": [
                  {
                    "identifiers": [
                      "ecs-tasks.amazonaws.com"
                    ],
                    "type": "Service"
                  }
                ],
                "resources": [],
                "sid": "ECSTaskExecutionAssumeRole"
              }
            ],
            "version": "2012-10-17"
          },
          "sensitive_attributes": []
        }
      ]
    },
    {
      "module": "module.service[\"ell\"]",
      "mode": "data",
      "type": "aws_iam_policy_document",
      "name": "tasks_assume",
      "provider": "provider[\"registry.terraform.io/hashicorp/aws\"]",
      "instances": [
        {
          "index_key": 0,
          "schema_version": 0,
          "attributes": {
            "id": "1295260426",
            "json": "{\n  \"Version\": \"2012-10-17\",\n  \"Statement\": [\n    {\n      \"Sid\": \"ECSTasksAssumeRole\",\n      \"Effect\": \"Allow\",\n      \"Action\": \"sts:AssumeRole\",\n      \"Principal\": {\n        \"Service\": \"ecs-tasks.amazonaws.com\"\n      },\n      \"Condition\": {\n        \"ArnLike\": {\n          \"aws:SourceArn\": \"arn:aws:ecs:ap-northeast-1:058264176381:*\"\n        },\n        \"StringEquals\": {\n          \"aws:SourceAccount\": \"058264176381\"\n        }\n      }\n    }\n  ]\n}",
            "override_json": null,
            "override_policy_documents": null,
            "policy_id": null,
            "source_json": null,
            "source_policy_documents": null,
            "statement": [
              {
                "actions": [
                  "sts:AssumeRole"
                ],
                "condition": [
                  {
                    "test": "ArnLike",
                    "values": [
                      "arn:aws:ecs:ap-northeast-1:058264176381:*"
                    ],
                    "variable": "aws:SourceArn"
                  },
                  {
                    "test": "StringEquals",
                    "values": [
                      "058264176381"
                    ],
                    "variable": "aws:SourceAccount"
                  }
                ],
                "effect": "Allow",
                "not_actions": [],
                "not_principals": [],
                "not_resources": [],
                "principals": [
                  {
                    "identifiers": [
                      "ecs-tasks.amazonaws.com"
                    ],
                    "type": "Service"
                  }
                ],
                "resources": [],
                "sid": "ECSTasksAssumeRole"
              }
            ],
            "version": "2012-10-17"
          },
          "sensitive_attributes": []
        }
      ]
    },
    {
      "module": "module.service[\"ell\"]",
      "mode": "data",
      "type": "aws_partition",
      "name": "current",
      "provider": "provider[\"registry.terraform.io/hashicorp/aws\"]",
      "instances": [
        {
          "schema_version": 0,
          "attributes": {
            "dns_suffix": "amazonaws.com",
            "id": "aws",
            "partition": "aws",
            "reverse_dns_prefix": "com.amazonaws"
          },
          "sensitive_attributes": []
        }
      ]
    },
    {
      "module": "module.service[\"ell\"]",
      "mode": "data",
      "type": "aws_region",
      "name": "current",
      "provider": "provider[\"registry.terraform.io/hashicorp/aws\"]",
      "instances": [
        {
          "schema_version": 0,
          "attributes": {
            "description": "Asia Pacific (Tokyo)",
            "endpoint": "ec2.ap-northeast-1.amazonaws.com",
            "id": "ap-northeast-1",
            "name": "ap-northeast-1"
          },
          "sensitive_attributes": []
        }
      ]
    },
    {
      "module": "module.service[\"ell\"]",
      "mode": "data",
      "type": "aws_subnet",
      "name": "this",
      "provider": "provider[\"registry.terraform.io/hashicorp/aws\"]",
      "instances": [
        {
          "index_key": 0,
          "schema_version": 0,
          "attributes": {
            "arn": "arn:aws:ec2:ap-northeast-1:058264176381:subnet/subnet-0acd1e0cbea8ceb58",
            "assign_ipv6_address_on_creation": false,
            "availability_zone": "ap-northeast-1a",
            "availability_zone_id": "apne1-az4",
            "available_ip_address_count": 247,
            "cidr_block": "10.0.1.0/24",
            "customer_owned_ipv4_pool": "",
            "default_for_az": false,
            "enable_dns64": false,
            "enable_lni_at_device_index": 0,
            "enable_resource_name_dns_a_record_on_launch": false,
            "enable_resource_name_dns_aaaa_record_on_launch": false,
            "filter": null,
            "id": "subnet-0acd1e0cbea8ceb58",
            "ipv6_cidr_block": "",
            "ipv6_cidr_block_association_id": "",
            "ipv6_native": false,
            "map_customer_owned_ip_on_launch": false,
            "map_public_ip_on_launch": false,
            "outpost_arn": "",
            "owner_id": "058264176381",
            "private_dns_hostname_type_on_launch": "ip-name",
            "state": "available",
            "tags": {
              "Name": "uat-extramile-private-ap-northeast-1a",
              "name": "extramile-uat",
              "project": "extramile",
              "terraform": "true"
            },
            "timeouts": null,
            "vpc_id": "vpc-012d83645192c8ce2"
          },
          "sensitive_attributes": []
        }
      ]
    },
    {
      "module": "module.service[\"ell\"]",
      "mode": "managed",
      "type": "aws_appautoscaling_policy",
      "name": "this",
      "provider": "provider[\"registry.terraform.io/hashicorp/aws\"]",
      "instances": [
        {
          "index_key": "cpu",
          "schema_version": 0,
          "attributes": {
            "alarm_arns": [
              "arn:aws:cloudwatch:ap-northeast-1:058264176381:alarm:TargetTracking-service/uat-metaverse-backup/ell-AlarmHigh-f252bd45-e121-4f64-bb56-3a0dcdce1412",
              "arn:aws:cloudwatch:ap-northeast-1:058264176381:alarm:TargetTracking-service/uat-metaverse-backup/ell-AlarmLow-d4346a0d-56ff-4a04-9082-4daa02a8b6fd"
            ],
            "arn": "arn:aws:autoscaling:ap-northeast-1:058264176381:scalingPolicy:0a3e2161-f951-44dc-95c6-a661330dba4b:resource/ecs/service/uat-metaverse-backup/ell:policyName/cpu",
            "id": "cpu",
            "name": "cpu",
            "policy_type": "TargetTrackingScaling",
            "resource_id": "service/uat-metaverse-backup/ell",
            "scalable_dimension": "ecs:service:DesiredCount",
            "service_namespace": "ecs",
            "step_scaling_policy_configuration": [],
            "target_tracking_scaling_policy_configuration": [
              {
                "customized_metric_specification": [],
                "disable_scale_in": false,
                "predefined_metric_specification": [
                  {
                    "predefined_metric_type": "ECSServiceAverageCPUUtilization",
                    "resource_label": ""
                  }
                ],
                "scale_in_cooldown": 300,
                "scale_out_cooldown": 60,
                "target_value": 75
              }
            ]
          },
          "sensitive_attributes": [],
          "private": "bnVsbA==",
          "dependencies": [
            "module.cluster.aws_cloudwatch_log_group.this",
            "module.cluster.aws_ecs_cluster.this",
            "module.service.aws_appautoscaling_target.this",
            "module.service.aws_ecs_service.ignore_task_definition",
            "module.service.aws_ecs_service.this",
            "module.service.aws_ecs_task_definition.this",
            "module.service.aws_iam_policy.service",
            "module.service.aws_iam_role.service",
            "module.service.aws_iam_role.task_exec",
            "module.service.aws_iam_role.tasks",
            "module.service.aws_iam_role_policy_attachment.service",
            "module.service.aws_security_group.this",
            "module.service.data.aws_caller_identity.current",
            "module.service.data.aws_ecs_task_definition.this",
            "module.service.data.aws_iam_policy_document.service",
            "module.service.data.aws_iam_policy_document.service_assume",
            "module.service.data.aws_iam_policy_document.task_exec_assume",
            "module.service.data.aws_iam_policy_document.tasks_assume",
            "module.service.data.aws_partition.current",
            "module.service.data.aws_region.current",
            "module.service.data.aws_subnet.this",
            "module.service.module.container_definition.aws_cloudwatch_log_group.this",
            "module.service.module.container_definition.data.aws_region.current"
          ]
        },
        {
          "index_key": "memory",
          "schema_version": 0,
          "attributes": {
            "alarm_arns": [
              "arn:aws:cloudwatch:ap-northeast-1:058264176381:alarm:TargetTracking-service/uat-metaverse-backup/ell-AlarmHigh-bf2979d4-da5c-4644-8ef5-6e21de1e25f8",
              "arn:aws:cloudwatch:ap-northeast-1:058264176381:alarm:TargetTracking-service/uat-metaverse-backup/ell-AlarmLow-53d8d5a7-803d-4cc6-8c49-daa95660b960"
            ],
            "arn": "arn:aws:autoscaling:ap-northeast-1:058264176381:scalingPolicy:0a3e2161-f951-44dc-95c6-a661330dba4b:resource/ecs/service/uat-metaverse-backup/ell:policyName/memory",
            "id": "memory",
            "name": "memory",
            "policy_type": "TargetTrackingScaling",
            "resource_id": "service/uat-metaverse-backup/ell",
            "scalable_dimension": "ecs:service:DesiredCount",
            "service_namespace": "ecs",
            "step_scaling_policy_configuration": [],
            "target_tracking_scaling_policy_configuration": [
              {
                "customized_metric_specification": [],
                "disable_scale_in": false,
                "predefined_metric_specification": [
                  {
                    "predefined_metric_type": "ECSServiceAverageMemoryUtilization",
                    "resource_label": ""
                  }
                ],
                "scale_in_cooldown": 300,
                "scale_out_cooldown": 60,
                "target_value": 75
              }
            ]
          },
          "sensitive_attributes": [],
          "private": "bnVsbA==",
          "dependencies": [
            "module.cluster.aws_cloudwatch_log_group.this",
            "module.cluster.aws_ecs_cluster.this",
            "module.service.aws_appautoscaling_target.this",
            "module.service.aws_ecs_service.ignore_task_definition",
            "module.service.aws_ecs_service.this",
            "module.service.aws_ecs_task_definition.this",
            "module.service.aws_iam_policy.service",
            "module.service.aws_iam_role.service",
            "module.service.aws_iam_role.task_exec",
            "module.service.aws_iam_role.tasks",
            "module.service.aws_iam_role_policy_attachment.service",
            "module.service.aws_security_group.this",
            "module.service.data.aws_caller_identity.current",
            "module.service.data.aws_ecs_task_definition.this",
            "module.service.data.aws_iam_policy_document.service",
            "module.service.data.aws_iam_policy_document.service_assume",
            "module.service.data.aws_iam_policy_document.task_exec_assume",
            "module.service.data.aws_iam_policy_document.tasks_assume",
            "module.service.data.aws_partition.current",
            "module.service.data.aws_region.current",
            "module.service.data.aws_subnet.this",
            "module.service.module.container_definition.aws_cloudwatch_log_group.this",
            "module.service.module.container_definition.data.aws_region.current"
          ]
        }
      ]
    },
    {
      "module": "module.service[\"ell\"]",
      "mode": "managed",
      "type": "aws_appautoscaling_scheduled_action",
      "name": "this",
      "provider": "provider[\"registry.terraform.io/hashicorp/aws\"]",
      "instances": []
    },
    {
      "module": "module.service[\"ell\"]",
      "mode": "managed",
      "type": "aws_appautoscaling_target",
      "name": "this",
      "provider": "provider[\"registry.terraform.io/hashicorp/aws\"]",
      "instances": [
        {
          "index_key": 0,
          "schema_version": 0,
          "attributes": {
            "arn": "arn:aws:application-autoscaling:ap-northeast-1:058264176381:scalable-target/0ec50a3e2161f95144dc95c6a661330dba4b",
            "id": "service/uat-metaverse-backup/ell",
            "max_capacity": 10,
            "min_capacity": 1,
            "resource_id": "service/uat-metaverse-backup/ell",
            "role_arn": "arn:aws:iam::058264176381:role/aws-service-role/ecs.application-autoscaling.amazonaws.com/AWSServiceRoleForApplicationAutoScaling_ECSService",
            "scalable_dimension": "ecs:service:DesiredCount",
            "service_namespace": "ecs",
            "tags": {
              "Environment": "Development",
              "Project": "Example"
            },
            "tags_all": {
              "Environment": "Development",
              "Project": "Example"
            }
          },
          "sensitive_attributes": [],
          "private": "bnVsbA==",
          "dependencies": [
            "module.cluster.aws_cloudwatch_log_group.this",
            "module.cluster.aws_ecs_cluster.this",
            "module.service.aws_ecs_service.ignore_task_definition",
            "module.service.aws_ecs_service.this",
            "module.service.aws_ecs_task_definition.this",
            "module.service.aws_iam_policy.service",
            "module.service.aws_iam_role.service",
            "module.service.aws_iam_role.task_exec",
            "module.service.aws_iam_role.tasks",
            "module.service.aws_iam_role_policy_attachment.service",
            "module.service.aws_security_group.this",
            "module.service.data.aws_caller_identity.current",
            "module.service.data.aws_ecs_task_definition.this",
            "module.service.data.aws_iam_policy_document.service",
            "module.service.data.aws_iam_policy_document.service_assume",
            "module.service.data.aws_iam_policy_document.task_exec_assume",
            "module.service.data.aws_iam_policy_document.tasks_assume",
            "module.service.data.aws_partition.current",
            "module.service.data.aws_region.current",
            "module.service.data.aws_subnet.this",
            "module.service.module.container_definition.aws_cloudwatch_log_group.this",
            "module.service.module.container_definition.data.aws_region.current"
          ]
        }
      ]
    },
    {
      "module": "module.service[\"ell\"]",
      "mode": "managed",
      "type": "aws_ecs_service",
      "name": "ignore_task_definition",
      "provider": "provider[\"registry.terraform.io/hashicorp/aws\"]",
      "instances": []
    },
    {
      "module": "module.service[\"ell\"]",
      "mode": "managed",
      "type": "aws_ecs_service",
      "name": "this",
      "provider": "provider[\"registry.terraform.io/hashicorp/aws\"]",
      "instances": [
        {
          "index_key": 0,
          "schema_version": 0,
          "attributes": {
            "alarms": [],
            "capacity_provider_strategy": [],
            "cluster": "arn:aws:ecs:ap-northeast-1:058264176381:cluster/uat-metaverse-backup",
            "deployment_circuit_breaker": [
              {
                "enable": false,
                "rollback": false
              }
            ],
            "deployment_controller": [
              {
                "type": "ECS"
              }
            ],
            "deployment_maximum_percent": 200,
            "deployment_minimum_healthy_percent": 66,
            "desired_count": 1,
            "enable_ecs_managed_tags": true,
            "enable_execute_command": false,
            "force_new_deployment": true,
            "health_check_grace_period_seconds": 0,
            "iam_role": "/aws-service-role/ecs.amazonaws.com/AWSServiceRoleForECS",
            "id": "arn:aws:ecs:ap-northeast-1:058264176381:service/uat-metaverse-backup/ell",
            "launch_type": "FARGATE",
            "load_balancer": [
              {
                "container_name": "first_backup_api",
                "container_port": 3001,
                "elb_name": "",
                "target_group_arn": "arn:aws:elasticloadbalancing:ap-northeast-1:058264176381:targetgroup/uat-ell-backup-server/8445ba1fa8bd68be"
              }
            ],
            "name": "ell",
            "network_configuration": [
              {
                "assign_public_ip": false,
                "security_groups": [
                  "sg-03fcb5233807af493"
                ],
                "subnets": [
                  "subnet-0acd1e0cbea8ceb58",
                  "subnet-0e996efdbf6b8f322"
                ]
              }
            ],
            "ordered_placement_strategy": [],
            "placement_constraints": [],
            "platform_version": "LATEST",
            "propagate_tags": "NONE",
            "scheduling_strategy": "REPLICA",
            "service_connect_configuration": [],
            "service_registries": [],
            "tags": {
              "Environment": "Development",
              "Project": "Example"
            },
            "tags_all": {
              "Environment": "Development",
              "Project": "Example"
            },
            "task_definition": "ell:2",
            "timeouts": {
              "create": null,
              "delete": null,
              "update": null
            },
            "triggers": {},
            "wait_for_steady_state": false
          },
          "sensitive_attributes": [],
          "private": "eyJlMmJmYjczMC1lY2FhLTExZTYtOGY4OC0zNDM2M2JjN2M0YzAiOnsiY3JlYXRlIjoxMjAwMDAwMDAwMDAwLCJkZWxldGUiOjEyMDAwMDAwMDAwMDAsInVwZGF0ZSI6MTIwMDAwMDAwMDAwMH19",
          "dependencies": [
            "module.cluster.aws_cloudwatch_log_group.this",
            "module.cluster.aws_ecs_cluster.this",
            "module.service.aws_ecs_task_definition.this",
            "module.service.aws_iam_policy.service",
            "module.service.aws_iam_role.service",
            "module.service.aws_iam_role.task_exec",
            "module.service.aws_iam_role.tasks",
            "module.service.aws_iam_role_policy_attachment.service",
            "module.service.aws_security_group.this",
            "module.service.data.aws_caller_identity.current",
            "module.service.data.aws_ecs_task_definition.this",
            "module.service.data.aws_iam_policy_document.service",
            "module.service.data.aws_iam_policy_document.service_assume",
            "module.service.data.aws_iam_policy_document.task_exec_assume",
            "module.service.data.aws_iam_policy_document.tasks_assume",
            "module.service.data.aws_partition.current",
            "module.service.data.aws_region.current",
            "module.service.data.aws_subnet.this",
            "module.service.module.container_definition.aws_cloudwatch_log_group.this",
            "module.service.module.container_definition.data.aws_region.current"
          ]
        }
      ]
    },
    {
      "module": "module.service[\"ell\"]",
      "mode": "managed",
      "type": "aws_ecs_task_definition",
      "name": "this",
      "provider": "provider[\"registry.terraform.io/hashicorp/aws\"]",
      "instances": [
        {
          "index_key": 0,
          "schema_version": 1,
          "attributes": {
            "arn": "arn:aws:ecs:ap-northeast-1:058264176381:task-definition/ell:2",
            "arn_without_revision": "arn:aws:ecs:ap-northeast-1:058264176381:task-definition/ell",
            "container_definitions": "[{\"cpu\":1024,\"environment\":[],\"essential\":true,\"image\":\"058264176381.dkr.ecr.ap-northeast-1.amazonaws.com/uat-extramile-repo:1\",\"interactive\":false,\"linuxParameters\":{\"initProcessEnabled\":false},\"memory\":2048,\"mountPoints\":[],\"name\":\"first_backup_api\",\"portMappings\":[{\"containerPort\":3001,\"hostPort\":3001,\"name\":\"backup-api\",\"protocol\":\"tcp\"}],\"privileged\":false,\"pseudoTerminal\":false,\"readonlyRootFilesystem\":false,\"startTimeout\":30,\"stopTimeout\":120,\"systemControls\":[],\"user\":\"0\",\"volumesFrom\":[]}]",
            "cpu": "1024",
            "ephemeral_storage": [],
            "execution_role_arn": "arn:aws:iam::058264176381:role/ell-20240423032338281900000005",
            "family": "ell",
            "id": "ell",
            "inference_accelerator": [],
            "ipc_mode": "",
            "memory": "2048",
            "network_mode": "awsvpc",
            "pid_mode": "",
            "placement_constraints": [],
            "proxy_configuration": [],
            "requires_compatibilities": [
              "FARGATE"
            ],
            "revision": 2,
            "runtime_platform": [
              {
                "cpu_architecture": "X86_64",
                "operating_system_family": "LINUX"
              }
            ],
            "skip_destroy": false,
            "tags": {
              "Environment": "Development",
              "Project": "Example"
            },
            "tags_all": {
              "Environment": "Development",
              "Project": "Example"
            },
            "task_role_arn": "arn:aws:iam::058264176381:role/ell-20240423032338277300000002",
            "track_latest": false,
            "volume": []
          },
          "sensitive_attributes": [],
          "private": "eyJzY2hlbWFfdmVyc2lvbiI6IjEifQ==",
          "dependencies": [
            "module.service.aws_iam_role.task_exec",
            "module.service.aws_iam_role.tasks",
            "module.service.data.aws_caller_identity.current",
            "module.service.data.aws_iam_policy_document.task_exec_assume",
            "module.service.data.aws_iam_policy_document.tasks_assume",
            "module.service.data.aws_partition.current",
            "module.service.data.aws_region.current",
            "module.service.module.container_definition.aws_cloudwatch_log_group.this",
            "module.service.module.container_definition.data.aws_region.current"
          ],
          "create_before_destroy": true
        }
      ]
    },
    {
      "module": "module.service[\"ell\"]",
      "mode": "managed",
      "type": "aws_ecs_task_set",
      "name": "ignore_task_definition",
      "provider": "provider[\"registry.terraform.io/hashicorp/aws\"]",
      "instances": []
    },
    {
      "module": "module.service[\"ell\"]",
      "mode": "managed",
      "type": "aws_ecs_task_set",
      "name": "this",
      "provider": "provider[\"registry.terraform.io/hashicorp/aws\"]",
      "instances": []
    },
    {
      "module": "module.service[\"ell\"]",
      "mode": "managed",
      "type": "aws_iam_policy",
      "name": "service",
      "provider": "provider[\"registry.terraform.io/hashicorp/aws\"]",
      "instances": []
    },
    {
      "module": "module.service[\"ell\"]",
      "mode": "managed",
      "type": "aws_iam_policy",
      "name": "task_exec",
      "provider": "provider[\"registry.terraform.io/hashicorp/aws\"]",
      "instances": [
        {
          "index_key": 0,
          "schema_version": 0,
          "attributes": {
            "arn": "arn:aws:iam::058264176381:policy/ell-20240423032338862600000007",
            "description": "Task execution role IAM policy",
            "id": "arn:aws:iam::058264176381:policy/ell-20240423032338862600000007",
            "name": "ell-20240423032338862600000007",
            "name_prefix": "ell-",
            "path": "/",
            "policy": "{\"Statement\":[{\"Action\":[\"logs:PutLogEvents\",\"logs:CreateLogStream\"],\"Effect\":\"Allow\",\"Resource\":\"*\",\"Sid\":\"Logs\"},{\"Action\":[\"ecr:GetDownloadUrlForLayer\",\"ecr:GetAuthorizationToken\",\"ecr:BatchGetImage\",\"ecr:BatchCheckLayerAvailability\"],\"Effect\":\"Allow\",\"Resource\":\"*\",\"Sid\":\"ECR\"},{\"Action\":\"ssm:GetParameters\",\"Effect\":\"Allow\",\"Resource\":\"arn:aws:ssm:*:*:parameter/*\",\"Sid\":\"GetSSMParams\"},{\"Action\":\"secretsmanager:GetSecretValue\",\"Effect\":\"Allow\",\"Resource\":\"arn:aws:secretsmanager:*:*:secret:*\",\"Sid\":\"GetSecrets\"}],\"Version\":\"2012-10-17\"}",
            "policy_id": "ANPAQ3EGQY36ZKWUVGAQ4",
            "tags": {
              "Environment": "Development",
              "Project": "Example"
            },
            "tags_all": {
              "Environment": "Development",
              "Project": "Example"
            }
          },
          "sensitive_attributes": [],
          "private": "bnVsbA==",
          "dependencies": [
            "module.service.data.aws_iam_policy_document.task_exec"
          ]
        }
      ]
    },
    {
      "module": "module.service[\"ell\"]",
      "mode": "managed",
      "type": "aws_iam_role",
      "name": "service",
      "provider": "provider[\"registry.terraform.io/hashicorp/aws\"]",
      "instances": []
    },
    {
      "module": "module.service[\"ell\"]",
      "mode": "managed",
      "type": "aws_iam_role",
      "name": "task_exec",
      "provider": "provider[\"registry.terraform.io/hashicorp/aws\"]",
      "instances": [
        {
          "index_key": 0,
          "schema_version": 0,
          "attributes": {
            "arn": "arn:aws:iam::058264176381:role/ell-20240423032338281900000005",
            "assume_role_policy": "{\"Statement\":[{\"Action\":\"sts:AssumeRole\",\"Effect\":\"Allow\",\"Principal\":{\"Service\":\"ecs-tasks.amazonaws.com\"},\"Sid\":\"ECSTaskExecutionAssumeRole\"}],\"Version\":\"2012-10-17\"}",
            "create_date": "2024-04-23T03:23:39Z",
            "description": "Task execution role for ell",
            "force_detach_policies": true,
            "id": "ell-20240423032338281900000005",
            "inline_policy": [],
            "managed_policy_arns": [
              "arn:aws:iam::058264176381:policy/ell-20240423032338862600000007"
            ],
            "max_session_duration": 3600,
            "name": "ell-20240423032338281900000005",
            "name_prefix": "ell-",
            "path": "/",
            "permissions_boundary": "",
            "tags": {
              "Environment": "Development",
              "Project": "Example"
            },
            "tags_all": {
              "Environment": "Development",
              "Project": "Example"
            },
            "unique_id": "AROAQ3EGQY36Q5HNO4YZZ"
          },
          "sensitive_attributes": [],
          "private": "bnVsbA==",
          "dependencies": [
            "module.service.data.aws_iam_policy_document.task_exec_assume"
          ],
          "create_before_destroy": true
        }
      ]
    },
    {
      "module": "module.service[\"ell\"]",
      "mode": "managed",
      "type": "aws_iam_role",
      "name": "tasks",
      "provider": "provider[\"registry.terraform.io/hashicorp/aws\"]",
      "instances": [
        {
          "index_key": 0,
          "schema_version": 0,
          "attributes": {
            "arn": "arn:aws:iam::058264176381:role/ell-20240423032338277300000002",
            "assume_role_policy": "{\"Statement\":[{\"Action\":\"sts:AssumeRole\",\"Condition\":{\"ArnLike\":{\"aws:SourceArn\":\"arn:aws:ecs:ap-northeast-1:058264176381:*\"},\"StringEquals\":{\"aws:SourceAccount\":\"058264176381\"}},\"Effect\":\"Allow\",\"Principal\":{\"Service\":\"ecs-tasks.amazonaws.com\"},\"Sid\":\"ECSTasksAssumeRole\"}],\"Version\":\"2012-10-17\"}",
            "create_date": "2024-04-23T03:23:39Z",
            "description": "",
            "force_detach_policies": true,
            "id": "ell-20240423032338277300000002",
            "inline_policy": [],
            "managed_policy_arns": [],
            "max_session_duration": 3600,
            "name": "ell-20240423032338277300000002",
            "name_prefix": "ell-",
            "path": "/",
            "permissions_boundary": "",
            "tags": {
              "Environment": "Development",
              "Project": "Example"
            },
            "tags_all": {
              "Environment": "Development",
              "Project": "Example"
            },
            "unique_id": "AROAQ3EGQY36WZZA7M6PP"
          },
          "sensitive_attributes": [],
          "private": "bnVsbA==",
          "dependencies": [
            "module.service.data.aws_caller_identity.current",
            "module.service.data.aws_iam_policy_document.tasks_assume",
            "module.service.data.aws_partition.current",
            "module.service.data.aws_region.current"
          ],
          "create_before_destroy": true
        }
      ]
    },
    {
      "module": "module.service[\"ell\"]",
      "mode": "managed",
      "type": "aws_iam_role_policy_attachment",
      "name": "service",
      "provider": "provider[\"registry.terraform.io/hashicorp/aws\"]",
      "instances": []
    },
    {
      "module": "module.service[\"ell\"]",
      "mode": "managed",
      "type": "aws_iam_role_policy_attachment",
      "name": "task_exec",
      "provider": "provider[\"registry.terraform.io/hashicorp/aws\"]",
      "instances": [
        {
          "index_key": 0,
          "schema_version": 0,
          "attributes": {
            "id": "ell-20240423032338281900000005-2024042303234076580000000a",
            "policy_arn": "arn:aws:iam::058264176381:policy/ell-20240423032338862600000007",
            "role": "ell-20240423032338281900000005"
          },
          "sensitive_attributes": [],
          "private": "bnVsbA==",
          "dependencies": [
            "module.service.aws_iam_policy.task_exec",
            "module.service.aws_iam_role.task_exec",
            "module.service.data.aws_iam_policy_document.task_exec",
            "module.service.data.aws_iam_policy_document.task_exec_assume"
          ]
        }
      ]
    },
    {
      "module": "module.service[\"ell\"]",
      "mode": "managed",
      "type": "aws_security_group",
      "name": "this",
      "provider": "provider[\"registry.terraform.io/hashicorp/aws\"]",
      "instances": [
        {
          "index_key": 0,
          "schema_version": 1,
          "attributes": {
            "arn": "arn:aws:ec2:ap-northeast-1:058264176381:security-group/sg-03fcb5233807af493",
            "description": "Managed by Terraform",
            "egress": [
              {
                "cidr_blocks": [
                  "0.0.0.0/0"
                ],
                "description": "",
                "from_port": 0,
                "ipv6_cidr_blocks": [],
                "prefix_list_ids": [],
                "protocol": "-1",
                "security_groups": [],
                "self": false,
                "to_port": 0
              }
            ],
            "id": "sg-03fcb5233807af493",
            "ingress": [
              {
                "cidr_blocks": [
                  "0.0.0.0/0"
                ],
                "description": "Service port",
                "from_port": 3001,
                "ipv6_cidr_blocks": [],
                "prefix_list_ids": [],
                "protocol": "tcp",
                "security_groups": [],
                "self": false,
                "to_port": 3002
              }
            ],
            "name": "ell-20240423032338281000000004",
            "name_prefix": "ell-",
            "owner_id": "058264176381",
            "revoke_rules_on_delete": false,
            "tags": {
              "Environment": "Development",
              "Name": "ell",
              "Project": "Example"
            },
            "tags_all": {
              "Environment": "Development",
              "Name": "ell",
              "Project": "Example"
            },
            "timeouts": null,
            "vpc_id": "vpc-012d83645192c8ce2"
          },
          "sensitive_attributes": [],
          "private": "eyJlMmJmYjczMC1lY2FhLTExZTYtOGY4OC0zNDM2M2JjN2M0YzAiOnsiY3JlYXRlIjo2MDAwMDAwMDAwMDAsImRlbGV0ZSI6OTAwMDAwMDAwMDAwfSwic2NoZW1hX3ZlcnNpb24iOiIxIn0=",
          "dependencies": [
            "module.service.data.aws_subnet.this"
          ],
          "create_before_destroy": true
        }
      ]
    },
    {
      "module": "module.service[\"ell\"]",
      "mode": "managed",
      "type": "aws_security_group_rule",
      "name": "this",
      "provider": "provider[\"registry.terraform.io/hashicorp/aws\"]",
      "instances": [
        {
          "index_key": "alb_ingress_3001",
          "schema_version": 2,
          "attributes": {
            "cidr_blocks": [
              "0.0.0.0/0"
            ],
            "description": "Service port",
            "from_port": 3001,
            "id": "sgrule-3625687223",
            "ipv6_cidr_blocks": null,
            "prefix_list_ids": null,
            "protocol": "tcp",
            "security_group_id": "sg-03fcb5233807af493",
            "security_group_rule_id": "sgr-03236ad8f2fae9128",
            "self": false,
            "source_security_group_id": null,
            "timeouts": null,
            "to_port": 3002,
            "type": "ingress"
          },
          "sensitive_attributes": [],
          "private": "eyJlMmJmYjczMC1lY2FhLTExZTYtOGY4OC0zNDM2M2JjN2M0YzAiOnsiY3JlYXRlIjozMDAwMDAwMDAwMDB9LCJzY2hlbWFfdmVyc2lvbiI6IjIifQ==",
          "dependencies": [
            "module.service.aws_security_group.this",
            "module.service.data.aws_subnet.this"
          ]
        },
        {
          "index_key": "egress_all",
          "schema_version": 2,
          "attributes": {
            "cidr_blocks": [
              "0.0.0.0/0"
            ],
            "description": "",
            "from_port": 0,
            "id": "sgrule-3285621309",
            "ipv6_cidr_blocks": null,
            "prefix_list_ids": null,
            "protocol": "-1",
            "security_group_id": "sg-03fcb5233807af493",
            "security_group_rule_id": "sgr-0aaa9b2145cbb9621",
            "self": false,
            "source_security_group_id": null,
            "timeouts": null,
            "to_port": 0,
            "type": "egress"
          },
          "sensitive_attributes": [],
          "private": "eyJlMmJmYjczMC1lY2FhLTExZTYtOGY4OC0zNDM2M2JjN2M0YzAiOnsiY3JlYXRlIjozMDAwMDAwMDAwMDB9LCJzY2hlbWFfdmVyc2lvbiI6IjIifQ==",
          "dependencies": [
            "module.service.aws_security_group.this",
            "module.service.data.aws_subnet.this"
          ]
        }
      ]
    },
    {
      "module": "module.service[\"ell\"].module.container_definition[\"ell\"]",
      "mode": "managed",
      "type": "aws_cloudwatch_log_group",
      "name": "this",
      "provider": "provider[\"registry.terraform.io/hashicorp/aws\"]",
      "instances": []
    },
    {
      "module": "module.service[\"ell\"].module.container_definition[\"first_backup_api\"]",
      "mode": "data",
      "type": "aws_region",
      "name": "current",
      "provider": "provider[\"registry.terraform.io/hashicorp/aws\"]",
      "instances": [
        {
          "schema_version": 0,
          "attributes": {
            "description": "Asia Pacific (Tokyo)",
            "endpoint": "ec2.ap-northeast-1.amazonaws.com",
            "id": "ap-northeast-1",
            "name": "ap-northeast-1"
          },
          "sensitive_attributes": []
        }
      ]
    },
    {
      "module": "module.service[\"ell\"].module.container_definition[\"first_backup_api\"]",
      "mode": "managed",
      "type": "aws_cloudwatch_log_group",
      "name": "this",
      "provider": "provider[\"registry.terraform.io/hashicorp/aws\"]",
      "instances": []
    },
    {
      "module": "module.service[\"extramile\"]",
      "mode": "managed",
      "type": "aws_iam_policy",
      "name": "task_exec",
      "provider": "provider[\"registry.terraform.io/hashicorp/aws\"]",
      "instances": [
        {
          "index_key": 0,
          "schema_version": 0,
          "attributes": {
            "arn": "arn:aws:iam::058264176381:policy/extramile-20240422085538140300000003",
            "description": "Task execution role IAM policy",
            "id": "arn:aws:iam::058264176381:policy/extramile-20240422085538140300000003",
            "name": "extramile-20240422085538140300000003",
            "name_prefix": "extramile-",
            "path": "/",
            "policy": "{\"Statement\":[{\"Action\":[\"logs:PutLogEvents\",\"logs:CreateLogStream\"],\"Effect\":\"Allow\",\"Resource\":\"*\",\"Sid\":\"Logs\"},{\"Action\":[\"ecr:GetDownloadUrlForLayer\",\"ecr:GetAuthorizationToken\",\"ecr:BatchGetImage\",\"ecr:BatchCheckLayerAvailability\"],\"Effect\":\"Allow\",\"Resource\":\"*\",\"Sid\":\"ECR\"},{\"Action\":\"ssm:GetParameters\",\"Effect\":\"Allow\",\"Resource\":\"arn:aws:ssm:*:*:parameter/*\",\"Sid\":\"GetSSMParams\"},{\"Action\":\"secretsmanager:GetSecretValue\",\"Effect\":\"Allow\",\"Resource\":\"arn:aws:secretsmanager:*:*:secret:*\",\"Sid\":\"GetSecrets\"}],\"Version\":\"2012-10-17\"}",
            "policy_id": "ANPAQ3EGQY36SM2C5EZJL",
            "tags": {
              "Environment": "Development",
              "Project": "Example"
            },
            "tags_all": {
              "Environment": "Development",
              "Project": "Example"
            }
          },
          "sensitive_attributes": [],
          "private": "bnVsbA==",
          "dependencies": [
            "module.service.data.aws_iam_policy_document.task_exec"
          ]
        }
      ]
    }
  ],
  "check_results": null
}
