{
  "version": 4,
  "terraform_version": "1.6.6",
  "serial": 2,
  "lineage": "8908218f-442d-6d4c-00f2-147619b7f8ba",
  "outputs": {
    "route53_static_zone_name": {
      "value": {
        "extramile.hblab.dev": "extramile.hblab.dev"
      },
      "type": [
        "object",
        {
          "extramile.hblab.dev": "string"
        }
      ]
    },
    "route53_zone_name": {
      "value": {
        "extramile.hblab.dev": "extramile.hblab.dev"
      },
      "type": [
        "object",
        {
          "extramile.hblab.dev": "string"
        }
      ]
    },
    "route53_zone_name_servers": {
      "value": {
        "extramile.hblab.dev": [
          "ns-1242.awsdns-27.org",
          "ns-1995.awsdns-57.co.uk",
          "ns-390.awsdns-48.com",
          "ns-916.awsdns-50.net"
        ]
      },
      "type": [
        "object",
        {
          "extramile.hblab.dev": [
            "list",
            "string"
          ]
        }
      ]
    },
    "route53_zone_zone_arn": {
      "value": {
        "extramile.hblab.dev": "arn:aws:route53:::hostedzone/Z065665818E6VGNWYD7I5"
      },
      "type": [
        "object",
        {
          "extramile.hblab.dev": "string"
        }
      ]
    },
    "route53_zone_zone_id": {
      "value": {
        "extramile.hblab.dev": "Z065665818E6VGNWYD7I5"
      },
      "type": [
        "object",
        {
          "extramile.hblab.dev": "string"
        }
      ]
    }
  },
  "resources": [
    {
      "mode": "managed",
      "type": "aws_route53_zone",
      "name": "this",
      "provider": "provider[\"registry.terraform.io/hashicorp/aws\"]",
      "instances": [
        {
          "index_key": "extramile.hblab.dev",
          "schema_version": 0,
          "attributes": {
            "arn": "arn:aws:route53:::hostedzone/Z065665818E6VGNWYD7I5",
            "comment": "Public Domain of extramile",
            "delegation_set_id": "",
            "force_destroy": false,
            "id": "Z065665818E6VGNWYD7I5",
            "name": "extramile.hblab.dev",
            "name_servers": [
              "ns-1242.awsdns-27.org",
              "ns-1995.awsdns-57.co.uk",
              "ns-390.awsdns-48.com",
              "ns-916.awsdns-50.net"
            ],
            "primary_name_server": "ns-1995.awsdns-57.co.uk",
            "tags": {
              "Env": "uat",
              "Name": "extramile.hblab.dev",
              "Project": "extramile"
            },
            "tags_all": {
              "Env": "uat",
              "Name": "extramile.hblab.dev",
              "Project": "extramile"
            },
            "vpc": [],
            "zone_id": "Z065665818E6VGNWYD7I5"
          },
          "sensitive_attributes": [],
          "private": "bnVsbA=="
        }
      ]
    }
  ],
  "check_results": null
}
